// !$*UTF8*$!
{
	archiveVersion = 1;
	classes = {
	};
	objectVersion = 46;
	objects = {

/* Begin PBXBuildFile section */
		5EDC103DDFB79589A72FDDCD /* YellowColorV.png in Resources */ = {isa = PBXBuildFile; fileRef = 5EDC1F05B6643F2C20A18CAD /* YellowColorV.png */; };
		5EDC112FC1AE3DABD926482B /* DelegateContainer.m in Sources */ = {isa = PBXBuildFile; fileRef = 5EDC1B4EC5B2F181F6F01041 /* DelegateContainer.m */; };
		5EDC116F8B1AFD760582B6BD /* SceneBase.m in Sources */ = {isa = PBXBuildFile; fileRef = 5EDC141EB95ABD84B78382A6 /* SceneBase.m */; };
		5EDC1171CDC326E974565074 /* bombPurple.png in Resources */ = {isa = PBXBuildFile; fileRef = 5EDC18ED74EC87FD2C2F81DC /* bombPurple.png */; };
		5EDC11C2FABA8B07D27FBE2D /* greenColor.png in Resources */ = {isa = PBXBuildFile; fileRef = 5EDC1F2B2951E894F59678EE /* greenColor.png */; };
		5EDC12119AB18E616BFA0C69 /* purpleColor.png in Resources */ = {isa = PBXBuildFile; fileRef = 5EDC175698D0913D5E231240 /* purpleColor.png */; };
		5EDC1223D9F4B2F03C5A5489 /* greenColorV.png in Resources */ = {isa = PBXBuildFile; fileRef = 5EDC103F6C7317F0FC8A2CB8 /* greenColorV.png */; };
		5EDC1300E27DFBA35C3A9E28 /* redLinesV.png in Resources */ = {isa = PBXBuildFile; fileRef = 5EDC1D9BD3AE236C2EAC591C /* redLinesV.png */; };
		5EDC140B2E5CB4BF2D0E6343 /* PauseView.m in Sources */ = {isa = PBXBuildFile; fileRef = 5EDC1C3E616AC3EFAB37850B /* PauseView.m */; };
		5EDC1410B6098BF11ADC5030 /* ConstantsStatic.m in Sources */ = {isa = PBXBuildFile; fileRef = 5EDC18001983888962D6A852 /* ConstantsStatic.m */; };
		5EDC141AED85AE12B1FB5020 /* SharedDeviceHelper.m in Sources */ = {isa = PBXBuildFile; fileRef = 5EDC11917FC433923C09A47D /* SharedDeviceHelper.m */; };
		5EDC1456D03131C70B8EFC09 /* greenLinesV.png in Resources */ = {isa = PBXBuildFile; fileRef = 5EDC1650657E60E6C6BCC1E0 /* greenLinesV.png */; };
		5EDC152C4684BDAC43BD43F1 /* bombGreen.png in Resources */ = {isa = PBXBuildFile; fileRef = 5EDC1C81F69C027C94E9AEB6 /* bombGreen.png */; };
		5EDC153C670C198E3B14D3A8 /* CandyView.m in Sources */ = {isa = PBXBuildFile; fileRef = 5EDC1B04E91ACF8DB1E067B5 /* CandyView.m */; };
		5EDC157C3926C62A814AE5E1 /* exit.png in Resources */ = {isa = PBXBuildFile; fileRef = 5EDC13DD3B99936951F4ACBB /* exit.png */; };
		5EDC15A42415B243AFE2EC08 /* redLines.png in Resources */ = {isa = PBXBuildFile; fileRef = 5EDC1A60FFAD8AD1664C0A31 /* redLines.png */; };
		5EDC164383D4877CA5F8EC27 /* _test.mp3 in Resources */ = {isa = PBXBuildFile; fileRef = 5EDC16331EB158D45EDB3F15 /* _test.mp3 */; };
		5EDC1675D9D53D495278040B /* purpleLinesV.png in Resources */ = {isa = PBXBuildFile; fileRef = 5EDC17CD68F7EE1E43A98DD4 /* purpleLinesV.png */; };
		5EDC16BC6070AA50B47AAC39 /* blueColorV.png in Resources */ = {isa = PBXBuildFile; fileRef = 5EDC1FCA3C7E5A7899986FA0 /* blueColorV.png */; };
		5EDC16EBA7C38F1E53381C88 /* bombOrange.png in Resources */ = {isa = PBXBuildFile; fileRef = 5EDC1591DD3B270AB05309E3 /* bombOrange.png */; };
		5EDC1751BDE6EC131E8DB268 /* yellowLinesV.png in Resources */ = {isa = PBXBuildFile; fileRef = 5EDC15D109E92DB980D24A29 /* yellowLinesV.png */; };
		5EDC17A2ACF04110972A5457 /* orangeColor.png in Resources */ = {isa = PBXBuildFile; fileRef = 5EDC15D12AF0AA5FDFDB9A46 /* orangeColor.png */; };
		5EDC18711125E480B02B21CC /* bombRed.png in Resources */ = {isa = PBXBuildFile; fileRef = 5EDC146C232A129472C16C6F /* bombRed.png */; };
		5EDC1877C00AE8847C618079 /* SharedHighScoreManager.m in Sources */ = {isa = PBXBuildFile; fileRef = 5EDC127C760C8ABAB1AE14BA /* SharedHighScoreManager.m */; };
		5EDC18AE202535D5ED1A04AC /* background.mp3 in Resources */ = {isa = PBXBuildFile; fileRef = 5EDC106CD3A9EB24AB60C63E /* background.mp3 */; };
		5EDC194F92EA8FA049EABA66 /* backgroundImage.png in Resources */ = {isa = PBXBuildFile; fileRef = 5EDC1938625980D40DF429EE /* backgroundImage.png */; };
		5EDC197C9CC949A480BC2FD2 /* yellowColor.png in Resources */ = {isa = PBXBuildFile; fileRef = 5EDC129913949F99E105204B /* yellowColor.png */; };
		5EDC1A011E2B4437D57AB9B9 /* YellowLines.png in Resources */ = {isa = PBXBuildFile; fileRef = 5EDC1B091C0737005B9799C4 /* YellowLines.png */; };
		5EDC1A4219AC190BBAFB1509 /* greenLines.png in Resources */ = {isa = PBXBuildFile; fileRef = 5EDC1FFD2C7AD087E778D440 /* greenLines.png */; };
		5EDC1A8CBE28866813CAED48 /* redColor.png in Resources */ = {isa = PBXBuildFile; fileRef = 5EDC14A7EC248DC27329B6E8 /* redColor.png */; };
		5EDC1AFAFAA298C53866748B /* musicOff.png in Resources */ = {isa = PBXBuildFile; fileRef = 5EDC116A72DA97786782C480 /* musicOff.png */; };
		5EDC1B8BF8846568662FFA0A /* ResourceManager.m in Sources */ = {isa = PBXBuildFile; fileRef = 5EDC1CDF03CFEBDDD322141D /* ResourceManager.m */; };
		5EDC1B99F72A2C5ECBEAAB0C /* musicOn.png in Resources */ = {isa = PBXBuildFile; fileRef = 5EDC14DBE9C7E8085E006983 /* musicOn.png */; };
		5EDC1C07EC18380DE18CEF88 /* blueLines.png in Resources */ = {isa = PBXBuildFile; fileRef = 5EDC17ED46889E4F14B34F6B /* blueLines.png */; };
		5EDC1C9A4F3959E2DBCF3B8E /* orangeLines.png in Resources */ = {isa = PBXBuildFile; fileRef = 5EDC1C264BE36EC45E7A0551 /* orangeLines.png */; };
		5EDC1CA7FD7C9CFB233E3FA0 /* pause.png in Resources */ = {isa = PBXBuildFile; fileRef = 5EDC1897734C17C9DC9169FD /* pause.png */; };
		5EDC1CE1F0D7FADB6F61739C /* blueLinesV.png in Resources */ = {isa = PBXBuildFile; fileRef = 5EDC1E6ABB4489991518212C /* blueLinesV.png */; };
		5EDC1D0A548703D3EBC62949 /* CCButton.m in Sources */ = {isa = PBXBuildFile; fileRef = 5EDC1D53F6542180CA7E3B79 /* CCButton.m */; };
		5EDC1D238067277CE8A54D2A /* bombBlue.png in Resources */ = {isa = PBXBuildFile; fileRef = 5EDC11F49108027641E7AEBA /* bombBlue.png */; };
		5EDC1D9353B66D87EEF12617 /* orangeLinesV.png in Resources */ = {isa = PBXBuildFile; fileRef = 5EDC1FB749400FC515A275EA /* orangeLinesV.png */; };
		5EDC1D9DA8BACBD9901B5DCF /* purpleLines.png in Resources */ = {isa = PBXBuildFile; fileRef = 5EDC1F80B8505E71D1F870BE /* purpleLines.png */; };
		5EDC1D9E6DC73EBB7A2A648F /* ServiceView.m in Sources */ = {isa = PBXBuildFile; fileRef = 5EDC1A4C6774F0EB81F45855 /* ServiceView.m */; };
		5EDC1E0DA4F78C2062D49237 /* bombYellow.png in Resources */ = {isa = PBXBuildFile; fileRef = 5EDC19FB9C2A90F057FFBD10 /* bombYellow.png */; };
		5EDC1E4390617119C1C7871E /* orangeColorV.png in Resources */ = {isa = PBXBuildFile; fileRef = 5EDC198144A7CB38AD1D8BD7 /* orangeColorV.png */; };
		5EDC1E8DAB97A4DE96068BF4 /* CCSprite+Resize.m in Sources */ = {isa = PBXBuildFile; fileRef = 5EDC19642CC227294AEF5A7B /* CCSprite+Resize.m */; };
		5EDC1F087044603A092F4B27 /* redColorV.png in Resources */ = {isa = PBXBuildFile; fileRef = 5EDC113FA25D1CF2C799F83B /* redColorV.png */; };
		5EDC1F6C3650C30434893214 /* purpleColorV.png in Resources */ = {isa = PBXBuildFile; fileRef = 5EDC1DD1DB8D85F272D91875 /* purpleColorV.png */; };
		5EDC1FAE1B81150BCBFA99E7 /* blueColor.png in Resources */ = {isa = PBXBuildFile; fileRef = 5EDC106FED594DD8DFAF8557 /* blueColor.png */; };
		B06876A97D2E75FD0EA9C738 /* SceneStart.m in Sources */ = {isa = PBXBuildFile; fileRef = B0687FCFFBBEFCD69D640162 /* SceneStart.m */; };
		CF523142374BA40D17A3A632 /* CandyBonusNothing.m in Sources */ = {isa = PBXBuildFile; fileRef = CF52383CF991C94441CA9CB1 /* CandyBonusNothing.m */; };
		CF523260DA65B8CB7EC529B5 /* colorBombPurple.png in Resources */ = {isa = PBXBuildFile; fileRef = CF52324121421AAE2A049124 /* colorBombPurple.png */; };
		CF52339AD7BD34415AC0DA10 /* GameManager.m in Sources */ = {isa = PBXBuildFile; fileRef = CF52310AC602610BD9A81A4F /* GameManager.m */; };
		CF5234C1AE135B5965884D12 /* colorBombRed.png in Resources */ = {isa = PBXBuildFile; fileRef = CF5236AB0BC883A54C09D4AE /* colorBombRed.png */; };
		CF523571F1A949753BAF07BC /* Candy.m in Sources */ = {isa = PBXBuildFile; fileRef = CF523D2AFC0AB2516B65ED88 /* Candy.m */; };
		CF52358C408C4F46B6235472 /* CandyBonus.m in Sources */ = {isa = PBXBuildFile; fileRef = CF523D1293B89B0BDEFB8D9C /* CandyBonus.m */; };
		CF52365D54C391008CD45D4A /* colorBombYellow.png in Resources */ = {isa = PBXBuildFile; fileRef = CF523951D4DE0F678AF0F5BA /* colorBombYellow.png */; };
		CF5236F3B46511C25D3390F8 /* candyBlue.png in Resources */ = {isa = PBXBuildFile; fileRef = CF523C68970C8FB4254AA70A /* candyBlue.png */; };
		CF5237207390DDEEA9447811 /* candyGreen.png in Resources */ = {isa = PBXBuildFile; fileRef = CF523EA7BE401DEDD0A7064B /* candyGreen.png */; };
		CF52373647747EAC712C0BCA /* candyOrange.png in Resources */ = {isa = PBXBuildFile; fileRef = CF523FE1CDA2B525DF51524A /* candyOrange.png */; };
		CF523746A7B713679EBC1663 /* candyRed.png in Resources */ = {isa = PBXBuildFile; fileRef = CF52388C650C5CC8784632B6 /* candyRed.png */; };
		CF5237B115B549F00F94C161 /* colorBombGreen.png in Resources */ = {isa = PBXBuildFile; fileRef = CF5232762E0E144D0740382A /* colorBombGreen.png */; };
		CF523808B075A408F951D330 /* candyYellow.png in Resources */ = {isa = PBXBuildFile; fileRef = CF523EDCB2AF1C649FECD02D /* candyYellow.png */; };
		CF5238F8EEEC2D505FAE0F3D /* colorBombOrange.png in Resources */ = {isa = PBXBuildFile; fileRef = CF5238FBFAF292729967AFBE /* colorBombOrange.png */; };
		CF523AAD41BF1AE7CAB498C7 /* CandyBonusBomb.m in Sources */ = {isa = PBXBuildFile; fileRef = CF5238E941BE9972823601D9 /* CandyBonusBomb.m */; };
		CF523B89F4C6F5CA615CE85A /* field.png in Resources */ = {isa = PBXBuildFile; fileRef = CF5236B343CE70BA988B4DBA /* field.png */; };
		CF523D3115E62603CC6F8192 /* CandyBonusColorBomb.m in Sources */ = {isa = PBXBuildFile; fileRef = CF523CD9E5E078B3DF1F0A48 /* CandyBonusColorBomb.m */; };
		CF523D54A0C6296A73C73F6D /* SceneGame.m in Sources */ = {isa = PBXBuildFile; fileRef = CF523AE3387C3F139C5D9289 /* SceneGame.m */; };
		CF523D7F9DE3FEAE77432496 /* CandyBonusHorizontalLine.m in Sources */ = {isa = PBXBuildFile; fileRef = CF523509688A98BD6913D362 /* CandyBonusHorizontalLine.m */; };
		CF523E4FFF3CB3FFDC6F15B0 /* CandyBonusVerticalLine.m in Sources */ = {isa = PBXBuildFile; fileRef = CF5230BD450666FA6825348E /* CandyBonusVerticalLine.m */; };
		CF523F2287B2DD1480D539EB /* selector.png in Resources */ = {isa = PBXBuildFile; fileRef = CF5238B89BE21194057730E7 /* selector.png */; };
		CF523F624F367A204B03FF92 /* colorBombBlue.png in Resources */ = {isa = PBXBuildFile; fileRef = CF5230750511F6D6AFAD6939 /* colorBombBlue.png */; };
		CF523F78ABC49229C936A52D /* candyPurple.png in Resources */ = {isa = PBXBuildFile; fileRef = CF5238A616B5305FAE3A6F46 /* candyPurple.png */; };
		CF523FDD769C7353E713584E /* MyConstants.m in Sources */ = {isa = PBXBuildFile; fileRef = CF523AD066A30695094B65BD /* MyConstants.m */; };
		DC1BE6A014F417CC00F49D25 /* Ubuntu-B.ttf in Resources */ = {isa = PBXBuildFile; fileRef = DC1BE68C14F417CC00F49D25 /* Ubuntu-B.ttf */; };
		DC1BE6A114F417CC00F49D25 /* Ubuntu-BI.ttf in Resources */ = {isa = PBXBuildFile; fileRef = DC1BE68D14F417CC00F49D25 /* Ubuntu-BI.ttf */; };
		DC1BE6A214F417CC00F49D25 /* Ubuntu-C.ttf in Resources */ = {isa = PBXBuildFile; fileRef = DC1BE68E14F417CC00F49D25 /* Ubuntu-C.ttf */; };
		DC1BE6A314F417CC00F49D25 /* Ubuntu-L.ttf in Resources */ = {isa = PBXBuildFile; fileRef = DC1BE68F14F417CC00F49D25 /* Ubuntu-L.ttf */; };
		DC1BE6A414F417CC00F49D25 /* Ubuntu-LI.ttf in Resources */ = {isa = PBXBuildFile; fileRef = DC1BE69014F417CC00F49D25 /* Ubuntu-LI.ttf */; };
		DC1BE6A514F417CC00F49D25 /* Ubuntu-M.ttf in Resources */ = {isa = PBXBuildFile; fileRef = DC1BE69114F417CC00F49D25 /* Ubuntu-M.ttf */; };
		DC1BE6A614F417CC00F49D25 /* Ubuntu-MI.ttf in Resources */ = {isa = PBXBuildFile; fileRef = DC1BE69214F417CC00F49D25 /* Ubuntu-MI.ttf */; };
		DC1BE6A714F417CC00F49D25 /* Ubuntu-R.ttf in Resources */ = {isa = PBXBuildFile; fileRef = DC1BE69314F417CC00F49D25 /* Ubuntu-R.ttf */; };
		DC1BE6A814F417CC00F49D25 /* Ubuntu-RI.ttf in Resources */ = {isa = PBXBuildFile; fileRef = DC1BE69414F417CC00F49D25 /* Ubuntu-RI.ttf */; };
		DC1BE6A914F417CC00F49D25 /* UbuntuMono-B.ttf in Resources */ = {isa = PBXBuildFile; fileRef = DC1BE69514F417CC00F49D25 /* UbuntuMono-B.ttf */; };
		DC1BE6AA14F417CC00F49D25 /* UbuntuMono-BI.ttf in Resources */ = {isa = PBXBuildFile; fileRef = DC1BE69614F417CC00F49D25 /* UbuntuMono-BI.ttf */; };
		DC1BE6AB14F417CC00F49D25 /* UbuntuMono-R.ttf in Resources */ = {isa = PBXBuildFile; fileRef = DC1BE69714F417CC00F49D25 /* UbuntuMono-R.ttf */; };
		DC1BE6AC14F417CC00F49D25 /* UbuntuMono-RI.ttf in Resources */ = {isa = PBXBuildFile; fileRef = DC1BE69814F417CC00F49D25 /* UbuntuMono-RI.ttf */; };
		DC26D6DA14B9F2C600B6002E /* fps_images-hd.png in Resources */ = {isa = PBXBuildFile; fileRef = DC26D6D914B9F2C600B6002E /* fps_images-hd.png */; };
		DC26D6DB14B9F2C600B6002E /* fps_images-hd.png in Resources */ = {isa = PBXBuildFile; fileRef = DC26D6D914B9F2C600B6002E /* fps_images-hd.png */; };
		DC2721A2160CAEB600D88944 /* Default-568h@2x.png in Resources */ = {isa = PBXBuildFile; fileRef = DC2721A1160CAEB600D88944 /* Default-568h@2x.png */; };
		DC2721AA160CAFC700D88944 /* iTunesArtwork in Resources */ = {isa = PBXBuildFile; fileRef = DC2721A9160CAFC700D88944 /* iTunesArtwork */; };
		DC485B1113AA0E5600F2BC70 /* libchipmunk-mac.a in Frameworks */ = {isa = PBXBuildFile; fileRef = DC485B0D13AA0E5600F2BC70 /* libchipmunk-mac.a */; };
		DC485B1713AA0EBB00F2BC70 /* libbox2d-mac.a in Frameworks */ = {isa = PBXBuildFile; fileRef = DC485B1613AA0EBB00F2BC70 /* libbox2d-mac.a */; };
		DC485B4613AA18A600F2BC70 /* libcocosdenshion-mac.a in Frameworks */ = {isa = PBXBuildFile; fileRef = DC485B4513AA18A600F2BC70 /* libcocosdenshion-mac.a */; };
		DC65615C13A969B600A7AC53 /* libbox2d-ios.a in Frameworks */ = {isa = PBXBuildFile; fileRef = DC65615013A969B600A7AC53 /* libbox2d-ios.a */; };
		DC65615D13A969B600A7AC53 /* libchipmunk-ios.a in Frameworks */ = {isa = PBXBuildFile; fileRef = DC65615113A969B600A7AC53 /* libchipmunk-ios.a */; };
		DC65615E13A969B600A7AC53 /* libchipmunk-spacemanager-ios.a in Frameworks */ = {isa = PBXBuildFile; fileRef = DC65615213A969B600A7AC53 /* libchipmunk-spacemanager-ios.a */; };
		DC65616013A969B600A7AC53 /* libcocos2d-extensions-ios.a in Frameworks */ = {isa = PBXBuildFile; fileRef = DC65615413A969B600A7AC53 /* libcocos2d-extensions-ios.a */; };
		DC65616113A969B600A7AC53 /* libcocos2d-ios.a in Frameworks */ = {isa = PBXBuildFile; fileRef = DC65615513A969B600A7AC53 /* libcocos2d-ios.a */; };
		DC65616213A969B600A7AC53 /* libcocos3d-ios.a in Frameworks */ = {isa = PBXBuildFile; fileRef = DC65615613A969B600A7AC53 /* libcocos3d-ios.a */; };
		DC65616313A969B600A7AC53 /* libcocosdenshion-ios.a in Frameworks */ = {isa = PBXBuildFile; fileRef = DC65615713A969B600A7AC53 /* libcocosdenshion-ios.a */; };
		DC65616413A969B600A7AC53 /* libkobold2d-ios.a in Frameworks */ = {isa = PBXBuildFile; fileRef = DC65615813A969B600A7AC53 /* libkobold2d-ios.a */; };
		DC65616513A969B600A7AC53 /* libobjectal-ios.a in Frameworks */ = {isa = PBXBuildFile; fileRef = DC65615913A969B600A7AC53 /* libobjectal-ios.a */; };
		DC65616613A969B600A7AC53 /* libsneakyinput-ios.a in Frameworks */ = {isa = PBXBuildFile; fileRef = DC65615A13A969B600A7AC53 /* libsneakyinput-ios.a */; };
		DC65617315114B4A00E59F8A /* fps_images-ipadhd.png in Resources */ = {isa = PBXBuildFile; fileRef = DC65617215114B4A00E59F8A /* fps_images-ipadhd.png */; };
		DC979E3E13B35F8800656CB9 /* libcocos2d-extensions-mac.a in Frameworks */ = {isa = PBXBuildFile; fileRef = DC979E3D13B35F8800656CB9 /* libcocos2d-extensions-mac.a */; };
		DC979E5A13B3607E00656CB9 /* libchipmunk-spacemanager-mac.a in Frameworks */ = {isa = PBXBuildFile; fileRef = DC979E5913B3607E00656CB9 /* libchipmunk-spacemanager-mac.a */; };
		DCC1A0FA13A94ED5005BD75D /* Default.png in Resources */ = {isa = PBXBuildFile; fileRef = DCC1A0F913A94ED5005BD75D /* Default.png */; };
		DCC1A0FC13A94ED5005BD75D /* fps_images.png in Resources */ = {isa = PBXBuildFile; fileRef = DCC1A0FB13A94ED5005BD75D /* fps_images.png */; };
		DCC1A0FE13A94ED5005BD75D /* Icon-72.png in Resources */ = {isa = PBXBuildFile; fileRef = DCC1A0FD13A94ED5005BD75D /* Icon-72.png */; };
		DCC1A10013A94ED5005BD75D /* Icon-Small-50.png in Resources */ = {isa = PBXBuildFile; fileRef = DCC1A0FF13A94ED5005BD75D /* Icon-Small-50.png */; };
		DCC1A10213A94ED5005BD75D /* Icon-Small.png in Resources */ = {isa = PBXBuildFile; fileRef = DCC1A10113A94ED5005BD75D /* Icon-Small.png */; };
		DCC1A10413A94ED5005BD75D /* Icon-Small@2x.png in Resources */ = {isa = PBXBuildFile; fileRef = DCC1A10313A94ED5005BD75D /* Icon-Small@2x.png */; };
		DCC1A10613A94ED5005BD75D /* Icon.png in Resources */ = {isa = PBXBuildFile; fileRef = DCC1A10513A94ED5005BD75D /* Icon.png */; };
		DCC1A10813A94ED5005BD75D /* Icon@2x.png in Resources */ = {isa = PBXBuildFile; fileRef = DCC1A10713A94ED5005BD75D /* Icon@2x.png */; };
		DCC1A26913A94EE6005BD75D /* InfoPlist.strings in Resources */ = {isa = PBXBuildFile; fileRef = DCC1A26713A94EE6005BD75D /* InfoPlist.strings */; };
		DCC1A26C13A94EE6005BD75D /* MainMenu.xib in Resources */ = {isa = PBXBuildFile; fileRef = DCC1A26A13A94EE6005BD75D /* MainMenu.xib */; };
		DCC1A26E13A94EE6005BD75D /* fps_images.png in Resources */ = {isa = PBXBuildFile; fileRef = DCC1A26D13A94EE6005BD75D /* fps_images.png */; };
		DCC1A27013A94EE6005BD75D /* icon.icns in Resources */ = {isa = PBXBuildFile; fileRef = DCC1A26F13A94EE6005BD75D /* icon.icns */; };
		DCC1A3A913A94F1A005BD75D /* AppDelegate.m in Sources */ = {isa = PBXBuildFile; fileRef = DCC1A38E13A94F1A005BD75D /* AppDelegate.m */; };
		DCC1A3AA13A94F1A005BD75D /* AppDelegate.m in Sources */ = {isa = PBXBuildFile; fileRef = DCC1A38E13A94F1A005BD75D /* AppDelegate.m */; };
		DCC1A3AD13A94F1A005BD75D /* main.m in Sources */ = {isa = PBXBuildFile; fileRef = DCC1A39113A94F1A005BD75D /* main.m */; };
		DCC1A3AE13A94F1A005BD75D /* main.m in Sources */ = {isa = PBXBuildFile; fileRef = DCC1A39113A94F1A005BD75D /* main.m */; };
		DCC1A3AF13A94F1A005BD75D /* config.lua in Resources */ = {isa = PBXBuildFile; fileRef = DCC1A39513A94F1A005BD75D /* config.lua */; };
		DCC1A3B013A94F1A005BD75D /* config.lua in Resources */ = {isa = PBXBuildFile; fileRef = DCC1A39513A94F1A005BD75D /* config.lua */; };
		DCF95CD213A97EC500AE3B80 /* libcocos2d-mac.a in Frameworks */ = {isa = PBXBuildFile; fileRef = DCF95CC913A97EC500AE3B80 /* libcocos2d-mac.a */; };
		DCF95CD413A97EC500AE3B80 /* libkobold2d-mac.a in Frameworks */ = {isa = PBXBuildFile; fileRef = DCF95CCB13A97EC500AE3B80 /* libkobold2d-mac.a */; };
/* End PBXBuildFile section */

/* Begin PBXFileReference section */
		5EDC103F6C7317F0FC8A2CB8 /* greenColorV.png */ = {isa = PBXFileReference; lastKnownFileType = image.png; path = greenColorV.png; sourceTree = "<group>"; };
		5EDC106CD3A9EB24AB60C63E /* background.mp3 */ = {isa = PBXFileReference; lastKnownFileType = audio.mp3; path = background.mp3; sourceTree = "<group>"; };
		5EDC106FED594DD8DFAF8557 /* blueColor.png */ = {isa = PBXFileReference; lastKnownFileType = image.png; path = blueColor.png; sourceTree = "<group>"; };
		5EDC10CB47CFEECA03912435 /* DelegateContainer.h */ = {isa = PBXFileReference; fileEncoding = 4; lastKnownFileType = sourcecode.c.h; path = DelegateContainer.h; sourceTree = "<group>"; };
		5EDC113FA25D1CF2C799F83B /* redColorV.png */ = {isa = PBXFileReference; lastKnownFileType = image.png; path = redColorV.png; sourceTree = "<group>"; };
		5EDC116A72DA97786782C480 /* musicOff.png */ = {isa = PBXFileReference; lastKnownFileType = image.png; path = musicOff.png; sourceTree = "<group>"; };
		5EDC11917FC433923C09A47D /* SharedDeviceHelper.m */ = {isa = PBXFileReference; fileEncoding = 4; lastKnownFileType = sourcecode.c.objc; path = SharedDeviceHelper.m; sourceTree = "<group>"; };
		5EDC11F49108027641E7AEBA /* bombBlue.png */ = {isa = PBXFileReference; lastKnownFileType = image.png; path = bombBlue.png; sourceTree = "<group>"; };
		5EDC127C760C8ABAB1AE14BA /* SharedHighScoreManager.m */ = {isa = PBXFileReference; fileEncoding = 4; lastKnownFileType = sourcecode.c.objc; path = SharedHighScoreManager.m; sourceTree = "<group>"; };
		5EDC129913949F99E105204B /* yellowColor.png */ = {isa = PBXFileReference; lastKnownFileType = image.png; path = yellowColor.png; sourceTree = "<group>"; };
		5EDC136B326C3AA06AC49DD7 /* SharedHighScoreManager.h */ = {isa = PBXFileReference; fileEncoding = 4; lastKnownFileType = sourcecode.c.h; path = SharedHighScoreManager.h; sourceTree = "<group>"; };
		5EDC1387FCC4C76423326295 /* CCButtonDelegate.h */ = {isa = PBXFileReference; fileEncoding = 4; lastKnownFileType = sourcecode.c.h; path = CCButtonDelegate.h; sourceTree = "<group>"; };
		5EDC13DD3B99936951F4ACBB /* exit.png */ = {isa = PBXFileReference; lastKnownFileType = image.png; path = exit.png; sourceTree = "<group>"; };
		5EDC141EB95ABD84B78382A6 /* SceneBase.m */ = {isa = PBXFileReference; fileEncoding = 4; lastKnownFileType = sourcecode.c.objc; path = SceneBase.m; sourceTree = "<group>"; };
		5EDC146C232A129472C16C6F /* bombRed.png */ = {isa = PBXFileReference; lastKnownFileType = image.png; path = bombRed.png; sourceTree = "<group>"; };
		5EDC14A7EC248DC27329B6E8 /* redColor.png */ = {isa = PBXFileReference; lastKnownFileType = image.png; path = redColor.png; sourceTree = "<group>"; };
		5EDC14C57AD0D90D7024AC62 /* CandyView.h */ = {isa = PBXFileReference; fileEncoding = 4; lastKnownFileType = sourcecode.c.h; path = CandyView.h; sourceTree = "<group>"; };
		5EDC14DBE9C7E8085E006983 /* musicOn.png */ = {isa = PBXFileReference; lastKnownFileType = image.png; path = musicOn.png; sourceTree = "<group>"; };
		5EDC1591DD3B270AB05309E3 /* bombOrange.png */ = {isa = PBXFileReference; lastKnownFileType = image.png; path = bombOrange.png; sourceTree = "<group>"; };
		5EDC159C9EBC113B7A7C4EC5 /* CCButton.h */ = {isa = PBXFileReference; fileEncoding = 4; lastKnownFileType = sourcecode.c.h; path = CCButton.h; sourceTree = "<group>"; };
		5EDC15D109E92DB980D24A29 /* yellowLinesV.png */ = {isa = PBXFileReference; lastKnownFileType = image.png; path = yellowLinesV.png; sourceTree = "<group>"; };
		5EDC15D12AF0AA5FDFDB9A46 /* orangeColor.png */ = {isa = PBXFileReference; lastKnownFileType = image.png; path = orangeColor.png; sourceTree = "<group>"; };
		5EDC16331EB158D45EDB3F15 /* _test.mp3 */ = {isa = PBXFileReference; lastKnownFileType = audio.mp3; path = _test.mp3; sourceTree = "<group>"; };
		5EDC1650657E60E6C6BCC1E0 /* greenLinesV.png */ = {isa = PBXFileReference; lastKnownFileType = image.png; path = greenLinesV.png; sourceTree = "<group>"; };
		5EDC168BC233D3CE74B1D1DC /* BonusDelegate.h */ = {isa = PBXFileReference; fileEncoding = 4; lastKnownFileType = sourcecode.c.h; path = BonusDelegate.h; sourceTree = "<group>"; };
		5EDC175698D0913D5E231240 /* purpleColor.png */ = {isa = PBXFileReference; lastKnownFileType = image.png; path = purpleColor.png; sourceTree = "<group>"; };
		5EDC17CD68F7EE1E43A98DD4 /* purpleLinesV.png */ = {isa = PBXFileReference; lastKnownFileType = image.png; path = purpleLinesV.png; sourceTree = "<group>"; };
		5EDC17D79872DD7E1F69FD69 /* ESceneType.h */ = {isa = PBXFileReference; fileEncoding = 4; lastKnownFileType = sourcecode.c.h; path = ESceneType.h; sourceTree = "<group>"; };
		5EDC17ED46889E4F14B34F6B /* blueLines.png */ = {isa = PBXFileReference; lastKnownFileType = image.png; path = blueLines.png; sourceTree = "<group>"; };
		5EDC18001983888962D6A852 /* ConstantsStatic.m */ = {isa = PBXFileReference; fileEncoding = 4; lastKnownFileType = sourcecode.c.objc; path = ConstantsStatic.m; sourceTree = "<group>"; };
		5EDC1897734C17C9DC9169FD /* pause.png */ = {isa = PBXFileReference; lastKnownFileType = image.png; path = pause.png; sourceTree = "<group>"; };
		5EDC18ED74EC87FD2C2F81DC /* bombPurple.png */ = {isa = PBXFileReference; lastKnownFileType = image.png; path = bombPurple.png; sourceTree = "<group>"; };
		5EDC1938625980D40DF429EE /* backgroundImage.png */ = {isa = PBXFileReference; lastKnownFileType = image.png; path = backgroundImage.png; sourceTree = "<group>"; };
		5EDC19642CC227294AEF5A7B /* CCSprite+Resize.m */ = {isa = PBXFileReference; fileEncoding = 4; lastKnownFileType = sourcecode.c.objc; path = "CCSprite+Resize.m"; sourceTree = "<group>"; };
		5EDC198144A7CB38AD1D8BD7 /* orangeColorV.png */ = {isa = PBXFileReference; lastKnownFileType = image.png; path = orangeColorV.png; sourceTree = "<group>"; };
		5EDC19FB9C2A90F057FFBD10 /* bombYellow.png */ = {isa = PBXFileReference; lastKnownFileType = image.png; path = bombYellow.png; sourceTree = "<group>"; };
		5EDC1A3438BE9AF9533DC40C /* ServiceView.h */ = {isa = PBXFileReference; fileEncoding = 4; lastKnownFileType = sourcecode.c.h; path = ServiceView.h; sourceTree = "<group>"; };
		5EDC1A4C6774F0EB81F45855 /* ServiceView.m */ = {isa = PBXFileReference; fileEncoding = 4; lastKnownFileType = sourcecode.c.objc; path = ServiceView.m; sourceTree = "<group>"; };
		5EDC1A60FFAD8AD1664C0A31 /* redLines.png */ = {isa = PBXFileReference; lastKnownFileType = image.png; path = redLines.png; sourceTree = "<group>"; };
		5EDC1B04E91ACF8DB1E067B5 /* CandyView.m */ = {isa = PBXFileReference; fileEncoding = 4; lastKnownFileType = sourcecode.c.objc; path = CandyView.m; sourceTree = "<group>"; };
		5EDC1B091C0737005B9799C4 /* YellowLines.png */ = {isa = PBXFileReference; lastKnownFileType = image.png; path = YellowLines.png; sourceTree = "<group>"; };
		5EDC1B4EC5B2F181F6F01041 /* DelegateContainer.m */ = {isa = PBXFileReference; fileEncoding = 4; lastKnownFileType = sourcecode.c.objc; path = DelegateContainer.m; sourceTree = "<group>"; };
		5EDC1C06AE70C3B6CC100C6A /* ConstantsStatic.h */ = {isa = PBXFileReference; fileEncoding = 4; lastKnownFileType = sourcecode.c.h; path = ConstantsStatic.h; sourceTree = "<group>"; };
		5EDC1C264BE36EC45E7A0551 /* orangeLines.png */ = {isa = PBXFileReference; lastKnownFileType = image.png; path = orangeLines.png; sourceTree = "<group>"; };
		5EDC1C3E616AC3EFAB37850B /* PauseView.m */ = {isa = PBXFileReference; fileEncoding = 4; lastKnownFileType = sourcecode.c.objc; path = PauseView.m; sourceTree = "<group>"; };
		5EDC1C81F69C027C94E9AEB6 /* bombGreen.png */ = {isa = PBXFileReference; lastKnownFileType = image.png; path = bombGreen.png; sourceTree = "<group>"; };
		5EDC1CDF03CFEBDDD322141D /* ResourceManager.m */ = {isa = PBXFileReference; fileEncoding = 4; lastKnownFileType = sourcecode.c.objc; path = ResourceManager.m; sourceTree = "<group>"; };
		5EDC1CF26D5BADC5C34494BD /* ELanguageType.h */ = {isa = PBXFileReference; fileEncoding = 4; lastKnownFileType = sourcecode.c.h; path = ELanguageType.h; sourceTree = "<group>"; };
		5EDC1D45D94F07FF2DC00142 /* PauseView.h */ = {isa = PBXFileReference; fileEncoding = 4; lastKnownFileType = sourcecode.c.h; path = PauseView.h; sourceTree = "<group>"; };
		5EDC1D53F6542180CA7E3B79 /* CCButton.m */ = {isa = PBXFileReference; fileEncoding = 4; lastKnownFileType = sourcecode.c.objc; path = CCButton.m; sourceTree = "<group>"; };
		5EDC1D9BD3AE236C2EAC591C /* redLinesV.png */ = {isa = PBXFileReference; lastKnownFileType = image.png; path = redLinesV.png; sourceTree = "<group>"; };
		5EDC1DB592997559B716FB2D /* ResourceManager.h */ = {isa = PBXFileReference; fileEncoding = 4; lastKnownFileType = sourcecode.c.h; path = ResourceManager.h; sourceTree = "<group>"; };
		5EDC1DD1DB8D85F272D91875 /* purpleColorV.png */ = {isa = PBXFileReference; lastKnownFileType = image.png; path = purpleColorV.png; sourceTree = "<group>"; };
		5EDC1E3123A65B3FF7F769B6 /* CCSprite+Resize.h */ = {isa = PBXFileReference; fileEncoding = 4; lastKnownFileType = sourcecode.c.h; path = "CCSprite+Resize.h"; sourceTree = "<group>"; };
		5EDC1E6ABB4489991518212C /* blueLinesV.png */ = {isa = PBXFileReference; lastKnownFileType = image.png; path = blueLinesV.png; sourceTree = "<group>"; };
		5EDC1E6C5BA37F427417CC9D /* SharedDeviceHelper.h */ = {isa = PBXFileReference; fileEncoding = 4; lastKnownFileType = sourcecode.c.h; path = SharedDeviceHelper.h; sourceTree = "<group>"; };
		5EDC1ED283E7A6B997005F4B /* EDeviceType.h */ = {isa = PBXFileReference; fileEncoding = 4; lastKnownFileType = sourcecode.c.h; path = EDeviceType.h; sourceTree = "<group>"; };
		5EDC1F05B6643F2C20A18CAD /* YellowColorV.png */ = {isa = PBXFileReference; lastKnownFileType = image.png; path = YellowColorV.png; sourceTree = "<group>"; };
		5EDC1F121F919B821E831AFF /* EButtonServiceType.h */ = {isa = PBXFileReference; fileEncoding = 4; lastKnownFileType = sourcecode.c.h; path = EButtonServiceType.h; sourceTree = "<group>"; };
		5EDC1F2B2951E894F59678EE /* greenColor.png */ = {isa = PBXFileReference; lastKnownFileType = image.png; path = greenColor.png; sourceTree = "<group>"; };
		5EDC1F41B2BB4485A0B8C7AD /* SceneBase.h */ = {isa = PBXFileReference; fileEncoding = 4; lastKnownFileType = sourcecode.c.h; path = SceneBase.h; sourceTree = "<group>"; };
		5EDC1F80B8505E71D1F870BE /* purpleLines.png */ = {isa = PBXFileReference; lastKnownFileType = image.png; path = purpleLines.png; sourceTree = "<group>"; };
		5EDC1FB749400FC515A275EA /* orangeLinesV.png */ = {isa = PBXFileReference; lastKnownFileType = image.png; path = orangeLinesV.png; sourceTree = "<group>"; };
		5EDC1FCA3C7E5A7899986FA0 /* blueColorV.png */ = {isa = PBXFileReference; lastKnownFileType = image.png; path = blueColorV.png; sourceTree = "<group>"; };
		5EDC1FFD2C7AD087E778D440 /* greenLines.png */ = {isa = PBXFileReference; lastKnownFileType = image.png; path = greenLines.png; sourceTree = "<group>"; };
		B06873C2C44F3563469949AB /* SceneStart.h */ = {isa = PBXFileReference; fileEncoding = 4; lastKnownFileType = sourcecode.c.h; path = SceneStart.h; sourceTree = "<group>"; };
		B0687FCFFBBEFCD69D640162 /* SceneStart.m */ = {isa = PBXFileReference; fileEncoding = 4; lastKnownFileType = sourcecode.c.objc; path = SceneStart.m; sourceTree = "<group>"; };
		CF523036A17F906E5ECC63A0 /* CandyBonusVerticalLine.h */ = {isa = PBXFileReference; fileEncoding = 4; lastKnownFileType = sourcecode.c.h; path = CandyBonusVerticalLine.h; sourceTree = "<group>"; };
		CF5230750511F6D6AFAD6939 /* colorBombBlue.png */ = {isa = PBXFileReference; lastKnownFileType = image.png; path = colorBombBlue.png; sourceTree = "<group>"; };
		CF5230BD450666FA6825348E /* CandyBonusVerticalLine.m */ = {isa = PBXFileReference; fileEncoding = 4; lastKnownFileType = sourcecode.c.objc; path = CandyBonusVerticalLine.m; sourceTree = "<group>"; };
		CF52310AC602610BD9A81A4F /* GameManager.m */ = {isa = PBXFileReference; fileEncoding = 4; lastKnownFileType = sourcecode.c.objc; path = GameManager.m; sourceTree = "<group>"; };
		CF52323BB94C50058EDA5913 /* CandyBonusHorizontalLine.h */ = {isa = PBXFileReference; fileEncoding = 4; lastKnownFileType = sourcecode.c.h; path = CandyBonusHorizontalLine.h; sourceTree = "<group>"; };
		CF52324121421AAE2A049124 /* colorBombPurple.png */ = {isa = PBXFileReference; lastKnownFileType = image.png; path = colorBombPurple.png; sourceTree = "<group>"; };
		CF5232762E0E144D0740382A /* colorBombGreen.png */ = {isa = PBXFileReference; lastKnownFileType = image.png; path = colorBombGreen.png; sourceTree = "<group>"; };
		CF5232EEBB4455E23BF2CFB3 /* Candy.h */ = {isa = PBXFileReference; fileEncoding = 4; lastKnownFileType = sourcecode.c.h; path = Candy.h; sourceTree = "<group>"; };
		CF5233A659E654ACF4B1F573 /* ECandyBonusType.h */ = {isa = PBXFileReference; fileEncoding = 4; lastKnownFileType = sourcecode.c.h; path = ECandyBonusType.h; sourceTree = "<group>"; };
		CF52341290129F8397A96DFB /* MyConstants.h */ = {isa = PBXFileReference; fileEncoding = 4; lastKnownFileType = sourcecode.c.h; path = MyConstants.h; sourceTree = "<group>"; };
		CF523509688A98BD6913D362 /* CandyBonusHorizontalLine.m */ = {isa = PBXFileReference; fileEncoding = 4; lastKnownFileType = sourcecode.c.objc; path = CandyBonusHorizontalLine.m; sourceTree = "<group>"; };
		CF5235E6EF7BB22BB536524F /* GameManager.h */ = {isa = PBXFileReference; fileEncoding = 4; lastKnownFileType = sourcecode.c.h; path = GameManager.h; sourceTree = "<group>"; };
		CF5236AB0BC883A54C09D4AE /* colorBombRed.png */ = {isa = PBXFileReference; lastKnownFileType = image.png; path = colorBombRed.png; sourceTree = "<group>"; };
		CF5236B343CE70BA988B4DBA /* field.png */ = {isa = PBXFileReference; lastKnownFileType = image.png; path = field.png; sourceTree = "<group>"; };
		CF52373F0567BF9170806FEA /* CandyBonus.h */ = {isa = PBXFileReference; fileEncoding = 4; lastKnownFileType = sourcecode.c.h; path = CandyBonus.h; sourceTree = "<group>"; };
		CF52383CF991C94441CA9CB1 /* CandyBonusNothing.m */ = {isa = PBXFileReference; fileEncoding = 4; lastKnownFileType = sourcecode.c.objc; path = CandyBonusNothing.m; sourceTree = "<group>"; };
		CF52388C650C5CC8784632B6 /* candyRed.png */ = {isa = PBXFileReference; lastKnownFileType = image.png; path = candyRed.png; sourceTree = "<group>"; };
		CF5238A616B5305FAE3A6F46 /* candyPurple.png */ = {isa = PBXFileReference; lastKnownFileType = image.png; path = candyPurple.png; sourceTree = "<group>"; };
		CF5238B89BE21194057730E7 /* selector.png */ = {isa = PBXFileReference; lastKnownFileType = image.png; path = selector.png; sourceTree = "<group>"; };
		CF5238E941BE9972823601D9 /* CandyBonusBomb.m */ = {isa = PBXFileReference; fileEncoding = 4; lastKnownFileType = sourcecode.c.objc; path = CandyBonusBomb.m; sourceTree = "<group>"; };
		CF5238FBFAF292729967AFBE /* colorBombOrange.png */ = {isa = PBXFileReference; lastKnownFileType = image.png; path = colorBombOrange.png; sourceTree = "<group>"; };
		CF523951D4DE0F678AF0F5BA /* colorBombYellow.png */ = {isa = PBXFileReference; lastKnownFileType = image.png; path = colorBombYellow.png; sourceTree = "<group>"; };
		CF5239832C6F22354E7610AD /* CandyBonusNothing.h */ = {isa = PBXFileReference; fileEncoding = 4; lastKnownFileType = sourcecode.c.h; path = CandyBonusNothing.h; sourceTree = "<group>"; };
		CF523AD066A30695094B65BD /* MyConstants.m */ = {isa = PBXFileReference; fileEncoding = 4; lastKnownFileType = sourcecode.c.objc; path = MyConstants.m; sourceTree = "<group>"; };
		CF523AE3387C3F139C5D9289 /* SceneGame.m */ = {isa = PBXFileReference; fileEncoding = 4; lastKnownFileType = sourcecode.c.objc; path = SceneGame.m; sourceTree = "<group>"; };
		CF523BE92D74E5DC9B491258 /* SceneGame.h */ = {isa = PBXFileReference; fileEncoding = 4; lastKnownFileType = sourcecode.c.h; path = SceneGame.h; sourceTree = "<group>"; };
		CF523C3107923445449E0EBE /* CandyBonusColorBomb.h */ = {isa = PBXFileReference; fileEncoding = 4; lastKnownFileType = sourcecode.c.h; path = CandyBonusColorBomb.h; sourceTree = "<group>"; };
		CF523C68970C8FB4254AA70A /* candyBlue.png */ = {isa = PBXFileReference; lastKnownFileType = image.png; path = candyBlue.png; sourceTree = "<group>"; };
		CF523CD9E5E078B3DF1F0A48 /* CandyBonusColorBomb.m */ = {isa = PBXFileReference; fileEncoding = 4; lastKnownFileType = sourcecode.c.objc; path = CandyBonusColorBomb.m; sourceTree = "<group>"; };
		CF523D09681F0B6DE918134B /* CandyBonusBomb.h */ = {isa = PBXFileReference; fileEncoding = 4; lastKnownFileType = sourcecode.c.h; path = CandyBonusBomb.h; sourceTree = "<group>"; };
		CF523D1293B89B0BDEFB8D9C /* CandyBonus.m */ = {isa = PBXFileReference; fileEncoding = 4; lastKnownFileType = sourcecode.c.objc; path = CandyBonus.m; sourceTree = "<group>"; };
		CF523D2AFC0AB2516B65ED88 /* Candy.m */ = {isa = PBXFileReference; fileEncoding = 4; lastKnownFileType = sourcecode.c.objc; path = Candy.m; sourceTree = "<group>"; };
		CF523EA7BE401DEDD0A7064B /* candyGreen.png */ = {isa = PBXFileReference; lastKnownFileType = image.png; path = candyGreen.png; sourceTree = "<group>"; };
		CF523EDCB2AF1C649FECD02D /* candyYellow.png */ = {isa = PBXFileReference; lastKnownFileType = image.png; path = candyYellow.png; sourceTree = "<group>"; };
		CF523F0E1B9A2E1CDE3E02C7 /* ECandyColor.h */ = {isa = PBXFileReference; fileEncoding = 4; lastKnownFileType = sourcecode.c.h; path = ECandyColor.h; sourceTree = "<group>"; };
		CF523FE1CDA2B525DF51524A /* candyOrange.png */ = {isa = PBXFileReference; lastKnownFileType = image.png; path = candyOrange.png; sourceTree = "<group>"; };
		DC1BE68614F417CC00F49D25 /* copyright.txt */ = {isa = PBXFileReference; fileEncoding = 4; lastKnownFileType = text; path = copyright.txt; sourceTree = "<group>"; };
		DC1BE68914F417CC00F49D25 /* LICENCE.txt */ = {isa = PBXFileReference; fileEncoding = 4; lastKnownFileType = text; path = LICENCE.txt; sourceTree = "<group>"; };
		DC1BE68C14F417CC00F49D25 /* Ubuntu-B.ttf */ = {isa = PBXFileReference; lastKnownFileType = file; path = "Ubuntu-B.ttf"; sourceTree = "<group>"; };
		DC1BE68D14F417CC00F49D25 /* Ubuntu-BI.ttf */ = {isa = PBXFileReference; lastKnownFileType = file; path = "Ubuntu-BI.ttf"; sourceTree = "<group>"; };
		DC1BE68E14F417CC00F49D25 /* Ubuntu-C.ttf */ = {isa = PBXFileReference; lastKnownFileType = file; path = "Ubuntu-C.ttf"; sourceTree = "<group>"; };
		DC1BE68F14F417CC00F49D25 /* Ubuntu-L.ttf */ = {isa = PBXFileReference; lastKnownFileType = file; path = "Ubuntu-L.ttf"; sourceTree = "<group>"; };
		DC1BE69014F417CC00F49D25 /* Ubuntu-LI.ttf */ = {isa = PBXFileReference; lastKnownFileType = file; path = "Ubuntu-LI.ttf"; sourceTree = "<group>"; };
		DC1BE69114F417CC00F49D25 /* Ubuntu-M.ttf */ = {isa = PBXFileReference; lastKnownFileType = file; path = "Ubuntu-M.ttf"; sourceTree = "<group>"; };
		DC1BE69214F417CC00F49D25 /* Ubuntu-MI.ttf */ = {isa = PBXFileReference; lastKnownFileType = file; path = "Ubuntu-MI.ttf"; sourceTree = "<group>"; };
		DC1BE69314F417CC00F49D25 /* Ubuntu-R.ttf */ = {isa = PBXFileReference; lastKnownFileType = file; path = "Ubuntu-R.ttf"; sourceTree = "<group>"; };
		DC1BE69414F417CC00F49D25 /* Ubuntu-RI.ttf */ = {isa = PBXFileReference; lastKnownFileType = file; path = "Ubuntu-RI.ttf"; sourceTree = "<group>"; };
		DC1BE69514F417CC00F49D25 /* UbuntuMono-B.ttf */ = {isa = PBXFileReference; lastKnownFileType = file; path = "UbuntuMono-B.ttf"; sourceTree = "<group>"; };
		DC1BE69614F417CC00F49D25 /* UbuntuMono-BI.ttf */ = {isa = PBXFileReference; lastKnownFileType = file; path = "UbuntuMono-BI.ttf"; sourceTree = "<group>"; };
		DC1BE69714F417CC00F49D25 /* UbuntuMono-R.ttf */ = {isa = PBXFileReference; lastKnownFileType = file; path = "UbuntuMono-R.ttf"; sourceTree = "<group>"; };
		DC1BE69814F417CC00F49D25 /* UbuntuMono-RI.ttf */ = {isa = PBXFileReference; lastKnownFileType = file; path = "UbuntuMono-RI.ttf"; sourceTree = "<group>"; };
		DC26D6D914B9F2C600B6002E /* fps_images-hd.png */ = {isa = PBXFileReference; lastKnownFileType = image.png; path = "fps_images-hd.png"; sourceTree = "<group>"; };
		DC2721A1160CAEB600D88944 /* Default-568h@2x.png */ = {isa = PBXFileReference; lastKnownFileType = image.png; path = "Default-568h@2x.png"; sourceTree = "<group>"; };
		DC2721A9160CAFC700D88944 /* iTunesArtwork */ = {isa = PBXFileReference; lastKnownFileType = file; path = iTunesArtwork; sourceTree = "<group>"; };
		DC3BE97813B4FB71003739CC /* BuildSettings-iOS.xcconfig */ = {isa = PBXFileReference; lastKnownFileType = text.xcconfig; path = "BuildSettings-iOS.xcconfig"; sourceTree = "<group>"; };
		DC485B0D13AA0E5600F2BC70 /* libchipmunk-mac.a */ = {isa = PBXFileReference; explicitFileType = archive.ar; path = "libchipmunk-mac.a"; sourceTree = BUILT_PRODUCTS_DIR; };
		DC485B1613AA0EBB00F2BC70 /* libbox2d-mac.a */ = {isa = PBXFileReference; explicitFileType = archive.ar; path = "libbox2d-mac.a"; sourceTree = BUILT_PRODUCTS_DIR; };
		DC485B4513AA18A600F2BC70 /* libcocosdenshion-mac.a */ = {isa = PBXFileReference; explicitFileType = archive.ar; path = "libcocosdenshion-mac.a"; sourceTree = BUILT_PRODUCTS_DIR; };
		DC65615013A969B600A7AC53 /* libbox2d-ios.a */ = {isa = PBXFileReference; explicitFileType = archive.ar; path = "libbox2d-ios.a"; sourceTree = BUILT_PRODUCTS_DIR; };
		DC65615113A969B600A7AC53 /* libchipmunk-ios.a */ = {isa = PBXFileReference; explicitFileType = archive.ar; path = "libchipmunk-ios.a"; sourceTree = BUILT_PRODUCTS_DIR; };
		DC65615213A969B600A7AC53 /* libchipmunk-spacemanager-ios.a */ = {isa = PBXFileReference; explicitFileType = archive.ar; path = "libchipmunk-spacemanager-ios.a"; sourceTree = BUILT_PRODUCTS_DIR; };
		DC65615413A969B600A7AC53 /* libcocos2d-extensions-ios.a */ = {isa = PBXFileReference; explicitFileType = archive.ar; path = "libcocos2d-extensions-ios.a"; sourceTree = BUILT_PRODUCTS_DIR; };
		DC65615513A969B600A7AC53 /* libcocos2d-ios.a */ = {isa = PBXFileReference; explicitFileType = archive.ar; path = "libcocos2d-ios.a"; sourceTree = BUILT_PRODUCTS_DIR; };
		DC65615613A969B600A7AC53 /* libcocos3d-ios.a */ = {isa = PBXFileReference; explicitFileType = archive.ar; path = "libcocos3d-ios.a"; sourceTree = BUILT_PRODUCTS_DIR; };
		DC65615713A969B600A7AC53 /* libcocosdenshion-ios.a */ = {isa = PBXFileReference; explicitFileType = archive.ar; path = "libcocosdenshion-ios.a"; sourceTree = BUILT_PRODUCTS_DIR; };
		DC65615813A969B600A7AC53 /* libkobold2d-ios.a */ = {isa = PBXFileReference; explicitFileType = archive.ar; path = "libkobold2d-ios.a"; sourceTree = BUILT_PRODUCTS_DIR; };
		DC65615913A969B600A7AC53 /* libobjectal-ios.a */ = {isa = PBXFileReference; explicitFileType = archive.ar; path = "libobjectal-ios.a"; sourceTree = BUILT_PRODUCTS_DIR; };
		DC65615A13A969B600A7AC53 /* libsneakyinput-ios.a */ = {isa = PBXFileReference; explicitFileType = archive.ar; path = "libsneakyinput-ios.a"; sourceTree = BUILT_PRODUCTS_DIR; };
		DC65617215114B4A00E59F8A /* fps_images-ipadhd.png */ = {isa = PBXFileReference; lastKnownFileType = image.png; path = "fps_images-ipadhd.png"; sourceTree = "<group>"; };
		DC979E3D13B35F8800656CB9 /* libcocos2d-extensions-mac.a */ = {isa = PBXFileReference; explicitFileType = archive.ar; path = "libcocos2d-extensions-mac.a"; sourceTree = BUILT_PRODUCTS_DIR; };
		DC979E5913B3607E00656CB9 /* libchipmunk-spacemanager-mac.a */ = {isa = PBXFileReference; explicitFileType = archive.ar; path = "libchipmunk-spacemanager-mac.a"; sourceTree = BUILT_PRODUCTS_DIR; };
		DC9C33E713B5024400931BF2 /* BuildSettings-Debug-Mac.xcconfig */ = {isa = PBXFileReference; lastKnownFileType = text.xcconfig; path = "BuildSettings-Debug-Mac.xcconfig"; sourceTree = "<group>"; };
		DC9C33E813B5024400931BF2 /* BuildSettings-Mac.xcconfig */ = {isa = PBXFileReference; lastKnownFileType = text.xcconfig; path = "BuildSettings-Mac.xcconfig"; sourceTree = "<group>"; };
		DC9C33E913B5024400931BF2 /* BuildSettings-Release-Mac.xcconfig */ = {isa = PBXFileReference; lastKnownFileType = text.xcconfig; path = "BuildSettings-Release-Mac.xcconfig"; sourceTree = "<group>"; };
		DCC1A0F913A94ED5005BD75D /* Default.png */ = {isa = PBXFileReference; lastKnownFileType = image.png; path = Default.png; sourceTree = "<group>"; };
		DCC1A0FB13A94ED5005BD75D /* fps_images.png */ = {isa = PBXFileReference; lastKnownFileType = image.png; path = fps_images.png; sourceTree = "<group>"; };
		DCC1A0FD13A94ED5005BD75D /* Icon-72.png */ = {isa = PBXFileReference; lastKnownFileType = image.png; path = "Icon-72.png"; sourceTree = "<group>"; };
		DCC1A0FF13A94ED5005BD75D /* Icon-Small-50.png */ = {isa = PBXFileReference; lastKnownFileType = image.png; path = "Icon-Small-50.png"; sourceTree = "<group>"; };
		DCC1A10113A94ED5005BD75D /* Icon-Small.png */ = {isa = PBXFileReference; lastKnownFileType = image.png; path = "Icon-Small.png"; sourceTree = "<group>"; };
		DCC1A10313A94ED5005BD75D /* Icon-Small@2x.png */ = {isa = PBXFileReference; lastKnownFileType = image.png; path = "Icon-Small@2x.png"; sourceTree = "<group>"; };
		DCC1A10513A94ED5005BD75D /* Icon.png */ = {isa = PBXFileReference; lastKnownFileType = image.png; path = Icon.png; sourceTree = "<group>"; };
		DCC1A10713A94ED5005BD75D /* Icon@2x.png */ = {isa = PBXFileReference; lastKnownFileType = image.png; path = "Icon@2x.png"; sourceTree = "<group>"; };
		DCC1A10913A94ED5005BD75D /* Info.plist */ = {isa = PBXFileReference; lastKnownFileType = text.plist.xml; path = Info.plist; sourceTree = "<group>"; };
		DCC1A26813A94EE6005BD75D /* English */ = {isa = PBXFileReference; lastKnownFileType = text.plist.strings; name = English; path = Resources/English.lproj/InfoPlist.strings; sourceTree = "<group>"; };
		DCC1A26B13A94EE6005BD75D /* English */ = {isa = PBXFileReference; lastKnownFileType = file.xib; name = English; path = Resources/English.lproj/MainMenu.xib; sourceTree = "<group>"; };
		DCC1A26D13A94EE6005BD75D /* fps_images.png */ = {isa = PBXFileReference; lastKnownFileType = image.png; name = fps_images.png; path = Resources/fps_images.png; sourceTree = "<group>"; };
		DCC1A26F13A94EE6005BD75D /* icon.icns */ = {isa = PBXFileReference; lastKnownFileType = image.icns; name = icon.icns; path = Resources/icon.icns; sourceTree = "<group>"; };
		DCC1A27113A94EE6005BD75D /* Info.plist */ = {isa = PBXFileReference; lastKnownFileType = text.plist.xml; name = Info.plist; path = Resources/Info.plist; sourceTree = "<group>"; };
		DCC1A38D13A94F1A005BD75D /* AppDelegate.h */ = {isa = PBXFileReference; fileEncoding = 4; lastKnownFileType = sourcecode.c.h; path = AppDelegate.h; sourceTree = "<group>"; };
		DCC1A38E13A94F1A005BD75D /* AppDelegate.m */ = {isa = PBXFileReference; fileEncoding = 4; lastKnownFileType = sourcecode.c.objc; path = AppDelegate.m; sourceTree = "<group>"; };
		DCC1A39113A94F1A005BD75D /* main.m */ = {isa = PBXFileReference; fileEncoding = 4; lastKnownFileType = sourcecode.c.objc; path = main.m; sourceTree = "<group>"; };
		DCC1A39213A94F1A005BD75D /* Prefix-iOS.pch */ = {isa = PBXFileReference; fileEncoding = 4; lastKnownFileType = sourcecode.c.h; path = "Prefix-iOS.pch"; sourceTree = "<group>"; };
		DCC1A39313A94F1A005BD75D /* Prefix-Mac.pch */ = {isa = PBXFileReference; fileEncoding = 4; lastKnownFileType = sourcecode.c.h; path = "Prefix-Mac.pch"; sourceTree = "<group>"; };
		DCC1A39513A94F1A005BD75D /* config.lua */ = {isa = PBXFileReference; explicitFileType = sourcecode.applescript; fileEncoding = 4; path = config.lua; sourceTree = "<group>"; };
		DCF95CC913A97EC500AE3B80 /* libcocos2d-mac.a */ = {isa = PBXFileReference; explicitFileType = archive.ar; path = "libcocos2d-mac.a"; sourceTree = BUILT_PRODUCTS_DIR; };
		DCF95CCB13A97EC500AE3B80 /* libkobold2d-mac.a */ = {isa = PBXFileReference; explicitFileType = archive.ar; path = "libkobold2d-mac.a"; sourceTree = BUILT_PRODUCTS_DIR; };
		DCFA90EF13B4F6F7009DD35A /* BuildSettings-Debug-iOS.xcconfig */ = {isa = PBXFileReference; lastKnownFileType = text.xcconfig; path = "BuildSettings-Debug-iOS.xcconfig"; sourceTree = "<group>"; };
		DCFA90F013B4F811009DD35A /* BuildSettings-Release-iOS.xcconfig */ = {isa = PBXFileReference; lastKnownFileType = text.xcconfig; path = "BuildSettings-Release-iOS.xcconfig"; sourceTree = "<group>"; };
/* End PBXFileReference section */

/* Begin PBXFrameworksBuildPhase section */
		DCC1A0E013A94ED5005BD75D /* Frameworks */ = {
			isa = PBXFrameworksBuildPhase;
			buildActionMask = 2147483647;
			files = (
				DC65615C13A969B600A7AC53 /* libbox2d-ios.a in Frameworks */,
				DC65615D13A969B600A7AC53 /* libchipmunk-ios.a in Frameworks */,
				DC65615E13A969B600A7AC53 /* libchipmunk-spacemanager-ios.a in Frameworks */,
				DC65616013A969B600A7AC53 /* libcocos2d-extensions-ios.a in Frameworks */,
				DC65616113A969B600A7AC53 /* libcocos2d-ios.a in Frameworks */,
				DC65616213A969B600A7AC53 /* libcocos3d-ios.a in Frameworks */,
				DC65616313A969B600A7AC53 /* libcocosdenshion-ios.a in Frameworks */,
				DC65616413A969B600A7AC53 /* libkobold2d-ios.a in Frameworks */,
				DC65616513A969B600A7AC53 /* libobjectal-ios.a in Frameworks */,
				DC65616613A969B600A7AC53 /* libsneakyinput-ios.a in Frameworks */,
			);
			runOnlyForDeploymentPostprocessing = 0;
		};
		DCC1A25713A94EE6005BD75D /* Frameworks */ = {
			isa = PBXFrameworksBuildPhase;
			buildActionMask = 2147483647;
			files = (
				DC979E5A13B3607E00656CB9 /* libchipmunk-spacemanager-mac.a in Frameworks */,
				DC979E3E13B35F8800656CB9 /* libcocos2d-extensions-mac.a in Frameworks */,
				DC485B4613AA18A600F2BC70 /* libcocosdenshion-mac.a in Frameworks */,
				DC485B1713AA0EBB00F2BC70 /* libbox2d-mac.a in Frameworks */,
				DC485B1113AA0E5600F2BC70 /* libchipmunk-mac.a in Frameworks */,
				DCF95CD213A97EC500AE3B80 /* libcocos2d-mac.a in Frameworks */,
				DCF95CD413A97EC500AE3B80 /* libkobold2d-mac.a in Frameworks */,
			);
			runOnlyForDeploymentPostprocessing = 0;
		};
/* End PBXFrameworksBuildPhase section */

/* Begin PBXGroup section */
		5EDC12A34AC525CE3898BEB5 /* sound */ = {
			isa = PBXGroup;
			children = (
				5EDC16331EB158D45EDB3F15 /* _test.mp3 */,
				5EDC106CD3A9EB24AB60C63E /* background.mp3 */,
			);
			path = sound;
			sourceTree = "<group>";
		};
		5EDC12F53B3F167DF98B2E3E /* Vendors */ = {
			isa = PBXGroup;
			children = (
				5EDC1DEF09028C864B5BD358 /* Cocos2dAdditions */,
			);
			path = Vendors;
			sourceTree = "<group>";
		};
		5EDC13721D4EE0E7842872F0 /* SharedDeviceHelper */ = {
			isa = PBXGroup;
			children = (
				5EDC1ED283E7A6B997005F4B /* EDeviceType.h */,
				5EDC1CF26D5BADC5C34494BD /* ELanguageType.h */,
				5EDC1E6C5BA37F427417CC9D /* SharedDeviceHelper.h */,
				5EDC11917FC433923C09A47D /* SharedDeviceHelper.m */,
			);
			path = SharedDeviceHelper;
			sourceTree = "<group>";
		};
		5EDC143DE388F23915E438F9 /* Scene */ = {
			isa = PBXGroup;
			children = (
				5EDC1E5720165EE2DD806AF0 /* SceneBase */,
				5EDC17D79872DD7E1F69FD69 /* ESceneType.h */,
				CF523BC35F5F9C38D4BA7802 /* SceneGame */,
				B068720AFFF43D72E39287F1 /* SceneStart */,
			);
			path = Scene;
			sourceTree = "<group>";
		};
		5EDC14649408AAF7CDA6C230 /* Models */ = {
			isa = PBXGroup;
			children = (
				5EDC1490783C1941DFB3D067 /* SharedHighScoreManager */,
				CF523AAFA335B2C3BA3340A8 /* Candies */,
				CF523EE80095496B5FEC8EC7 /* GameManager */,
			);
			path = Models;
			sourceTree = "<group>";
		};
		5EDC1490783C1941DFB3D067 /* SharedHighScoreManager */ = {
			isa = PBXGroup;
			children = (
				5EDC136B326C3AA06AC49DD7 /* SharedHighScoreManager.h */,
				5EDC127C760C8ABAB1AE14BA /* SharedHighScoreManager.m */,
			);
			path = SharedHighScoreManager;
			sourceTree = "<group>";
		};
		5EDC174BE4DCEDC081147FC9 /* System */ = {
			isa = PBXGroup;
			children = (
				5EDC13721D4EE0E7842872F0 /* SharedDeviceHelper */,
			);
			path = System;
			sourceTree = "<group>";
		};
		5EDC18270E0FFCA27D7113BE /* BonusDelegate */ = {
			isa = PBXGroup;
			children = (
				5EDC168BC233D3CE74B1D1DC /* BonusDelegate.h */,
				5EDC1B4EC5B2F181F6F01041 /* DelegateContainer.m */,
				5EDC10CB47CFEECA03912435 /* DelegateContainer.h */,
			);
			path = BonusDelegate;
			sourceTree = "<group>";
		};
		5EDC18C0A8AC527F4D68BFF4 /* views */ = {
			isa = PBXGroup;
			children = (
				5EDC1B04E91ACF8DB1E067B5 /* CandyView.m */,
				5EDC14C57AD0D90D7024AC62 /* CandyView.h */,
				5EDC1D45D94F07FF2DC00142 /* PauseView.h */,
				5EDC1C3E616AC3EFAB37850B /* PauseView.m */,
			);
			path = views;
			sourceTree = "<group>";
		};
		5EDC1B9417A1C8AB147515AC /* Controls */ = {
			isa = PBXGroup;
			children = (
				5EDC1BFEE07A42717CB475C8 /* ServiceView */,
			);
			path = Controls;
			sourceTree = "<group>";
		};
		5EDC1BFEE07A42717CB475C8 /* ServiceView */ = {
			isa = PBXGroup;
			children = (
				5EDC1A3438BE9AF9533DC40C /* ServiceView.h */,
				5EDC1A4C6774F0EB81F45855 /* ServiceView.m */,
				5EDC1F121F919B821E831AFF /* EButtonServiceType.h */,
			);
			path = ServiceView;
			sourceTree = "<group>";
		};
		5EDC1C83CD247FCBA06A91D1 /* ResourceManager */ = {
			isa = PBXGroup;
			children = (
				5EDC1CDF03CFEBDDD322141D /* ResourceManager.m */,
				5EDC1DB592997559B716FB2D /* ResourceManager.h */,
			);
			path = ResourceManager;
			sourceTree = "<group>";
		};
		5EDC1DEF09028C864B5BD358 /* Cocos2dAdditions */ = {
			isa = PBXGroup;
			children = (
				5EDC159C9EBC113B7A7C4EC5 /* CCButton.h */,
				5EDC1D53F6542180CA7E3B79 /* CCButton.m */,
				5EDC1387FCC4C76423326295 /* CCButtonDelegate.h */,
				5EDC19642CC227294AEF5A7B /* CCSprite+Resize.m */,
				5EDC1E3123A65B3FF7F769B6 /* CCSprite+Resize.h */,
			);
			path = Cocos2dAdditions;
			sourceTree = "<group>";
		};
		5EDC1E5720165EE2DD806AF0 /* SceneBase */ = {
			isa = PBXGroup;
			children = (
				5EDC1F41B2BB4485A0B8C7AD /* SceneBase.h */,
				5EDC141EB95ABD84B78382A6 /* SceneBase.m */,
			);
			path = SceneBase;
			sourceTree = "<group>";
		};
		B068720AFFF43D72E39287F1 /* SceneStart */ = {
			isa = PBXGroup;
			children = (
				B06873C2C44F3563469949AB /* SceneStart.h */,
				B0687FCFFBBEFCD69D640162 /* SceneStart.m */,
			);
			path = SceneStart;
			sourceTree = "<group>";
		};
		CF5235DF2350A0D029D50FCB /* unpackedResources */ = {
			isa = PBXGroup;
			children = (
				CF523F0DE9FCDFE82E938988 /* controls */,
				CF5238E6519404D7C03DEBC5 /* background */,
				CF523E0915FF5571EB0AF142 /* сolorBombs */,
				CF523E0BB4A3887450191B98 /* bombBonuses */,
				CF523A1DFCEC27593A427C37 /* normalCandies */,
				CF523FB74B7C71430A91C382 /* verticalBonus */,
				CF5235FFC85A5BE66F164F94 /* horizontalBonus */,
			);
			path = unpackedResources;
			sourceTree = "<group>";
		};
		CF5235FFC85A5BE66F164F94 /* horizontalBonus */ = {
			isa = PBXGroup;
			children = (
				5EDC106FED594DD8DFAF8557 /* blueColor.png */,
				5EDC17ED46889E4F14B34F6B /* blueLines.png */,
				5EDC1F2B2951E894F59678EE /* greenColor.png */,
				5EDC1FFD2C7AD087E778D440 /* greenLines.png */,
				5EDC15D12AF0AA5FDFDB9A46 /* orangeColor.png */,
				5EDC1C264BE36EC45E7A0551 /* orangeLines.png */,
				5EDC175698D0913D5E231240 /* purpleColor.png */,
				5EDC1F80B8505E71D1F870BE /* purpleLines.png */,
				5EDC14A7EC248DC27329B6E8 /* redColor.png */,
				5EDC1A60FFAD8AD1664C0A31 /* redLines.png */,
				5EDC129913949F99E105204B /* yellowColor.png */,
				5EDC1B091C0737005B9799C4 /* YellowLines.png */,
			);
			path = horizontalBonus;
			sourceTree = "<group>";
		};
		CF5238E6519404D7C03DEBC5 /* background */ = {
			isa = PBXGroup;
			children = (
				5EDC1938625980D40DF429EE /* backgroundImage.png */,
				CF5236B343CE70BA988B4DBA /* field.png */,
			);
			path = background;
			sourceTree = "<group>";
		};
		CF523A1DFCEC27593A427C37 /* normalCandies */ = {
			isa = PBXGroup;
			children = (
				CF52388C650C5CC8784632B6 /* candyRed.png */,
				CF523C68970C8FB4254AA70A /* candyBlue.png */,
				CF523EA7BE401DEDD0A7064B /* candyGreen.png */,
				CF523FE1CDA2B525DF51524A /* candyOrange.png */,
				CF5238A616B5305FAE3A6F46 /* candyPurple.png */,
				CF523EDCB2AF1C649FECD02D /* candyYellow.png */,
			);
			path = normalCandies;
			sourceTree = "<group>";
		};
		CF523AAFA335B2C3BA3340A8 /* Candies */ = {
			isa = PBXGroup;
			children = (
				CF523D2AFC0AB2516B65ED88 /* Candy.m */,
				CF5232EEBB4455E23BF2CFB3 /* Candy.h */,
				CF523F0E1B9A2E1CDE3E02C7 /* ECandyColor.h */,
				CF523E0CE36384CAFB8FEC17 /* CandyBonuses */,
			);
			path = Candies;
			sourceTree = "<group>";
		};
		CF523BC35F5F9C38D4BA7802 /* SceneGame */ = {
			isa = PBXGroup;
			children = (
				CF523BE92D74E5DC9B491258 /* SceneGame.h */,
				CF523AE3387C3F139C5D9289 /* SceneGame.m */,
				5EDC18C0A8AC527F4D68BFF4 /* views */,
			);
			path = SceneGame;
			sourceTree = "<group>";
		};
		CF523CC7881526F5ECC9C72A /* Base */ = {
			isa = PBXGroup;
			children = (
				CF52373F0567BF9170806FEA /* CandyBonus.h */,
				CF523D1293B89B0BDEFB8D9C /* CandyBonus.m */,
			);
			path = Base;
			sourceTree = "<group>";
		};
		CF523E0915FF5571EB0AF142 /* сolorBombs */ = {
			isa = PBXGroup;
			children = (
				CF5236AB0BC883A54C09D4AE /* colorBombRed.png */,
				CF5230750511F6D6AFAD6939 /* colorBombBlue.png */,
				CF5232762E0E144D0740382A /* colorBombGreen.png */,
				CF5238FBFAF292729967AFBE /* colorBombOrange.png */,
				CF52324121421AAE2A049124 /* colorBombPurple.png */,
				CF523951D4DE0F678AF0F5BA /* colorBombYellow.png */,
			);
			path = "сolorBombs";
			sourceTree = "<group>";
		};
		CF523E0BB4A3887450191B98 /* bombBonuses */ = {
			isa = PBXGroup;
			children = (
				5EDC11F49108027641E7AEBA /* bombBlue.png */,
				5EDC1C81F69C027C94E9AEB6 /* bombGreen.png */,
				5EDC1591DD3B270AB05309E3 /* bombOrange.png */,
				5EDC18ED74EC87FD2C2F81DC /* bombPurple.png */,
				5EDC146C232A129472C16C6F /* bombRed.png */,
				5EDC19FB9C2A90F057FFBD10 /* bombYellow.png */,
			);
			path = bombBonuses;
			sourceTree = "<group>";
		};
		CF523E0CE36384CAFB8FEC17 /* CandyBonuses */ = {
			isa = PBXGroup;
			children = (
				CF5233A659E654ACF4B1F573 /* ECandyBonusType.h */,
				CF523CC7881526F5ECC9C72A /* Base */,
				CF52383CF991C94441CA9CB1 /* CandyBonusNothing.m */,
				CF5239832C6F22354E7610AD /* CandyBonusNothing.h */,
				CF5230BD450666FA6825348E /* CandyBonusVerticalLine.m */,
				CF523036A17F906E5ECC63A0 /* CandyBonusVerticalLine.h */,
				CF523509688A98BD6913D362 /* CandyBonusHorizontalLine.m */,
				CF52323BB94C50058EDA5913 /* CandyBonusHorizontalLine.h */,
				CF5238E941BE9972823601D9 /* CandyBonusBomb.m */,
				CF523D09681F0B6DE918134B /* CandyBonusBomb.h */,
				CF523CD9E5E078B3DF1F0A48 /* CandyBonusColorBomb.m */,
				CF523C3107923445449E0EBE /* CandyBonusColorBomb.h */,
				5EDC18270E0FFCA27D7113BE /* BonusDelegate */,
			);
			path = CandyBonuses;
			sourceTree = "<group>";
		};
		CF523EE80095496B5FEC8EC7 /* GameManager */ = {
			isa = PBXGroup;
			children = (
				CF52310AC602610BD9A81A4F /* GameManager.m */,
				CF5235E6EF7BB22BB536524F /* GameManager.h */,
			);
			path = GameManager;
			sourceTree = "<group>";
		};
		CF523F0DE9FCDFE82E938988 /* controls */ = {
			isa = PBXGroup;
			children = (
				CF5238B89BE21194057730E7 /* selector.png */,
				5EDC13DD3B99936951F4ACBB /* exit.png */,
				5EDC116A72DA97786782C480 /* musicOff.png */,
				5EDC14DBE9C7E8085E006983 /* musicOn.png */,
				5EDC1897734C17C9DC9169FD /* pause.png */,
			);
			path = controls;
			sourceTree = "<group>";
		};
		CF523FB74B7C71430A91C382 /* verticalBonus */ = {
			isa = PBXGroup;
			children = (
				5EDC1FCA3C7E5A7899986FA0 /* blueColorV.png */,
				5EDC1E6ABB4489991518212C /* blueLinesV.png */,
				5EDC103F6C7317F0FC8A2CB8 /* greenColorV.png */,
				5EDC1650657E60E6C6BCC1E0 /* greenLinesV.png */,
				5EDC198144A7CB38AD1D8BD7 /* orangeColorV.png */,
				5EDC1FB749400FC515A275EA /* orangeLinesV.png */,
				5EDC1DD1DB8D85F272D91875 /* purpleColorV.png */,
				5EDC17CD68F7EE1E43A98DD4 /* purpleLinesV.png */,
				5EDC113FA25D1CF2C799F83B /* redColorV.png */,
				5EDC1D9BD3AE236C2EAC591C /* redLinesV.png */,
				5EDC1F05B6643F2C20A18CAD /* YellowColorV.png */,
				5EDC15D109E92DB980D24A29 /* yellowLinesV.png */,
			);
			path = verticalBonus;
			sourceTree = "<group>";
		};
		DC1BE68414F417CC00F49D25 /* ubuntu-font-family-0.80 */ = {
			isa = PBXGroup;
			children = (
				DC1BE68614F417CC00F49D25 /* copyright.txt */,
				DC1BE68914F417CC00F49D25 /* LICENCE.txt */,
				DC1BE68C14F417CC00F49D25 /* Ubuntu-B.ttf */,
				DC1BE68D14F417CC00F49D25 /* Ubuntu-BI.ttf */,
				DC1BE68E14F417CC00F49D25 /* Ubuntu-C.ttf */,
				DC1BE68F14F417CC00F49D25 /* Ubuntu-L.ttf */,
				DC1BE69014F417CC00F49D25 /* Ubuntu-LI.ttf */,
				DC1BE69114F417CC00F49D25 /* Ubuntu-M.ttf */,
				DC1BE69214F417CC00F49D25 /* Ubuntu-MI.ttf */,
				DC1BE69314F417CC00F49D25 /* Ubuntu-R.ttf */,
				DC1BE69414F417CC00F49D25 /* Ubuntu-RI.ttf */,
				DC1BE69514F417CC00F49D25 /* UbuntuMono-B.ttf */,
				DC1BE69614F417CC00F49D25 /* UbuntuMono-BI.ttf */,
				DC1BE69714F417CC00F49D25 /* UbuntuMono-R.ttf */,
				DC1BE69814F417CC00F49D25 /* UbuntuMono-RI.ttf */,
			);
			path = "ubuntu-font-family-0.80";
			sourceTree = "<group>";
		};
		DCC1A0D613A94EC0005BD75D = {
			isa = PBXGroup;
			children = (
				DCC1A38C13A94F1A005BD75D /* Projectfiles */,
				DCC1A0F713A94ED5005BD75D /* Projectfiles-iOS */,
				DCC1A26413A94EE6005BD75D /* Projectfiles-Mac */,
				DCFA90ED13B4F6A0009DD35A /* BuildSettings */,
				DCC1A0E613A94ED5005BD75D /* Frameworks */,
				DCC1A0E413A94ED5005BD75D /* Products */,
			);
			sourceTree = "<group>";
		};
		DCC1A0E413A94ED5005BD75D /* Products */ = {
			isa = PBXGroup;
			children = (
			);
			name = Products;
			sourceTree = "<group>";
		};
		DCC1A0E613A94ED5005BD75D /* Frameworks */ = {
			isa = PBXGroup;
			children = (
			);
			name = Frameworks;
			sourceTree = "<group>";
		};
		DCC1A0F713A94ED5005BD75D /* Projectfiles-iOS */ = {
			isa = PBXGroup;
			children = (
				DC1BE68414F417CC00F49D25 /* ubuntu-font-family-0.80 */,
				DCC1A0F813A94ED5005BD75D /* Resources */,
			);
			path = "Projectfiles-iOS";
			sourceTree = "<group>";
		};
		DCC1A0F813A94ED5005BD75D /* Resources */ = {
			isa = PBXGroup;
			children = (
				DC2721A9160CAFC700D88944 /* iTunesArtwork */,
				DC2721A1160CAEB600D88944 /* Default-568h@2x.png */,
				DCC1A0F913A94ED5005BD75D /* Default.png */,
				DCC1A0FB13A94ED5005BD75D /* fps_images.png */,
				DC26D6D914B9F2C600B6002E /* fps_images-hd.png */,
				DC65617215114B4A00E59F8A /* fps_images-ipadhd.png */,
				DCC1A0FD13A94ED5005BD75D /* Icon-72.png */,
				DCC1A0FF13A94ED5005BD75D /* Icon-Small-50.png */,
				DCC1A10113A94ED5005BD75D /* Icon-Small.png */,
				DCC1A10313A94ED5005BD75D /* Icon-Small@2x.png */,
				DCC1A10513A94ED5005BD75D /* Icon.png */,
				DCC1A10713A94ED5005BD75D /* Icon@2x.png */,
				DCC1A10913A94ED5005BD75D /* Info.plist */,
			);
			path = Resources;
			sourceTree = "<group>";
		};
		DCC1A26413A94EE6005BD75D /* Projectfiles-Mac */ = {
			isa = PBXGroup;
			children = (
				DCC1A26513A94EE6005BD75D /* Resources */,
			);
			path = "Projectfiles-Mac";
			sourceTree = "<group>";
		};
		DCC1A26513A94EE6005BD75D /* Resources */ = {
			isa = PBXGroup;
			children = (
				DCC1A26D13A94EE6005BD75D /* fps_images.png */,
				DCC1A26F13A94EE6005BD75D /* icon.icns */,
				DCC1A27113A94EE6005BD75D /* Info.plist */,
				DCC1A26613A94EE6005BD75D /* English.lproj */,
			);
			name = Resources;
			sourceTree = "<group>";
		};
		DCC1A26613A94EE6005BD75D /* English.lproj */ = {
			isa = PBXGroup;
			children = (
				DCC1A26713A94EE6005BD75D /* InfoPlist.strings */,
				DCC1A26A13A94EE6005BD75D /* MainMenu.xib */,
			);
			name = English.lproj;
			sourceTree = "<group>";
		};
		DCC1A38C13A94F1A005BD75D /* Projectfiles */ = {
			isa = PBXGroup;
			children = (
				DCC1A38D13A94F1A005BD75D /* AppDelegate.h */,
				DCC1A38E13A94F1A005BD75D /* AppDelegate.m */,
				DCC1A39413A94F1A005BD75D /* Resources */,
				DCC1A3CF13A94F2C005BD75D /* Supporting Files */,
				5EDC143DE388F23915E438F9 /* Scene */,
				5EDC174BE4DCEDC081147FC9 /* System */,
				5EDC14649408AAF7CDA6C230 /* Models */,
				CF52341290129F8397A96DFB /* MyConstants.h */,
				CF523AD066A30695094B65BD /* MyConstants.m */,
				5EDC12F53B3F167DF98B2E3E /* Vendors */,
				5EDC1B9417A1C8AB147515AC /* Controls */,
				5EDC18001983888962D6A852 /* ConstantsStatic.m */,
				5EDC1C06AE70C3B6CC100C6A /* ConstantsStatic.h */,
			);
			path = Projectfiles;
			sourceTree = "<group>";
		};
		DCC1A39413A94F1A005BD75D /* Resources */ = {
			isa = PBXGroup;
			children = (
				DCC1A39513A94F1A005BD75D /* config.lua */,
				5EDC1C83CD247FCBA06A91D1 /* ResourceManager */,
				5EDC12A34AC525CE3898BEB5 /* sound */,
				CF5235DF2350A0D029D50FCB /* unpackedResources */,
			);
			path = Resources;
			sourceTree = "<group>";
		};
		DCC1A3CF13A94F2C005BD75D /* Supporting Files */ = {
			isa = PBXGroup;
			children = (
				DCC1A39113A94F1A005BD75D /* main.m */,
				DCC1A39213A94F1A005BD75D /* Prefix-iOS.pch */,
				DCC1A39313A94F1A005BD75D /* Prefix-Mac.pch */,
			);
			name = "Supporting Files";
			sourceTree = "<group>";
		};
		DCFA90ED13B4F6A0009DD35A /* BuildSettings */ = {
			isa = PBXGroup;
			children = (
				DCFA90EF13B4F6F7009DD35A /* BuildSettings-Debug-iOS.xcconfig */,
				DCFA90F013B4F811009DD35A /* BuildSettings-Release-iOS.xcconfig */,
				DC3BE97813B4FB71003739CC /* BuildSettings-iOS.xcconfig */,
				DC9C33E713B5024400931BF2 /* BuildSettings-Debug-Mac.xcconfig */,
				DC9C33E913B5024400931BF2 /* BuildSettings-Release-Mac.xcconfig */,
				DC9C33E813B5024400931BF2 /* BuildSettings-Mac.xcconfig */,
			);
			path = BuildSettings;
			sourceTree = "<group>";
		};
/* End PBXGroup section */

/* Begin PBXNativeTarget section */
		DCC1A0E213A94ED5005BD75D /* app1-iOS */ = {
			isa = PBXNativeTarget;
			buildConfigurationList = DCC1A25313A94ED7005BD75D /* Build configuration list for PBXNativeTarget "app1-iOS" */;
			buildPhases = (
				DCC1A0DF13A94ED5005BD75D /* Sources */,
				DCC1A0E013A94ED5005BD75D /* Frameworks */,
				DCC1A0E113A94ED5005BD75D /* Resources */,
			);
			buildRules = (
			);
			dependencies = (
			);
			name = "app1-iOS";
			productName = "Hello-World-iOS";
			productType = "com.apple.product-type.application";
		};
		DCC1A25913A94EE6005BD75D /* app1-Mac */ = {
			isa = PBXNativeTarget;
			buildConfigurationList = DCC1A38913A94EE7005BD75D /* Build configuration list for PBXNativeTarget "app1-Mac" */;
			buildPhases = (
				DCC1A25613A94EE6005BD75D /* Sources */,
				DCC1A25713A94EE6005BD75D /* Frameworks */,
				DCC1A25813A94EE6005BD75D /* Resources */,
			);
			buildRules = (
			);
			dependencies = (
			);
			name = "app1-Mac";
			productName = "Hello-World-Mac";
			productType = "com.apple.product-type.application";
		};
/* End PBXNativeTarget section */

/* Begin PBXProject section */
		DCC1A0D813A94EC0005BD75D /* Project object */ = {
			isa = PBXProject;
			attributes = {
				LastUpgradeCheck = 0420;
			};
			buildConfigurationList = DCC1A0DB13A94EC0005BD75D /* Build configuration list for PBXProject "app1" */;
			compatibilityVersion = "Xcode 3.2";
			developmentRegion = English;
			hasScannedForEncodings = 0;
			knownRegions = (
				en,
				English,
			);
			mainGroup = DCC1A0D613A94EC0005BD75D;
			productRefGroup = DCC1A0E413A94ED5005BD75D /* Products */;
			projectDirPath = "";
			projectRoot = "";
			targets = (
				DCC1A0E213A94ED5005BD75D /* app1-iOS */,
				DCC1A25913A94EE6005BD75D /* app1-Mac */,
			);
		};
/* End PBXProject section */

/* Begin PBXResourcesBuildPhase section */
		DCC1A0E113A94ED5005BD75D /* Resources */ = {
			isa = PBXResourcesBuildPhase;
			buildActionMask = 2147483647;
			files = (
				DCC1A0FA13A94ED5005BD75D /* Default.png in Resources */,
				DCC1A0FC13A94ED5005BD75D /* fps_images.png in Resources */,
				DCC1A0FE13A94ED5005BD75D /* Icon-72.png in Resources */,
				DCC1A10013A94ED5005BD75D /* Icon-Small-50.png in Resources */,
				DCC1A10213A94ED5005BD75D /* Icon-Small.png in Resources */,
				DCC1A10413A94ED5005BD75D /* Icon-Small@2x.png in Resources */,
				DCC1A10613A94ED5005BD75D /* Icon.png in Resources */,
				DCC1A10813A94ED5005BD75D /* Icon@2x.png in Resources */,
				DCC1A3AF13A94F1A005BD75D /* config.lua in Resources */,
				DC1BE6A014F417CC00F49D25 /* Ubuntu-B.ttf in Resources */,
				DC1BE6A114F417CC00F49D25 /* Ubuntu-BI.ttf in Resources */,
				DC1BE6A214F417CC00F49D25 /* Ubuntu-C.ttf in Resources */,
				DC1BE6A314F417CC00F49D25 /* Ubuntu-L.ttf in Resources */,
				DC1BE6A414F417CC00F49D25 /* Ubuntu-LI.ttf in Resources */,
				DC1BE6A514F417CC00F49D25 /* Ubuntu-M.ttf in Resources */,
				DC1BE6A614F417CC00F49D25 /* Ubuntu-MI.ttf in Resources */,
				DC1BE6A714F417CC00F49D25 /* Ubuntu-R.ttf in Resources */,
				DC1BE6A814F417CC00F49D25 /* Ubuntu-RI.ttf in Resources */,
				DC1BE6A914F417CC00F49D25 /* UbuntuMono-B.ttf in Resources */,
				DC1BE6AA14F417CC00F49D25 /* UbuntuMono-BI.ttf in Resources */,
				DC1BE6AB14F417CC00F49D25 /* UbuntuMono-R.ttf in Resources */,
				DC1BE6AC14F417CC00F49D25 /* UbuntuMono-RI.ttf in Resources */,
				DC26D6DA14B9F2C600B6002E /* fps_images-hd.png in Resources */,
				DC65617315114B4A00E59F8A /* fps_images-ipadhd.png in Resources */,
				DC2721A2160CAEB600D88944 /* Default-568h@2x.png in Resources */,
				DC2721AA160CAFC700D88944 /* iTunesArtwork in Resources */,
				5EDC164383D4877CA5F8EC27 /* _test.mp3 in Resources */,
				CF523F2287B2DD1480D539EB /* selector.png in Resources */,
				CF5234C1AE135B5965884D12 /* colorBombRed.png in Resources */,
				CF523F624F367A204B03FF92 /* colorBombBlue.png in Resources */,
				CF5237B115B549F00F94C161 /* colorBombGreen.png in Resources */,
				CF5238F8EEEC2D505FAE0F3D /* colorBombOrange.png in Resources */,
				CF523260DA65B8CB7EC529B5 /* colorBombPurple.png in Resources */,
				CF52365D54C391008CD45D4A /* colorBombYellow.png in Resources */,
				CF523746A7B713679EBC1663 /* candyRed.png in Resources */,
				CF5236F3B46511C25D3390F8 /* candyBlue.png in Resources */,
				CF5237207390DDEEA9447811 /* candyGreen.png in Resources */,
				CF52373647747EAC712C0BCA /* candyOrange.png in Resources */,
				CF523F78ABC49229C936A52D /* candyPurple.png in Resources */,
				CF523808B075A408F951D330 /* candyYellow.png in Resources */,
				5EDC194F92EA8FA049EABA66 /* backgroundImage.png in Resources */,
				5EDC1D238067277CE8A54D2A /* bombBlue.png in Resources */,
				5EDC152C4684BDAC43BD43F1 /* bombGreen.png in Resources */,
				5EDC16EBA7C38F1E53381C88 /* bombOrange.png in Resources */,
				5EDC1171CDC326E974565074 /* bombPurple.png in Resources */,
				5EDC18711125E480B02B21CC /* bombRed.png in Resources */,
				5EDC1E0DA4F78C2062D49237 /* bombYellow.png in Resources */,
				5EDC1FAE1B81150BCBFA99E7 /* blueColor.png in Resources */,
				5EDC1C07EC18380DE18CEF88 /* blueLines.png in Resources */,
				5EDC11C2FABA8B07D27FBE2D /* greenColor.png in Resources */,
				5EDC1A4219AC190BBAFB1509 /* greenLines.png in Resources */,
				5EDC17A2ACF04110972A5457 /* orangeColor.png in Resources */,
				5EDC1C9A4F3959E2DBCF3B8E /* orangeLines.png in Resources */,
				5EDC12119AB18E616BFA0C69 /* purpleColor.png in Resources */,
				5EDC1D9DA8BACBD9901B5DCF /* purpleLines.png in Resources */,
				5EDC1A8CBE28866813CAED48 /* redColor.png in Resources */,
				5EDC15A42415B243AFE2EC08 /* redLines.png in Resources */,
				5EDC197C9CC949A480BC2FD2 /* yellowColor.png in Resources */,
				5EDC1A011E2B4437D57AB9B9 /* YellowLines.png in Resources */,
				5EDC16BC6070AA50B47AAC39 /* blueColorV.png in Resources */,
				5EDC1CE1F0D7FADB6F61739C /* blueLinesV.png in Resources */,
				5EDC1223D9F4B2F03C5A5489 /* greenColorV.png in Resources */,
				5EDC1456D03131C70B8EFC09 /* greenLinesV.png in Resources */,
				5EDC1E4390617119C1C7871E /* orangeColorV.png in Resources */,
				5EDC1D9353B66D87EEF12617 /* orangeLinesV.png in Resources */,
				5EDC1F6C3650C30434893214 /* purpleColorV.png in Resources */,
				5EDC1675D9D53D495278040B /* purpleLinesV.png in Resources */,
				5EDC1F087044603A092F4B27 /* redColorV.png in Resources */,
				5EDC1300E27DFBA35C3A9E28 /* redLinesV.png in Resources */,
				5EDC103DDFB79589A72FDDCD /* YellowColorV.png in Resources */,
				5EDC1751BDE6EC131E8DB268 /* yellowLinesV.png in Resources */,
				CF523B89F4C6F5CA615CE85A /* field.png in Resources */,
				5EDC157C3926C62A814AE5E1 /* exit.png in Resources */,
				5EDC1AFAFAA298C53866748B /* musicOff.png in Resources */,
				5EDC1B99F72A2C5ECBEAAB0C /* musicOn.png in Resources */,
				5EDC1CA7FD7C9CFB233E3FA0 /* pause.png in Resources */,
				5EDC18AE202535D5ED1A04AC /* background.mp3 in Resources */,
			);
			runOnlyForDeploymentPostprocessing = 0;
		};
		DCC1A25813A94EE6005BD75D /* Resources */ = {
			isa = PBXResourcesBuildPhase;
			buildActionMask = 2147483647;
			files = (
				DCC1A26913A94EE6005BD75D /* InfoPlist.strings in Resources */,
				DCC1A26C13A94EE6005BD75D /* MainMenu.xib in Resources */,
				DCC1A26E13A94EE6005BD75D /* fps_images.png in Resources */,
				DCC1A27013A94EE6005BD75D /* icon.icns in Resources */,
				DCC1A3B013A94F1A005BD75D /* config.lua in Resources */,
				DC26D6DB14B9F2C600B6002E /* fps_images-hd.png in Resources */,
			);
			runOnlyForDeploymentPostprocessing = 0;
		};
/* End PBXResourcesBuildPhase section */

/* Begin PBXSourcesBuildPhase section */
		DCC1A0DF13A94ED5005BD75D /* Sources */ = {
			isa = PBXSourcesBuildPhase;
			buildActionMask = 2147483647;
			files = (
				DCC1A3A913A94F1A005BD75D /* AppDelegate.m in Sources */,
				DCC1A3AD13A94F1A005BD75D /* main.m in Sources */,
				5EDC116F8B1AFD760582B6BD /* SceneBase.m in Sources */,
				5EDC141AED85AE12B1FB5020 /* SharedDeviceHelper.m in Sources */,
				5EDC1877C00AE8847C618079 /* SharedHighScoreManager.m in Sources */,
				CF523FDD769C7353E713584E /* MyConstants.m in Sources */,
				CF523571F1A949753BAF07BC /* Candy.m in Sources */,
				CF523142374BA40D17A3A632 /* CandyBonusNothing.m in Sources */,
				CF523E4FFF3CB3FFDC6F15B0 /* CandyBonusVerticalLine.m in Sources */,
				CF523D7F9DE3FEAE77432496 /* CandyBonusHorizontalLine.m in Sources */,
				CF523AAD41BF1AE7CAB498C7 /* CandyBonusBomb.m in Sources */,
				CF523D3115E62603CC6F8192 /* CandyBonusColorBomb.m in Sources */,
				CF52339AD7BD34415AC0DA10 /* GameManager.m in Sources */,
				CF52358C408C4F46B6235472 /* CandyBonus.m in Sources */,
				CF523D54A0C6296A73C73F6D /* SceneGame.m in Sources */,
				5EDC1D0A548703D3EBC62949 /* CCButton.m in Sources */,
				5EDC1B8BF8846568662FFA0A /* ResourceManager.m in Sources */,
				5EDC1D9E6DC73EBB7A2A648F /* ServiceView.m in Sources */,
				5EDC1410B6098BF11ADC5030 /* ConstantsStatic.m in Sources */,
				5EDC112FC1AE3DABD926482B /* DelegateContainer.m in Sources */,
				5EDC153C670C198E3B14D3A8 /* CandyView.m in Sources */,
				5EDC1E8DAB97A4DE96068BF4 /* CCSprite+Resize.m in Sources */,
				B06876A97D2E75FD0EA9C738 /* SceneStart.m in Sources */,
				5EDC140B2E5CB4BF2D0E6343 /* PauseView.m in Sources */,
			);
			runOnlyForDeploymentPostprocessing = 0;
		};
		DCC1A25613A94EE6005BD75D /* Sources */ = {
			isa = PBXSourcesBuildPhase;
			buildActionMask = 2147483647;
			files = (
				DCC1A3AA13A94F1A005BD75D /* AppDelegate.m in Sources */,
				DCC1A3AE13A94F1A005BD75D /* main.m in Sources */,
			);
			runOnlyForDeploymentPostprocessing = 0;
		};
/* End PBXSourcesBuildPhase section */

/* Begin PBXVariantGroup section */
		DCC1A26713A94EE6005BD75D /* InfoPlist.strings */ = {
			isa = PBXVariantGroup;
			children = (
				DCC1A26813A94EE6005BD75D /* English */,
			);
			name = InfoPlist.strings;
			sourceTree = "<group>";
		};
		DCC1A26A13A94EE6005BD75D /* MainMenu.xib */ = {
			isa = PBXVariantGroup;
			children = (
				DCC1A26B13A94EE6005BD75D /* English */,
			);
			name = MainMenu.xib;
			sourceTree = "<group>";
		};
/* End PBXVariantGroup section */

/* Begin XCBuildConfiguration section */
		DCC1A0DD13A94EC0005BD75D /* Debug */ = {
			isa = XCBuildConfiguration;
			buildSettings = {
			};
			name = Debug;
		};
		DCC1A0DE13A94EC0005BD75D /* Release */ = {
			isa = XCBuildConfiguration;
			buildSettings = {
			};
			name = Release;
		};
		DCC1A25413A94ED7005BD75D /* Debug */ = {
			isa = XCBuildConfiguration;
			baseConfigurationReference = DCFA90EF13B4F6F7009DD35A /* BuildSettings-Debug-iOS.xcconfig */;
			buildSettings = {
			};
			name = Debug;
		};
		DCC1A25513A94ED7005BD75D /* Release */ = {
			isa = XCBuildConfiguration;
			baseConfigurationReference = DCFA90F013B4F811009DD35A /* BuildSettings-Release-iOS.xcconfig */;
			buildSettings = {
			};
			name = Release;
		};
		DCC1A38A13A94EE7005BD75D /* Debug */ = {
			isa = XCBuildConfiguration;
			baseConfigurationReference = DC9C33E713B5024400931BF2 /* BuildSettings-Debug-Mac.xcconfig */;
			buildSettings = {
				SDKROOT = macosx;
			};
			name = Debug;
		};
		DCC1A38B13A94EE7005BD75D /* Release */ = {
			isa = XCBuildConfiguration;
			baseConfigurationReference = DC9C33E913B5024400931BF2 /* BuildSettings-Release-Mac.xcconfig */;
			buildSettings = {
				SDKROOT = macosx;
			};
			name = Release;
		};
/* End XCBuildConfiguration section */

/* Begin XCConfigurationList section */
		DCC1A0DB13A94EC0005BD75D /* Build configuration list for PBXProject "app1" */ = {
			isa = XCConfigurationList;
			buildConfigurations = (
				DCC1A0DD13A94EC0005BD75D /* Debug */,
				DCC1A0DE13A94EC0005BD75D /* Release */,
			);
			defaultConfigurationIsVisible = 0;
			defaultConfigurationName = Release;
		};
		DCC1A25313A94ED7005BD75D /* Build configuration list for PBXNativeTarget "app1-iOS" */ = {
			isa = XCConfigurationList;
			buildConfigurations = (
				DCC1A25413A94ED7005BD75D /* Debug */,
				DCC1A25513A94ED7005BD75D /* Release */,
			);
			defaultConfigurationIsVisible = 0;
			defaultConfigurationName = Release;
		};
		DCC1A38913A94EE7005BD75D /* Build configuration list for PBXNativeTarget "app1-Mac" */ = {
			isa = XCConfigurationList;
			buildConfigurations = (
				DCC1A38A13A94EE7005BD75D /* Debug */,
				DCC1A38B13A94EE7005BD75D /* Release */,
			);
			defaultConfigurationIsVisible = 0;
			defaultConfigurationName = Release;
		};
/* End XCConfigurationList section */
	};
	rootObject = DCC1A0D813A94EC0005BD75D /* Project object */;
}
