// !$*UTF8*$!
{
	archiveVersion = 1;
	classes = {
	};
	objectVersion = 46;
	objects = {

/* Begin PBXBuildFile section */
		5EDC10DDDF58ECD6FE8AE8E0 /* purpleLinesV.png in Resources */ = {isa = PBXBuildFile; fileRef = 5EDC153A7DC83DA15870E769 /* purpleLinesV.png */; };
		5EDC112FC1AE3DABD926482B /* DelegateContainer.m in Sources */ = {isa = PBXBuildFile; fileRef = 5EDC1B4EC5B2F181F6F01041 /* DelegateContainer.m */; };
		5EDC116299CA05FBD24AC548 /* SharedProgressManager.m in Sources */ = {isa = PBXBuildFile; fileRef = 5EDC1042A352D4D591EC28A2 /* SharedProgressManager.m */; };
		5EDC116F8B1AFD760582B6BD /* SceneBase.m in Sources */ = {isa = PBXBuildFile; fileRef = 5EDC141EB95ABD84B78382A6 /* SceneBase.m */; };
		5EDC11A0561AF6D6A739CA8E /* delicious.png in Resources */ = {isa = PBXBuildFile; fileRef = 5EDC112D874C73126569A6AD /* delicious.png */; };
		5EDC11F1A9DE1A93183BC6AC /* redColor.png in Resources */ = {isa = PBXBuildFile; fileRef = 5EDC199C84AE5D5C7ADC9A39 /* redColor.png */; };
		5EDC1262A0A3A1EEC42B3727 /* bombPurple.png in Resources */ = {isa = PBXBuildFile; fileRef = 5EDC1DE800EE15E6132A5851 /* bombPurple.png */; };
		5EDC128440DCB11F42CCDB95 /* selector.png in Resources */ = {isa = PBXBuildFile; fileRef = 5EDC15433D6329E54F9B2CD5 /* selector.png */; };
		5EDC12A4BC26FBDB5BD009FF /* candyGreen.png in Resources */ = {isa = PBXBuildFile; fileRef = 5EDC10E6267475F78F072BEA /* candyGreen.png */; };
		5EDC12E61B130D5BA88F02A8 /* fieldImage.png in Resources */ = {isa = PBXBuildFile; fileRef = 5EDC1D7044E7162567680CA1 /* fieldImage.png */; };
		5EDC137E90A3D34EF3CFD251 /* greenLinesV.png in Resources */ = {isa = PBXBuildFile; fileRef = 5EDC1B3C10033DA84A99F18B /* greenLinesV.png */; };
		5EDC13A4B65EDFE8C551D4EA /* musicOff.png in Resources */ = {isa = PBXBuildFile; fileRef = 5EDC18F812F59A825DF41262 /* musicOff.png */; };
		5EDC13C8C0EDD91B15EAA170 /* backgroundImage.png in Resources */ = {isa = PBXBuildFile; fileRef = 5EDC1261B0C6EF509F197956 /* backgroundImage.png */; };
		5EDC13EE4F74D606AA6579F4 /* greenColor.png in Resources */ = {isa = PBXBuildFile; fileRef = 5EDC194B33D90A26A80503E9 /* greenColor.png */; };
		5EDC13FD5349E396D49359DD /* redLines.png in Resources */ = {isa = PBXBuildFile; fileRef = 5EDC1AABFB5646AA0D1FE22B /* redLines.png */; };
		5EDC1410B6098BF11ADC5030 /* ConstantsStatic.m in Sources */ = {isa = PBXBuildFile; fileRef = 5EDC18001983888962D6A852 /* ConstantsStatic.m */; };
		5EDC141AED85AE12B1FB5020 /* SharedDeviceHelper.m in Sources */ = {isa = PBXBuildFile; fileRef = 5EDC11917FC433923C09A47D /* SharedDeviceHelper.m */; };
		5EDC14C0839415079AEF73FA /* Game.m in Sources */ = {isa = PBXBuildFile; fileRef = 5EDC12AA4BD44F7C2D5F265B /* Game.m */; };
		5EDC14C5E2C679AED4A40043 /* sweet.png in Resources */ = {isa = PBXBuildFile; fileRef = 5EDC17479005D9FBC3D7B5ED /* sweet.png */; };
		5EDC14E078CA1E36A4BFCFDE /* candyRed.png in Resources */ = {isa = PBXBuildFile; fileRef = 5EDC1AD825F406CF1A01EB6D /* candyRed.png */; };
		5EDC15273E34145C0283C094 /* blueColor.png in Resources */ = {isa = PBXBuildFile; fileRef = 5EDC1B9240D6639B5743435C /* blueColor.png */; };
		5EDC153C670C198E3B14D3A8 /* CandyView.m in Sources */ = {isa = PBXBuildFile; fileRef = 5EDC1B04E91ACF8DB1E067B5 /* CandyView.m */; };
		5EDC1582242C8E5D6ECF744A /* logo.png in Resources */ = {isa = PBXBuildFile; fileRef = 5EDC1B6ACE1373649032AD12 /* logo.png */; };
		5EDC1582C9A562DDE8D6CC00 /* YellowColorV.png in Resources */ = {isa = PBXBuildFile; fileRef = 5EDC13F1BC845DC067477860 /* YellowColorV.png */; };
		5EDC15A54076CBFC1D059C7A /* redLinesV.png in Resources */ = {isa = PBXBuildFile; fileRef = 5EDC162925F171A30DA5087F /* redLinesV.png */; };
		5EDC1609015344D3120D1C9E /* sugarCrush.png in Resources */ = {isa = PBXBuildFile; fileRef = 5EDC1F9D368BA28F19257EC8 /* sugarCrush.png */; };
		5EDC16185E22F152A6E26911 /* bombBlue.png in Resources */ = {isa = PBXBuildFile; fileRef = 5EDC158ACFD94E521BBA73B2 /* bombBlue.png */; };
		5EDC163CB7920F99CF48B7CA /* colorBombPurple.png in Resources */ = {isa = PBXBuildFile; fileRef = 5EDC1CD56E6CC29D2AA3283A /* colorBombPurple.png */; };
		5EDC172F920F9B2BB0514CA3 /* bombYellow.png in Resources */ = {isa = PBXBuildFile; fileRef = 5EDC1C44E35C0167C7CED7A6 /* bombYellow.png */; };
		5EDC1734C2E92ABCBCE03A73 /* _test.mp3 in Resources */ = {isa = PBXBuildFile; fileRef = 5EDC16A9C197978D3F3A949C /* _test.mp3 */; };
		5EDC175675DAC856AEE70A10 /* bombRed.png in Resources */ = {isa = PBXBuildFile; fileRef = 5EDC1BF1902D25D42075677C /* bombRed.png */; };
		5EDC175B3A24A456E0D1D69A /* yellowLinesV.png in Resources */ = {isa = PBXBuildFile; fileRef = 5EDC1A75141EF18956B4C872 /* yellowLinesV.png */; };
		5EDC1776F9096EFA4B119E03 /* bombGreen.png in Resources */ = {isa = PBXBuildFile; fileRef = 5EDC12B51DED4B509C38A15B /* bombGreen.png */; };
		5EDC18358E092BF6837DD333 /* musicOn.png in Resources */ = {isa = PBXBuildFile; fileRef = 5EDC147CE82C310D14082942 /* musicOn.png */; };
		5EDC1877C00AE8847C618079 /* SharedHighScoreManager.m in Sources */ = {isa = PBXBuildFile; fileRef = 5EDC127C760C8ABAB1AE14BA /* SharedHighScoreManager.m */; };
		5EDC188A349F2D140651E3B8 /* prizeTwo.png in Resources */ = {isa = PBXBuildFile; fileRef = 5EDC1A8591DD5501269D14E2 /* prizeTwo.png */; };
		5EDC18AA3A7F459924721598 /* candyOrange.png in Resources */ = {isa = PBXBuildFile; fileRef = 5EDC1C236D1445558150C540 /* candyOrange.png */; };
		5EDC18ADD812FC98F0A3E930 /* colorBombOrange.png in Resources */ = {isa = PBXBuildFile; fileRef = 5EDC190B115AF51BE6B17214 /* colorBombOrange.png */; };
		5EDC19686ABD856A77E112B7 /* redColorV.png in Resources */ = {isa = PBXBuildFile; fileRef = 5EDC1C9DB897C23D7963C460 /* redColorV.png */; };
		5EDC197EE6EF83CE4B68C4D5 /* candyBlue.png in Resources */ = {isa = PBXBuildFile; fileRef = 5EDC1DC111CBF468A3D79271 /* candyBlue.png */; };
		5EDC19EC36F964D34084AF91 /* soundOn.png in Resources */ = {isa = PBXBuildFile; fileRef = 5EDC103019DAF77CF4F7C28A /* soundOn.png */; };
		5EDC1A007C899120096611EE /* orangeLines.png in Resources */ = {isa = PBXBuildFile; fileRef = 5EDC1337546B01752F4D2F19 /* orangeLines.png */; };
		5EDC1A13695A0E45C330AE1F /* blueColorV.png in Resources */ = {isa = PBXBuildFile; fileRef = 5EDC1922A2BA9752CEAE3B10 /* blueColorV.png */; };
		5EDC1A14BE67DA8D293B99A1 /* prizeOne.png in Resources */ = {isa = PBXBuildFile; fileRef = 5EDC12F3FF062C3C2B87DC20 /* prizeOne.png */; };
		5EDC1A43AB99AB68CB67ACD9 /* blueLines.png in Resources */ = {isa = PBXBuildFile; fileRef = 5EDC1606DFA124BD2AEA836D /* blueLines.png */; };
		5EDC1A65E3C020EA5573212B /* purpleColor.png in Resources */ = {isa = PBXBuildFile; fileRef = 5EDC19258604CC12085A5D6F /* purpleColor.png */; };
		5EDC1AD2F084DB3D430F8574 /* greenColorV.png in Resources */ = {isa = PBXBuildFile; fileRef = 5EDC15444A512E969E2B5426 /* greenColorV.png */; };
		5EDC1B5901044C9843301F60 /* bombOrange.png in Resources */ = {isa = PBXBuildFile; fileRef = 5EDC15BF306760308D4FE5EC /* bombOrange.png */; };
		5EDC1B6F033BF1B9E7F80181 /* colorBombGreen.png in Resources */ = {isa = PBXBuildFile; fileRef = 5EDC10FA44D3DF844B17226D /* colorBombGreen.png */; };
		5EDC1B8BF8846568662FFA0A /* ResourceManager.m in Sources */ = {isa = PBXBuildFile; fileRef = 5EDC1CDF03CFEBDDD322141D /* ResourceManager.m */; };
		5EDC1BB0900369F54B944D00 /* colorBombYellow.png in Resources */ = {isa = PBXBuildFile; fileRef = 5EDC1FEC153CD71DE9B976E7 /* colorBombYellow.png */; };
		5EDC1BBF182FFF981F4CFCBA /* soundOff.png in Resources */ = {isa = PBXBuildFile; fileRef = 5EDC121A6E9753AFCC55B119 /* soundOff.png */; };
		5EDC1BDFF1F8803ED03BF64A /* purpleColorV.png in Resources */ = {isa = PBXBuildFile; fileRef = 5EDC1B7A63F7F7FBF08A7BDC /* purpleColorV.png */; };
		5EDC1BE1D4BFAC7119D650F6 /* greenLines.png in Resources */ = {isa = PBXBuildFile; fileRef = 5EDC1C0BF30F887B31C37499 /* greenLines.png */; };
		5EDC1BFE41C4020914F1C612 /* orangeColorV.png in Resources */ = {isa = PBXBuildFile; fileRef = 5EDC15EEE665B4C1F94DB71A /* orangeColorV.png */; };
		5EDC1CA506EEA2C0583C037D /* colorBombRed.png in Resources */ = {isa = PBXBuildFile; fileRef = 5EDC129032672C7C012C95F8 /* colorBombRed.png */; };
		5EDC1CE0D6D45D1FA6CC5A24 /* purpleLines.png in Resources */ = {isa = PBXBuildFile; fileRef = 5EDC1BD1D2665E215657CBE0 /* purpleLines.png */; };
		5EDC1CF03766F25D5DC18C37 /* candyPurple.png in Resources */ = {isa = PBXBuildFile; fileRef = 5EDC17D54333EA5029F58A3A /* candyPurple.png */; };
		5EDC1D0A548703D3EBC62949 /* CCButton.m in Sources */ = {isa = PBXBuildFile; fileRef = 5EDC1D53F6542180CA7E3B79 /* CCButton.m */; };
		5EDC1D2FEE5C6F9C1E2D1A9C /* colorBombBlue.png in Resources */ = {isa = PBXBuildFile; fileRef = 5EDC198147E2386EA6F1E0F8 /* colorBombBlue.png */; };
		5EDC1D3FC118ED4BC5210A7E /* candyYellow.png in Resources */ = {isa = PBXBuildFile; fileRef = 5EDC1C6DCB638ADE4079AEDC /* candyYellow.png */; };
		5EDC1D951976B558C87D39BA /* yellowColor.png in Resources */ = {isa = PBXBuildFile; fileRef = 5EDC144FC70919582EF0149F /* yellowColor.png */; };
		5EDC1D9E6DC73EBB7A2A648F /* ServiceView.m in Sources */ = {isa = PBXBuildFile; fileRef = 5EDC1A4C6774F0EB81F45855 /* ServiceView.m */; };
		5EDC1DC19E0924A29C151BF9 /* blueLinesV.png in Resources */ = {isa = PBXBuildFile; fileRef = 5EDC1063BC02D6C3B16E3E7A /* blueLinesV.png */; };
		5EDC1DF50B917FFCA3A327F7 /* tasty.png in Resources */ = {isa = PBXBuildFile; fileRef = 5EDC161D637565A6722CE152 /* tasty.png */; };
		5EDC1E26BF2EE30629698327 /* orangeLinesV.png in Resources */ = {isa = PBXBuildFile; fileRef = 5EDC103EB85D866592EB690C /* orangeLinesV.png */; };
		5EDC1E2BFCB13E16D985A8A7 /* exit.png in Resources */ = {isa = PBXBuildFile; fileRef = 5EDC12A054ACFF1C797E39F9 /* exit.png */; };
		5EDC1E8DAB97A4DE96068BF4 /* CCSprite+Resize.m in Sources */ = {isa = PBXBuildFile; fileRef = 5EDC19642CC227294AEF5A7B /* CCSprite+Resize.m */; };
		5EDC1F25F49DC7CA8B38465F /* orangeColor.png in Resources */ = {isa = PBXBuildFile; fileRef = 5EDC158DC8B4465DE57BC666 /* orangeColor.png */; };
		5EDC1F30FB63AA5C68E42CDA /* divine.png in Resources */ = {isa = PBXBuildFile; fileRef = 5EDC16EF3DFBC89010620AAE /* divine.png */; };
		5EDC1F866BE1E3FCD57A145C /* prizeThree.png in Resources */ = {isa = PBXBuildFile; fileRef = 5EDC18DC877677CD47DDD56F /* prizeThree.png */; };
		5EDC1FBDFCB3C725809509AC /* YellowLines.png in Resources */ = {isa = PBXBuildFile; fileRef = 5EDC1AEBC9F5DB620C5031F6 /* YellowLines.png */; };
		B06876A97D2E75FD0EA9C738 /* SceneStart.m in Sources */ = {isa = PBXBuildFile; fileRef = B0687FCFFBBEFCD69D640162 /* SceneStart.m */; };
		CF523142374BA40D17A3A632 /* CandyBonusNothing.m in Sources */ = {isa = PBXBuildFile; fileRef = CF52383CF991C94441CA9CB1 /* CandyBonusNothing.m */; };
		CF52339AD7BD34415AC0DA10 /* GameManager.m in Sources */ = {isa = PBXBuildFile; fileRef = CF52310AC602610BD9A81A4F /* GameManager.m */; };
		CF523571F1A949753BAF07BC /* Candy.m in Sources */ = {isa = PBXBuildFile; fileRef = CF523D2AFC0AB2516B65ED88 /* Candy.m */; };
		CF52358C408C4F46B6235472 /* CandyBonus.m in Sources */ = {isa = PBXBuildFile; fileRef = CF523D1293B89B0BDEFB8D9C /* CandyBonus.m */; };
		CF523AAD41BF1AE7CAB498C7 /* CandyBonusBomb.m in Sources */ = {isa = PBXBuildFile; fileRef = CF5238E941BE9972823601D9 /* CandyBonusBomb.m */; };
		CF523D3115E62603CC6F8192 /* CandyBonusColorBomb.m in Sources */ = {isa = PBXBuildFile; fileRef = CF523CD9E5E078B3DF1F0A48 /* CandyBonusColorBomb.m */; };
		CF523D54A0C6296A73C73F6D /* SceneGame.m in Sources */ = {isa = PBXBuildFile; fileRef = CF523AE3387C3F139C5D9289 /* SceneGame.m */; };
		CF523D7F9DE3FEAE77432496 /* CandyBonusHorizontalLine.m in Sources */ = {isa = PBXBuildFile; fileRef = CF523509688A98BD6913D362 /* CandyBonusHorizontalLine.m */; };
		CF523E4FFF3CB3FFDC6F15B0 /* CandyBonusVerticalLine.m in Sources */ = {isa = PBXBuildFile; fileRef = CF5230BD450666FA6825348E /* CandyBonusVerticalLine.m */; };
		CF523FDD769C7353E713584E /* MyConstants.m in Sources */ = {isa = PBXBuildFile; fileRef = CF523AD066A30695094B65BD /* MyConstants.m */; };
		DC1BE6A014F417CC00F49D25 /* Ubuntu-B.ttf in Resources */ = {isa = PBXBuildFile; fileRef = DC1BE68C14F417CC00F49D25 /* Ubuntu-B.ttf */; };
		DC1BE6A114F417CC00F49D25 /* Ubuntu-BI.ttf in Resources */ = {isa = PBXBuildFile; fileRef = DC1BE68D14F417CC00F49D25 /* Ubuntu-BI.ttf */; };
		DC1BE6A214F417CC00F49D25 /* Ubuntu-C.ttf in Resources */ = {isa = PBXBuildFile; fileRef = DC1BE68E14F417CC00F49D25 /* Ubuntu-C.ttf */; };
		DC1BE6A314F417CC00F49D25 /* Ubuntu-L.ttf in Resources */ = {isa = PBXBuildFile; fileRef = DC1BE68F14F417CC00F49D25 /* Ubuntu-L.ttf */; };
		DC1BE6A414F417CC00F49D25 /* Ubuntu-LI.ttf in Resources */ = {isa = PBXBuildFile; fileRef = DC1BE69014F417CC00F49D25 /* Ubuntu-LI.ttf */; };
		DC1BE6A514F417CC00F49D25 /* Ubuntu-M.ttf in Resources */ = {isa = PBXBuildFile; fileRef = DC1BE69114F417CC00F49D25 /* Ubuntu-M.ttf */; };
		DC1BE6A614F417CC00F49D25 /* Ubuntu-MI.ttf in Resources */ = {isa = PBXBuildFile; fileRef = DC1BE69214F417CC00F49D25 /* Ubuntu-MI.ttf */; };
		DC1BE6A714F417CC00F49D25 /* Ubuntu-R.ttf in Resources */ = {isa = PBXBuildFile; fileRef = DC1BE69314F417CC00F49D25 /* Ubuntu-R.ttf */; };
		DC1BE6A814F417CC00F49D25 /* Ubuntu-RI.ttf in Resources */ = {isa = PBXBuildFile; fileRef = DC1BE69414F417CC00F49D25 /* Ubuntu-RI.ttf */; };
		DC1BE6A914F417CC00F49D25 /* UbuntuMono-B.ttf in Resources */ = {isa = PBXBuildFile; fileRef = DC1BE69514F417CC00F49D25 /* UbuntuMono-B.ttf */; };
		DC1BE6AA14F417CC00F49D25 /* UbuntuMono-BI.ttf in Resources */ = {isa = PBXBuildFile; fileRef = DC1BE69614F417CC00F49D25 /* UbuntuMono-BI.ttf */; };
		DC1BE6AB14F417CC00F49D25 /* UbuntuMono-R.ttf in Resources */ = {isa = PBXBuildFile; fileRef = DC1BE69714F417CC00F49D25 /* UbuntuMono-R.ttf */; };
		DC1BE6AC14F417CC00F49D25 /* UbuntuMono-RI.ttf in Resources */ = {isa = PBXBuildFile; fileRef = DC1BE69814F417CC00F49D25 /* UbuntuMono-RI.ttf */; };
		DC26D6DA14B9F2C600B6002E /* fps_images-hd.png in Resources */ = {isa = PBXBuildFile; fileRef = DC26D6D914B9F2C600B6002E /* fps_images-hd.png */; };
		DC26D6DB14B9F2C600B6002E /* fps_images-hd.png in Resources */ = {isa = PBXBuildFile; fileRef = DC26D6D914B9F2C600B6002E /* fps_images-hd.png */; };
		DC2721A2160CAEB600D88944 /* Default-568h@2x.png in Resources */ = {isa = PBXBuildFile; fileRef = DC2721A1160CAEB600D88944 /* Default-568h@2x.png */; };
		DC2721AA160CAFC700D88944 /* iTunesArtwork in Resources */ = {isa = PBXBuildFile; fileRef = DC2721A9160CAFC700D88944 /* iTunesArtwork */; };
		DC485B1113AA0E5600F2BC70 /* libchipmunk-mac.a in Frameworks */ = {isa = PBXBuildFile; fileRef = DC485B0D13AA0E5600F2BC70 /* libchipmunk-mac.a */; };
		DC485B1713AA0EBB00F2BC70 /* libbox2d-mac.a in Frameworks */ = {isa = PBXBuildFile; fileRef = DC485B1613AA0EBB00F2BC70 /* libbox2d-mac.a */; };
		DC485B4613AA18A600F2BC70 /* libcocosdenshion-mac.a in Frameworks */ = {isa = PBXBuildFile; fileRef = DC485B4513AA18A600F2BC70 /* libcocosdenshion-mac.a */; };
		DC65615C13A969B600A7AC53 /* libbox2d-ios.a in Frameworks */ = {isa = PBXBuildFile; fileRef = DC65615013A969B600A7AC53 /* libbox2d-ios.a */; };
		DC65615D13A969B600A7AC53 /* libchipmunk-ios.a in Frameworks */ = {isa = PBXBuildFile; fileRef = DC65615113A969B600A7AC53 /* libchipmunk-ios.a */; };
		DC65615E13A969B600A7AC53 /* libchipmunk-spacemanager-ios.a in Frameworks */ = {isa = PBXBuildFile; fileRef = DC65615213A969B600A7AC53 /* libchipmunk-spacemanager-ios.a */; };
		DC65616013A969B600A7AC53 /* libcocos2d-extensions-ios.a in Frameworks */ = {isa = PBXBuildFile; fileRef = DC65615413A969B600A7AC53 /* libcocos2d-extensions-ios.a */; };
		DC65616113A969B600A7AC53 /* libcocos2d-ios.a in Frameworks */ = {isa = PBXBuildFile; fileRef = DC65615513A969B600A7AC53 /* libcocos2d-ios.a */; };
		DC65616213A969B600A7AC53 /* libcocos3d-ios.a in Frameworks */ = {isa = PBXBuildFile; fileRef = DC65615613A969B600A7AC53 /* libcocos3d-ios.a */; };
		DC65616313A969B600A7AC53 /* libcocosdenshion-ios.a in Frameworks */ = {isa = PBXBuildFile; fileRef = DC65615713A969B600A7AC53 /* libcocosdenshion-ios.a */; };
		DC65616413A969B600A7AC53 /* libkobold2d-ios.a in Frameworks */ = {isa = PBXBuildFile; fileRef = DC65615813A969B600A7AC53 /* libkobold2d-ios.a */; };
		DC65616513A969B600A7AC53 /* libobjectal-ios.a in Frameworks */ = {isa = PBXBuildFile; fileRef = DC65615913A969B600A7AC53 /* libobjectal-ios.a */; };
		DC65616613A969B600A7AC53 /* libsneakyinput-ios.a in Frameworks */ = {isa = PBXBuildFile; fileRef = DC65615A13A969B600A7AC53 /* libsneakyinput-ios.a */; };
		DC65617315114B4A00E59F8A /* fps_images-ipadhd.png in Resources */ = {isa = PBXBuildFile; fileRef = DC65617215114B4A00E59F8A /* fps_images-ipadhd.png */; };
		DC979E3E13B35F8800656CB9 /* libcocos2d-extensions-mac.a in Frameworks */ = {isa = PBXBuildFile; fileRef = DC979E3D13B35F8800656CB9 /* libcocos2d-extensions-mac.a */; };
		DC979E5A13B3607E00656CB9 /* libchipmunk-spacemanager-mac.a in Frameworks */ = {isa = PBXBuildFile; fileRef = DC979E5913B3607E00656CB9 /* libchipmunk-spacemanager-mac.a */; };
		DCC1A0FA13A94ED5005BD75D /* Default.png in Resources */ = {isa = PBXBuildFile; fileRef = DCC1A0F913A94ED5005BD75D /* Default.png */; };
		DCC1A0FC13A94ED5005BD75D /* fps_images.png in Resources */ = {isa = PBXBuildFile; fileRef = DCC1A0FB13A94ED5005BD75D /* fps_images.png */; };
		DCC1A0FE13A94ED5005BD75D /* Icon-72.png in Resources */ = {isa = PBXBuildFile; fileRef = DCC1A0FD13A94ED5005BD75D /* Icon-72.png */; };
		DCC1A10013A94ED5005BD75D /* Icon-Small-50.png in Resources */ = {isa = PBXBuildFile; fileRef = DCC1A0FF13A94ED5005BD75D /* Icon-Small-50.png */; };
		DCC1A10213A94ED5005BD75D /* Icon-Small.png in Resources */ = {isa = PBXBuildFile; fileRef = DCC1A10113A94ED5005BD75D /* Icon-Small.png */; };
		DCC1A10413A94ED5005BD75D /* Icon-Small@2x.png in Resources */ = {isa = PBXBuildFile; fileRef = DCC1A10313A94ED5005BD75D /* Icon-Small@2x.png */; };
		DCC1A10613A94ED5005BD75D /* Icon.png in Resources */ = {isa = PBXBuildFile; fileRef = DCC1A10513A94ED5005BD75D /* Icon.png */; };
		DCC1A10813A94ED5005BD75D /* Icon@2x.png in Resources */ = {isa = PBXBuildFile; fileRef = DCC1A10713A94ED5005BD75D /* Icon@2x.png */; };
		DCC1A26913A94EE6005BD75D /* InfoPlist.strings in Resources */ = {isa = PBXBuildFile; fileRef = DCC1A26713A94EE6005BD75D /* InfoPlist.strings */; };
		DCC1A26C13A94EE6005BD75D /* MainMenu.xib in Resources */ = {isa = PBXBuildFile; fileRef = DCC1A26A13A94EE6005BD75D /* MainMenu.xib */; };
		DCC1A26E13A94EE6005BD75D /* fps_images.png in Resources */ = {isa = PBXBuildFile; fileRef = DCC1A26D13A94EE6005BD75D /* fps_images.png */; };
		DCC1A27013A94EE6005BD75D /* icon.icns in Resources */ = {isa = PBXBuildFile; fileRef = DCC1A26F13A94EE6005BD75D /* icon.icns */; };
		DCC1A3A913A94F1A005BD75D /* AppDelegate.m in Sources */ = {isa = PBXBuildFile; fileRef = DCC1A38E13A94F1A005BD75D /* AppDelegate.m */; };
		DCC1A3AA13A94F1A005BD75D /* AppDelegate.m in Sources */ = {isa = PBXBuildFile; fileRef = DCC1A38E13A94F1A005BD75D /* AppDelegate.m */; };
		DCC1A3AD13A94F1A005BD75D /* main.m in Sources */ = {isa = PBXBuildFile; fileRef = DCC1A39113A94F1A005BD75D /* main.m */; };
		DCC1A3AE13A94F1A005BD75D /* main.m in Sources */ = {isa = PBXBuildFile; fileRef = DCC1A39113A94F1A005BD75D /* main.m */; };
		DCC1A3AF13A94F1A005BD75D /* config.lua in Resources */ = {isa = PBXBuildFile; fileRef = DCC1A39513A94F1A005BD75D /* config.lua */; };
		DCC1A3B013A94F1A005BD75D /* config.lua in Resources */ = {isa = PBXBuildFile; fileRef = DCC1A39513A94F1A005BD75D /* config.lua */; };
		DCF95CD213A97EC500AE3B80 /* libcocos2d-mac.a in Frameworks */ = {isa = PBXBuildFile; fileRef = DCF95CC913A97EC500AE3B80 /* libcocos2d-mac.a */; };
		DCF95CD413A97EC500AE3B80 /* libkobold2d-mac.a in Frameworks */ = {isa = PBXBuildFile; fileRef = DCF95CCB13A97EC500AE3B80 /* libkobold2d-mac.a */; };
/* End PBXBuildFile section */

/* Begin PBXFileReference section */
		5EDC103019DAF77CF4F7C28A /* soundOn.png */ = {isa = PBXFileReference; lastKnownFileType = image.png; path = soundOn.png; sourceTree = "<group>"; };
		5EDC103EB85D866592EB690C /* orangeLinesV.png */ = {isa = PBXFileReference; lastKnownFileType = image.png; path = orangeLinesV.png; sourceTree = "<group>"; };
		5EDC1042A352D4D591EC28A2 /* SharedProgressManager.m */ = {isa = PBXFileReference; fileEncoding = 4; lastKnownFileType = sourcecode.c.objc; path = SharedProgressManager.m; sourceTree = "<group>"; };
		5EDC1063BC02D6C3B16E3E7A /* blueLinesV.png */ = {isa = PBXFileReference; lastKnownFileType = image.png; path = blueLinesV.png; sourceTree = "<group>"; };
		5EDC10CB47CFEECA03912435 /* DelegateContainer.h */ = {isa = PBXFileReference; fileEncoding = 4; lastKnownFileType = sourcecode.c.h; path = DelegateContainer.h; sourceTree = "<group>"; };
		5EDC10E6267475F78F072BEA /* candyGreen.png */ = {isa = PBXFileReference; lastKnownFileType = image.png; path = candyGreen.png; sourceTree = "<group>"; };
		5EDC10FA44D3DF844B17226D /* colorBombGreen.png */ = {isa = PBXFileReference; lastKnownFileType = image.png; path = colorBombGreen.png; sourceTree = "<group>"; };
		5EDC112D874C73126569A6AD /* delicious.png */ = {isa = PBXFileReference; lastKnownFileType = image.png; path = delicious.png; sourceTree = "<group>"; };
		5EDC11917FC433923C09A47D /* SharedDeviceHelper.m */ = {isa = PBXFileReference; fileEncoding = 4; lastKnownFileType = sourcecode.c.objc; path = SharedDeviceHelper.m; sourceTree = "<group>"; };
		5EDC121A6E9753AFCC55B119 /* soundOff.png */ = {isa = PBXFileReference; lastKnownFileType = image.png; path = soundOff.png; sourceTree = "<group>"; };
		5EDC1261B0C6EF509F197956 /* backgroundImage.png */ = {isa = PBXFileReference; lastKnownFileType = image.png; path = backgroundImage.png; sourceTree = "<group>"; };
		5EDC127C760C8ABAB1AE14BA /* SharedHighScoreManager.m */ = {isa = PBXFileReference; fileEncoding = 4; lastKnownFileType = sourcecode.c.objc; path = SharedHighScoreManager.m; sourceTree = "<group>"; };
		5EDC129032672C7C012C95F8 /* colorBombRed.png */ = {isa = PBXFileReference; lastKnownFileType = image.png; path = colorBombRed.png; sourceTree = "<group>"; };
		5EDC12A054ACFF1C797E39F9 /* exit.png */ = {isa = PBXFileReference; lastKnownFileType = image.png; path = exit.png; sourceTree = "<group>"; };
		5EDC12AA4BD44F7C2D5F265B /* Game.m */ = {isa = PBXFileReference; fileEncoding = 4; lastKnownFileType = sourcecode.c.objc; path = Game.m; sourceTree = "<group>"; };
		5EDC12B51DED4B509C38A15B /* bombGreen.png */ = {isa = PBXFileReference; lastKnownFileType = image.png; path = bombGreen.png; sourceTree = "<group>"; };
		5EDC12F3FF062C3C2B87DC20 /* prizeOne.png */ = {isa = PBXFileReference; lastKnownFileType = image.png; path = prizeOne.png; sourceTree = "<group>"; };
		5EDC1337546B01752F4D2F19 /* orangeLines.png */ = {isa = PBXFileReference; lastKnownFileType = image.png; path = orangeLines.png; sourceTree = "<group>"; };
		5EDC136B326C3AA06AC49DD7 /* SharedHighScoreManager.h */ = {isa = PBXFileReference; fileEncoding = 4; lastKnownFileType = sourcecode.c.h; path = SharedHighScoreManager.h; sourceTree = "<group>"; };
		5EDC1387FCC4C76423326295 /* CCButtonDelegate.h */ = {isa = PBXFileReference; fileEncoding = 4; lastKnownFileType = sourcecode.c.h; path = CCButtonDelegate.h; sourceTree = "<group>"; };
		5EDC13F1BC845DC067477860 /* YellowColorV.png */ = {isa = PBXFileReference; lastKnownFileType = image.png; path = YellowColorV.png; sourceTree = "<group>"; };
		5EDC141EB95ABD84B78382A6 /* SceneBase.m */ = {isa = PBXFileReference; fileEncoding = 4; lastKnownFileType = sourcecode.c.objc; path = SceneBase.m; sourceTree = "<group>"; };
		5EDC144FC70919582EF0149F /* yellowColor.png */ = {isa = PBXFileReference; lastKnownFileType = image.png; path = yellowColor.png; sourceTree = "<group>"; };
		5EDC147CE82C310D14082942 /* musicOn.png */ = {isa = PBXFileReference; lastKnownFileType = image.png; path = musicOn.png; sourceTree = "<group>"; };
		5EDC14C57AD0D90D7024AC62 /* CandyView.h */ = {isa = PBXFileReference; fileEncoding = 4; lastKnownFileType = sourcecode.c.h; path = CandyView.h; sourceTree = "<group>"; };
		5EDC153A7DC83DA15870E769 /* purpleLinesV.png */ = {isa = PBXFileReference; lastKnownFileType = image.png; path = purpleLinesV.png; sourceTree = "<group>"; };
		5EDC15433D6329E54F9B2CD5 /* selector.png */ = {isa = PBXFileReference; lastKnownFileType = image.png; path = selector.png; sourceTree = "<group>"; };
		5EDC15444A512E969E2B5426 /* greenColorV.png */ = {isa = PBXFileReference; lastKnownFileType = image.png; path = greenColorV.png; sourceTree = "<group>"; };
		5EDC158ACFD94E521BBA73B2 /* bombBlue.png */ = {isa = PBXFileReference; lastKnownFileType = image.png; path = bombBlue.png; sourceTree = "<group>"; };
		5EDC158DC8B4465DE57BC666 /* orangeColor.png */ = {isa = PBXFileReference; lastKnownFileType = image.png; path = orangeColor.png; sourceTree = "<group>"; };
		5EDC159C9EBC113B7A7C4EC5 /* CCButton.h */ = {isa = PBXFileReference; fileEncoding = 4; lastKnownFileType = sourcecode.c.h; path = CCButton.h; sourceTree = "<group>"; };
		5EDC15BF306760308D4FE5EC /* bombOrange.png */ = {isa = PBXFileReference; lastKnownFileType = image.png; path = bombOrange.png; sourceTree = "<group>"; };
		5EDC15EEE665B4C1F94DB71A /* orangeColorV.png */ = {isa = PBXFileReference; lastKnownFileType = image.png; path = orangeColorV.png; sourceTree = "<group>"; };
		5EDC1606DFA124BD2AEA836D /* blueLines.png */ = {isa = PBXFileReference; lastKnownFileType = image.png; path = blueLines.png; sourceTree = "<group>"; };
		5EDC161D637565A6722CE152 /* tasty.png */ = {isa = PBXFileReference; lastKnownFileType = image.png; path = tasty.png; sourceTree = "<group>"; };
		5EDC162925F171A30DA5087F /* redLinesV.png */ = {isa = PBXFileReference; lastKnownFileType = image.png; path = redLinesV.png; sourceTree = "<group>"; };
		5EDC168BC233D3CE74B1D1DC /* BonusDelegate.h */ = {isa = PBXFileReference; fileEncoding = 4; lastKnownFileType = sourcecode.c.h; path = BonusDelegate.h; sourceTree = "<group>"; };
		5EDC16A9C197978D3F3A949C /* _test.mp3 */ = {isa = PBXFileReference; lastKnownFileType = audio.mp3; path = _test.mp3; sourceTree = "<group>"; };
		5EDC16EF3DFBC89010620AAE /* divine.png */ = {isa = PBXFileReference; lastKnownFileType = image.png; path = divine.png; sourceTree = "<group>"; };
		5EDC17479005D9FBC3D7B5ED /* sweet.png */ = {isa = PBXFileReference; lastKnownFileType = image.png; path = sweet.png; sourceTree = "<group>"; };
		5EDC17D54333EA5029F58A3A /* candyPurple.png */ = {isa = PBXFileReference; lastKnownFileType = image.png; path = candyPurple.png; sourceTree = "<group>"; };
		5EDC17D79872DD7E1F69FD69 /* ESceneType.h */ = {isa = PBXFileReference; fileEncoding = 4; lastKnownFileType = sourcecode.c.h; path = ESceneType.h; sourceTree = "<group>"; };
		5EDC18001983888962D6A852 /* ConstantsStatic.m */ = {isa = PBXFileReference; fileEncoding = 4; lastKnownFileType = sourcecode.c.objc; path = ConstantsStatic.m; sourceTree = "<group>"; };
		5EDC18DC877677CD47DDD56F /* prizeThree.png */ = {isa = PBXFileReference; lastKnownFileType = image.png; path = prizeThree.png; sourceTree = "<group>"; };
		5EDC18F812F59A825DF41262 /* musicOff.png */ = {isa = PBXFileReference; lastKnownFileType = image.png; path = musicOff.png; sourceTree = "<group>"; };
		5EDC190B115AF51BE6B17214 /* colorBombOrange.png */ = {isa = PBXFileReference; lastKnownFileType = image.png; path = colorBombOrange.png; sourceTree = "<group>"; };
		5EDC1922A2BA9752CEAE3B10 /* blueColorV.png */ = {isa = PBXFileReference; lastKnownFileType = image.png; path = blueColorV.png; sourceTree = "<group>"; };
		5EDC19258604CC12085A5D6F /* purpleColor.png */ = {isa = PBXFileReference; lastKnownFileType = image.png; path = purpleColor.png; sourceTree = "<group>"; };
		5EDC194B33D90A26A80503E9 /* greenColor.png */ = {isa = PBXFileReference; lastKnownFileType = image.png; path = greenColor.png; sourceTree = "<group>"; };
		5EDC19642CC227294AEF5A7B /* CCSprite+Resize.m */ = {isa = PBXFileReference; fileEncoding = 4; lastKnownFileType = sourcecode.c.objc; path = "CCSprite+Resize.m"; sourceTree = "<group>"; };
		5EDC198147E2386EA6F1E0F8 /* colorBombBlue.png */ = {isa = PBXFileReference; lastKnownFileType = image.png; path = colorBombBlue.png; sourceTree = "<group>"; };
		5EDC1987932F448169B9CA54 /* Game.h */ = {isa = PBXFileReference; fileEncoding = 4; lastKnownFileType = sourcecode.c.h; path = Game.h; sourceTree = "<group>"; };
		5EDC199C84AE5D5C7ADC9A39 /* redColor.png */ = {isa = PBXFileReference; lastKnownFileType = image.png; path = redColor.png; sourceTree = "<group>"; };
		5EDC1A3438BE9AF9533DC40C /* ServiceView.h */ = {isa = PBXFileReference; fileEncoding = 4; lastKnownFileType = sourcecode.c.h; path = ServiceView.h; sourceTree = "<group>"; };
		5EDC1A4C6774F0EB81F45855 /* ServiceView.m */ = {isa = PBXFileReference; fileEncoding = 4; lastKnownFileType = sourcecode.c.objc; path = ServiceView.m; sourceTree = "<group>"; };
		5EDC1A75141EF18956B4C872 /* yellowLinesV.png */ = {isa = PBXFileReference; lastKnownFileType = image.png; path = yellowLinesV.png; sourceTree = "<group>"; };
		5EDC1A8591DD5501269D14E2 /* prizeTwo.png */ = {isa = PBXFileReference; lastKnownFileType = image.png; path = prizeTwo.png; sourceTree = "<group>"; };
		5EDC1AABFB5646AA0D1FE22B /* redLines.png */ = {isa = PBXFileReference; lastKnownFileType = image.png; path = redLines.png; sourceTree = "<group>"; };
		5EDC1AD825F406CF1A01EB6D /* candyRed.png */ = {isa = PBXFileReference; lastKnownFileType = image.png; path = candyRed.png; sourceTree = "<group>"; };
		5EDC1AEBC9F5DB620C5031F6 /* YellowLines.png */ = {isa = PBXFileReference; lastKnownFileType = image.png; path = YellowLines.png; sourceTree = "<group>"; };
		5EDC1B04E91ACF8DB1E067B5 /* CandyView.m */ = {isa = PBXFileReference; fileEncoding = 4; lastKnownFileType = sourcecode.c.objc; path = CandyView.m; sourceTree = "<group>"; };
		5EDC1B3C10033DA84A99F18B /* greenLinesV.png */ = {isa = PBXFileReference; lastKnownFileType = image.png; path = greenLinesV.png; sourceTree = "<group>"; };
		5EDC1B4EC5B2F181F6F01041 /* DelegateContainer.m */ = {isa = PBXFileReference; fileEncoding = 4; lastKnownFileType = sourcecode.c.objc; path = DelegateContainer.m; sourceTree = "<group>"; };
		5EDC1B6ACE1373649032AD12 /* logo.png */ = {isa = PBXFileReference; lastKnownFileType = image.png; path = logo.png; sourceTree = "<group>"; };
		5EDC1B7A63F7F7FBF08A7BDC /* purpleColorV.png */ = {isa = PBXFileReference; lastKnownFileType = image.png; path = purpleColorV.png; sourceTree = "<group>"; };
		5EDC1B9240D6639B5743435C /* blueColor.png */ = {isa = PBXFileReference; lastKnownFileType = image.png; path = blueColor.png; sourceTree = "<group>"; };
		5EDC1BD1D2665E215657CBE0 /* purpleLines.png */ = {isa = PBXFileReference; lastKnownFileType = image.png; path = purpleLines.png; sourceTree = "<group>"; };
		5EDC1BF1902D25D42075677C /* bombRed.png */ = {isa = PBXFileReference; lastKnownFileType = image.png; path = bombRed.png; sourceTree = "<group>"; };
		5EDC1C06AE70C3B6CC100C6A /* ConstantsStatic.h */ = {isa = PBXFileReference; fileEncoding = 4; lastKnownFileType = sourcecode.c.h; path = ConstantsStatic.h; sourceTree = "<group>"; };
		5EDC1C0BF30F887B31C37499 /* greenLines.png */ = {isa = PBXFileReference; lastKnownFileType = image.png; path = greenLines.png; sourceTree = "<group>"; };
		5EDC1C236D1445558150C540 /* candyOrange.png */ = {isa = PBXFileReference; lastKnownFileType = image.png; path = candyOrange.png; sourceTree = "<group>"; };
		5EDC1C44E35C0167C7CED7A6 /* bombYellow.png */ = {isa = PBXFileReference; lastKnownFileType = image.png; path = bombYellow.png; sourceTree = "<group>"; };
		5EDC1C6DCB638ADE4079AEDC /* candyYellow.png */ = {isa = PBXFileReference; lastKnownFileType = image.png; path = candyYellow.png; sourceTree = "<group>"; };
		5EDC1C9DB897C23D7963C460 /* redColorV.png */ = {isa = PBXFileReference; lastKnownFileType = image.png; path = redColorV.png; sourceTree = "<group>"; };
		5EDC1CD56E6CC29D2AA3283A /* colorBombPurple.png */ = {isa = PBXFileReference; lastKnownFileType = image.png; path = colorBombPurple.png; sourceTree = "<group>"; };
		5EDC1CDF03CFEBDDD322141D /* ResourceManager.m */ = {isa = PBXFileReference; fileEncoding = 4; lastKnownFileType = sourcecode.c.objc; path = ResourceManager.m; sourceTree = "<group>"; };
		5EDC1CF26D5BADC5C34494BD /* ELanguageType.h */ = {isa = PBXFileReference; fileEncoding = 4; lastKnownFileType = sourcecode.c.h; path = ELanguageType.h; sourceTree = "<group>"; };
		5EDC1D53F6542180CA7E3B79 /* CCButton.m */ = {isa = PBXFileReference; fileEncoding = 4; lastKnownFileType = sourcecode.c.objc; path = CCButton.m; sourceTree = "<group>"; };
		5EDC1D7044E7162567680CA1 /* fieldImage.png */ = {isa = PBXFileReference; lastKnownFileType = image.png; path = fieldImage.png; sourceTree = "<group>"; };
		5EDC1DA55C3417601861B9E3 /* SharedProgressManager.h */ = {isa = PBXFileReference; fileEncoding = 4; lastKnownFileType = sourcecode.c.h; path = SharedProgressManager.h; sourceTree = "<group>"; };
		5EDC1DB592997559B716FB2D /* ResourceManager.h */ = {isa = PBXFileReference; fileEncoding = 4; lastKnownFileType = sourcecode.c.h; path = ResourceManager.h; sourceTree = "<group>"; };
		5EDC1DC111CBF468A3D79271 /* candyBlue.png */ = {isa = PBXFileReference; lastKnownFileType = image.png; path = candyBlue.png; sourceTree = "<group>"; };
		5EDC1DE800EE15E6132A5851 /* bombPurple.png */ = {isa = PBXFileReference; lastKnownFileType = image.png; path = bombPurple.png; sourceTree = "<group>"; };
		5EDC1E3123A65B3FF7F769B6 /* CCSprite+Resize.h */ = {isa = PBXFileReference; fileEncoding = 4; lastKnownFileType = sourcecode.c.h; path = "CCSprite+Resize.h"; sourceTree = "<group>"; };
		5EDC1E6C5BA37F427417CC9D /* SharedDeviceHelper.h */ = {isa = PBXFileReference; fileEncoding = 4; lastKnownFileType = sourcecode.c.h; path = SharedDeviceHelper.h; sourceTree = "<group>"; };
		5EDC1ED283E7A6B997005F4B /* EDeviceType.h */ = {isa = PBXFileReference; fileEncoding = 4; lastKnownFileType = sourcecode.c.h; path = EDeviceType.h; sourceTree = "<group>"; };
		5EDC1F121F919B821E831AFF /* EButtonServiceType.h */ = {isa = PBXFileReference; fileEncoding = 4; lastKnownFileType = sourcecode.c.h; path = EButtonServiceType.h; sourceTree = "<group>"; };
		5EDC1F41B2BB4485A0B8C7AD /* SceneBase.h */ = {isa = PBXFileReference; fileEncoding = 4; lastKnownFileType = sourcecode.c.h; path = SceneBase.h; sourceTree = "<group>"; };
		5EDC1F9D368BA28F19257EC8 /* sugarCrush.png */ = {isa = PBXFileReference; lastKnownFileType = image.png; path = sugarCrush.png; sourceTree = "<group>"; };
		5EDC1FEC153CD71DE9B976E7 /* colorBombYellow.png */ = {isa = PBXFileReference; lastKnownFileType = image.png; path = colorBombYellow.png; sourceTree = "<group>"; };
		B06873C2C44F3563469949AB /* SceneStart.h */ = {isa = PBXFileReference; fileEncoding = 4; lastKnownFileType = sourcecode.c.h; path = SceneStart.h; sourceTree = "<group>"; };
		B0687FCFFBBEFCD69D640162 /* SceneStart.m */ = {isa = PBXFileReference; fileEncoding = 4; lastKnownFileType = sourcecode.c.objc; path = SceneStart.m; sourceTree = "<group>"; };
		CF523036A17F906E5ECC63A0 /* CandyBonusVerticalLine.h */ = {isa = PBXFileReference; fileEncoding = 4; lastKnownFileType = sourcecode.c.h; path = CandyBonusVerticalLine.h; sourceTree = "<group>"; };
		CF5230BD450666FA6825348E /* CandyBonusVerticalLine.m */ = {isa = PBXFileReference; fileEncoding = 4; lastKnownFileType = sourcecode.c.objc; path = CandyBonusVerticalLine.m; sourceTree = "<group>"; };
		CF52310AC602610BD9A81A4F /* GameManager.m */ = {isa = PBXFileReference; fileEncoding = 4; lastKnownFileType = sourcecode.c.objc; path = GameManager.m; sourceTree = "<group>"; };
		CF52323BB94C50058EDA5913 /* CandyBonusHorizontalLine.h */ = {isa = PBXFileReference; fileEncoding = 4; lastKnownFileType = sourcecode.c.h; path = CandyBonusHorizontalLine.h; sourceTree = "<group>"; };
		CF5232EEBB4455E23BF2CFB3 /* Candy.h */ = {isa = PBXFileReference; fileEncoding = 4; lastKnownFileType = sourcecode.c.h; path = Candy.h; sourceTree = "<group>"; };
		CF5233A659E654ACF4B1F573 /* ECandyBonusType.h */ = {isa = PBXFileReference; fileEncoding = 4; lastKnownFileType = sourcecode.c.h; path = ECandyBonusType.h; sourceTree = "<group>"; };
		CF52341290129F8397A96DFB /* MyConstants.h */ = {isa = PBXFileReference; fileEncoding = 4; lastKnownFileType = sourcecode.c.h; path = MyConstants.h; sourceTree = "<group>"; };
		CF523509688A98BD6913D362 /* CandyBonusHorizontalLine.m */ = {isa = PBXFileReference; fileEncoding = 4; lastKnownFileType = sourcecode.c.objc; path = CandyBonusHorizontalLine.m; sourceTree = "<group>"; };
		CF5235E6EF7BB22BB536524F /* GameManager.h */ = {isa = PBXFileReference; fileEncoding = 4; lastKnownFileType = sourcecode.c.h; path = GameManager.h; sourceTree = "<group>"; };
		CF52373F0567BF9170806FEA /* CandyBonus.h */ = {isa = PBXFileReference; fileEncoding = 4; lastKnownFileType = sourcecode.c.h; path = CandyBonus.h; sourceTree = "<group>"; };
		CF52383CF991C94441CA9CB1 /* CandyBonusNothing.m */ = {isa = PBXFileReference; fileEncoding = 4; lastKnownFileType = sourcecode.c.objc; path = CandyBonusNothing.m; sourceTree = "<group>"; };
		CF5238E941BE9972823601D9 /* CandyBonusBomb.m */ = {isa = PBXFileReference; fileEncoding = 4; lastKnownFileType = sourcecode.c.objc; path = CandyBonusBomb.m; sourceTree = "<group>"; };
		CF5239832C6F22354E7610AD /* CandyBonusNothing.h */ = {isa = PBXFileReference; fileEncoding = 4; lastKnownFileType = sourcecode.c.h; path = CandyBonusNothing.h; sourceTree = "<group>"; };
		CF523AD066A30695094B65BD /* MyConstants.m */ = {isa = PBXFileReference; fileEncoding = 4; lastKnownFileType = sourcecode.c.objc; path = MyConstants.m; sourceTree = "<group>"; };
		CF523AE3387C3F139C5D9289 /* SceneGame.m */ = {isa = PBXFileReference; fileEncoding = 4; lastKnownFileType = sourcecode.c.objc; path = SceneGame.m; sourceTree = "<group>"; };
		CF523BE92D74E5DC9B491258 /* SceneGame.h */ = {isa = PBXFileReference; fileEncoding = 4; lastKnownFileType = sourcecode.c.h; path = SceneGame.h; sourceTree = "<group>"; };
		CF523C3107923445449E0EBE /* CandyBonusColorBomb.h */ = {isa = PBXFileReference; fileEncoding = 4; lastKnownFileType = sourcecode.c.h; path = CandyBonusColorBomb.h; sourceTree = "<group>"; };
		CF523CD9E5E078B3DF1F0A48 /* CandyBonusColorBomb.m */ = {isa = PBXFileReference; fileEncoding = 4; lastKnownFileType = sourcecode.c.objc; path = CandyBonusColorBomb.m; sourceTree = "<group>"; };
		CF523D09681F0B6DE918134B /* CandyBonusBomb.h */ = {isa = PBXFileReference; fileEncoding = 4; lastKnownFileType = sourcecode.c.h; path = CandyBonusBomb.h; sourceTree = "<group>"; };
		CF523D1293B89B0BDEFB8D9C /* CandyBonus.m */ = {isa = PBXFileReference; fileEncoding = 4; lastKnownFileType = sourcecode.c.objc; path = CandyBonus.m; sourceTree = "<group>"; };
		CF523D2AFC0AB2516B65ED88 /* Candy.m */ = {isa = PBXFileReference; fileEncoding = 4; lastKnownFileType = sourcecode.c.objc; path = Candy.m; sourceTree = "<group>"; };
		CF523F0E1B9A2E1CDE3E02C7 /* ECandyColor.h */ = {isa = PBXFileReference; fileEncoding = 4; lastKnownFileType = sourcecode.c.h; path = ECandyColor.h; sourceTree = "<group>"; };
		DC1BE68614F417CC00F49D25 /* copyright.txt */ = {isa = PBXFileReference; fileEncoding = 4; lastKnownFileType = text; path = copyright.txt; sourceTree = "<group>"; };
		DC1BE68914F417CC00F49D25 /* LICENCE.txt */ = {isa = PBXFileReference; fileEncoding = 4; lastKnownFileType = text; path = LICENCE.txt; sourceTree = "<group>"; };
		DC1BE68C14F417CC00F49D25 /* Ubuntu-B.ttf */ = {isa = PBXFileReference; lastKnownFileType = file; path = "Ubuntu-B.ttf"; sourceTree = "<group>"; };
		DC1BE68D14F417CC00F49D25 /* Ubuntu-BI.ttf */ = {isa = PBXFileReference; lastKnownFileType = file; path = "Ubuntu-BI.ttf"; sourceTree = "<group>"; };
		DC1BE68E14F417CC00F49D25 /* Ubuntu-C.ttf */ = {isa = PBXFileReference; lastKnownFileType = file; path = "Ubuntu-C.ttf"; sourceTree = "<group>"; };
		DC1BE68F14F417CC00F49D25 /* Ubuntu-L.ttf */ = {isa = PBXFileReference; lastKnownFileType = file; path = "Ubuntu-L.ttf"; sourceTree = "<group>"; };
		DC1BE69014F417CC00F49D25 /* Ubuntu-LI.ttf */ = {isa = PBXFileReference; lastKnownFileType = file; path = "Ubuntu-LI.ttf"; sourceTree = "<group>"; };
		DC1BE69114F417CC00F49D25 /* Ubuntu-M.ttf */ = {isa = PBXFileReference; lastKnownFileType = file; path = "Ubuntu-M.ttf"; sourceTree = "<group>"; };
		DC1BE69214F417CC00F49D25 /* Ubuntu-MI.ttf */ = {isa = PBXFileReference; lastKnownFileType = file; path = "Ubuntu-MI.ttf"; sourceTree = "<group>"; };
		DC1BE69314F417CC00F49D25 /* Ubuntu-R.ttf */ = {isa = PBXFileReference; lastKnownFileType = file; path = "Ubuntu-R.ttf"; sourceTree = "<group>"; };
		DC1BE69414F417CC00F49D25 /* Ubuntu-RI.ttf */ = {isa = PBXFileReference; lastKnownFileType = file; path = "Ubuntu-RI.ttf"; sourceTree = "<group>"; };
		DC1BE69514F417CC00F49D25 /* UbuntuMono-B.ttf */ = {isa = PBXFileReference; lastKnownFileType = file; path = "UbuntuMono-B.ttf"; sourceTree = "<group>"; };
		DC1BE69614F417CC00F49D25 /* UbuntuMono-BI.ttf */ = {isa = PBXFileReference; lastKnownFileType = file; path = "UbuntuMono-BI.ttf"; sourceTree = "<group>"; };
		DC1BE69714F417CC00F49D25 /* UbuntuMono-R.ttf */ = {isa = PBXFileReference; lastKnownFileType = file; path = "UbuntuMono-R.ttf"; sourceTree = "<group>"; };
		DC1BE69814F417CC00F49D25 /* UbuntuMono-RI.ttf */ = {isa = PBXFileReference; lastKnownFileType = file; path = "UbuntuMono-RI.ttf"; sourceTree = "<group>"; };
		DC26D6D914B9F2C600B6002E /* fps_images-hd.png */ = {isa = PBXFileReference; lastKnownFileType = image.png; path = "fps_images-hd.png"; sourceTree = "<group>"; };
		DC2721A1160CAEB600D88944 /* Default-568h@2x.png */ = {isa = PBXFileReference; lastKnownFileType = image.png; path = "Default-568h@2x.png"; sourceTree = "<group>"; };
		DC2721A9160CAFC700D88944 /* iTunesArtwork */ = {isa = PBXFileReference; lastKnownFileType = file; path = iTunesArtwork; sourceTree = "<group>"; };
		DC3BE97813B4FB71003739CC /* BuildSettings-iOS.xcconfig */ = {isa = PBXFileReference; lastKnownFileType = text.xcconfig; path = "BuildSettings-iOS.xcconfig"; sourceTree = "<group>"; };
		DC485B0D13AA0E5600F2BC70 /* libchipmunk-mac.a */ = {isa = PBXFileReference; explicitFileType = archive.ar; path = "libchipmunk-mac.a"; sourceTree = BUILT_PRODUCTS_DIR; };
		DC485B1613AA0EBB00F2BC70 /* libbox2d-mac.a */ = {isa = PBXFileReference; explicitFileType = archive.ar; path = "libbox2d-mac.a"; sourceTree = BUILT_PRODUCTS_DIR; };
		DC485B4513AA18A600F2BC70 /* libcocosdenshion-mac.a */ = {isa = PBXFileReference; explicitFileType = archive.ar; path = "libcocosdenshion-mac.a"; sourceTree = BUILT_PRODUCTS_DIR; };
		DC65615013A969B600A7AC53 /* libbox2d-ios.a */ = {isa = PBXFileReference; explicitFileType = archive.ar; path = "libbox2d-ios.a"; sourceTree = BUILT_PRODUCTS_DIR; };
		DC65615113A969B600A7AC53 /* libchipmunk-ios.a */ = {isa = PBXFileReference; explicitFileType = archive.ar; path = "libchipmunk-ios.a"; sourceTree = BUILT_PRODUCTS_DIR; };
		DC65615213A969B600A7AC53 /* libchipmunk-spacemanager-ios.a */ = {isa = PBXFileReference; explicitFileType = archive.ar; path = "libchipmunk-spacemanager-ios.a"; sourceTree = BUILT_PRODUCTS_DIR; };
		DC65615413A969B600A7AC53 /* libcocos2d-extensions-ios.a */ = {isa = PBXFileReference; explicitFileType = archive.ar; path = "libcocos2d-extensions-ios.a"; sourceTree = BUILT_PRODUCTS_DIR; };
		DC65615513A969B600A7AC53 /* libcocos2d-ios.a */ = {isa = PBXFileReference; explicitFileType = archive.ar; path = "libcocos2d-ios.a"; sourceTree = BUILT_PRODUCTS_DIR; };
		DC65615613A969B600A7AC53 /* libcocos3d-ios.a */ = {isa = PBXFileReference; explicitFileType = archive.ar; path = "libcocos3d-ios.a"; sourceTree = BUILT_PRODUCTS_DIR; };
		DC65615713A969B600A7AC53 /* libcocosdenshion-ios.a */ = {isa = PBXFileReference; explicitFileType = archive.ar; path = "libcocosdenshion-ios.a"; sourceTree = BUILT_PRODUCTS_DIR; };
		DC65615813A969B600A7AC53 /* libkobold2d-ios.a */ = {isa = PBXFileReference; explicitFileType = archive.ar; path = "libkobold2d-ios.a"; sourceTree = BUILT_PRODUCTS_DIR; };
		DC65615913A969B600A7AC53 /* libobjectal-ios.a */ = {isa = PBXFileReference; explicitFileType = archive.ar; path = "libobjectal-ios.a"; sourceTree = BUILT_PRODUCTS_DIR; };
		DC65615A13A969B600A7AC53 /* libsneakyinput-ios.a */ = {isa = PBXFileReference; explicitFileType = archive.ar; path = "libsneakyinput-ios.a"; sourceTree = BUILT_PRODUCTS_DIR; };
		DC65617215114B4A00E59F8A /* fps_images-ipadhd.png */ = {isa = PBXFileReference; lastKnownFileType = image.png; path = "fps_images-ipadhd.png"; sourceTree = "<group>"; };
		DC979E3D13B35F8800656CB9 /* libcocos2d-extensions-mac.a */ = {isa = PBXFileReference; explicitFileType = archive.ar; path = "libcocos2d-extensions-mac.a"; sourceTree = BUILT_PRODUCTS_DIR; };
		DC979E5913B3607E00656CB9 /* libchipmunk-spacemanager-mac.a */ = {isa = PBXFileReference; explicitFileType = archive.ar; path = "libchipmunk-spacemanager-mac.a"; sourceTree = BUILT_PRODUCTS_DIR; };
		DC9C33E713B5024400931BF2 /* BuildSettings-Debug-Mac.xcconfig */ = {isa = PBXFileReference; lastKnownFileType = text.xcconfig; path = "BuildSettings-Debug-Mac.xcconfig"; sourceTree = "<group>"; };
		DC9C33E813B5024400931BF2 /* BuildSettings-Mac.xcconfig */ = {isa = PBXFileReference; lastKnownFileType = text.xcconfig; path = "BuildSettings-Mac.xcconfig"; sourceTree = "<group>"; };
		DC9C33E913B5024400931BF2 /* BuildSettings-Release-Mac.xcconfig */ = {isa = PBXFileReference; lastKnownFileType = text.xcconfig; path = "BuildSettings-Release-Mac.xcconfig"; sourceTree = "<group>"; };
		DCC1A0F913A94ED5005BD75D /* Default.png */ = {isa = PBXFileReference; lastKnownFileType = image.png; path = Default.png; sourceTree = "<group>"; };
		DCC1A0FB13A94ED5005BD75D /* fps_images.png */ = {isa = PBXFileReference; lastKnownFileType = image.png; path = fps_images.png; sourceTree = "<group>"; };
		DCC1A0FD13A94ED5005BD75D /* Icon-72.png */ = {isa = PBXFileReference; lastKnownFileType = image.png; path = "Icon-72.png"; sourceTree = "<group>"; };
		DCC1A0FF13A94ED5005BD75D /* Icon-Small-50.png */ = {isa = PBXFileReference; lastKnownFileType = image.png; path = "Icon-Small-50.png"; sourceTree = "<group>"; };
		DCC1A10113A94ED5005BD75D /* Icon-Small.png */ = {isa = PBXFileReference; lastKnownFileType = image.png; path = "Icon-Small.png"; sourceTree = "<group>"; };
		DCC1A10313A94ED5005BD75D /* Icon-Small@2x.png */ = {isa = PBXFileReference; lastKnownFileType = image.png; path = "Icon-Small@2x.png"; sourceTree = "<group>"; };
		DCC1A10513A94ED5005BD75D /* Icon.png */ = {isa = PBXFileReference; lastKnownFileType = image.png; path = Icon.png; sourceTree = "<group>"; };
		DCC1A10713A94ED5005BD75D /* Icon@2x.png */ = {isa = PBXFileReference; lastKnownFileType = image.png; path = "Icon@2x.png"; sourceTree = "<group>"; };
		DCC1A10913A94ED5005BD75D /* Info.plist */ = {isa = PBXFileReference; lastKnownFileType = text.plist.xml; path = Info.plist; sourceTree = "<group>"; };
		DCC1A26813A94EE6005BD75D /* English */ = {isa = PBXFileReference; lastKnownFileType = text.plist.strings; name = English; path = Resources/English.lproj/InfoPlist.strings; sourceTree = "<group>"; };
		DCC1A26B13A94EE6005BD75D /* English */ = {isa = PBXFileReference; lastKnownFileType = file.xib; name = English; path = Resources/English.lproj/MainMenu.xib; sourceTree = "<group>"; };
		DCC1A26D13A94EE6005BD75D /* fps_images.png */ = {isa = PBXFileReference; lastKnownFileType = image.png; name = fps_images.png; path = Resources/fps_images.png; sourceTree = "<group>"; };
		DCC1A26F13A94EE6005BD75D /* icon.icns */ = {isa = PBXFileReference; lastKnownFileType = image.icns; name = icon.icns; path = Resources/icon.icns; sourceTree = "<group>"; };
		DCC1A27113A94EE6005BD75D /* Info.plist */ = {isa = PBXFileReference; lastKnownFileType = text.plist.xml; name = Info.plist; path = Resources/Info.plist; sourceTree = "<group>"; };
		DCC1A38D13A94F1A005BD75D /* AppDelegate.h */ = {isa = PBXFileReference; fileEncoding = 4; lastKnownFileType = sourcecode.c.h; path = AppDelegate.h; sourceTree = "<group>"; };
		DCC1A38E13A94F1A005BD75D /* AppDelegate.m */ = {isa = PBXFileReference; fileEncoding = 4; lastKnownFileType = sourcecode.c.objc; path = AppDelegate.m; sourceTree = "<group>"; };
		DCC1A39113A94F1A005BD75D /* main.m */ = {isa = PBXFileReference; fileEncoding = 4; lastKnownFileType = sourcecode.c.objc; path = main.m; sourceTree = "<group>"; };
		DCC1A39213A94F1A005BD75D /* Prefix-iOS.pch */ = {isa = PBXFileReference; fileEncoding = 4; lastKnownFileType = sourcecode.c.h; path = "Prefix-iOS.pch"; sourceTree = "<group>"; };
		DCC1A39313A94F1A005BD75D /* Prefix-Mac.pch */ = {isa = PBXFileReference; fileEncoding = 4; lastKnownFileType = sourcecode.c.h; path = "Prefix-Mac.pch"; sourceTree = "<group>"; };
		DCC1A39513A94F1A005BD75D /* config.lua */ = {isa = PBXFileReference; explicitFileType = sourcecode.applescript; fileEncoding = 4; path = config.lua; sourceTree = "<group>"; };
		DCF95CC913A97EC500AE3B80 /* libcocos2d-mac.a */ = {isa = PBXFileReference; explicitFileType = archive.ar; path = "libcocos2d-mac.a"; sourceTree = BUILT_PRODUCTS_DIR; };
		DCF95CCB13A97EC500AE3B80 /* libkobold2d-mac.a */ = {isa = PBXFileReference; explicitFileType = archive.ar; path = "libkobold2d-mac.a"; sourceTree = BUILT_PRODUCTS_DIR; };
		DCFA90EF13B4F6F7009DD35A /* BuildSettings-Debug-iOS.xcconfig */ = {isa = PBXFileReference; lastKnownFileType = text.xcconfig; path = "BuildSettings-Debug-iOS.xcconfig"; sourceTree = "<group>"; };
		DCFA90F013B4F811009DD35A /* BuildSettings-Release-iOS.xcconfig */ = {isa = PBXFileReference; lastKnownFileType = text.xcconfig; path = "BuildSettings-Release-iOS.xcconfig"; sourceTree = "<group>"; };
/* End PBXFileReference section */

/* Begin PBXFrameworksBuildPhase section */
		DCC1A0E013A94ED5005BD75D /* Frameworks */ = {
			isa = PBXFrameworksBuildPhase;
			buildActionMask = 2147483647;
			files = (
				DC65615C13A969B600A7AC53 /* libbox2d-ios.a in Frameworks */,
				DC65615D13A969B600A7AC53 /* libchipmunk-ios.a in Frameworks */,
				DC65615E13A969B600A7AC53 /* libchipmunk-spacemanager-ios.a in Frameworks */,
				DC65616013A969B600A7AC53 /* libcocos2d-extensions-ios.a in Frameworks */,
				DC65616113A969B600A7AC53 /* libcocos2d-ios.a in Frameworks */,
				DC65616213A969B600A7AC53 /* libcocos3d-ios.a in Frameworks */,
				DC65616313A969B600A7AC53 /* libcocosdenshion-ios.a in Frameworks */,
				DC65616413A969B600A7AC53 /* libkobold2d-ios.a in Frameworks */,
				DC65616513A969B600A7AC53 /* libobjectal-ios.a in Frameworks */,
				DC65616613A969B600A7AC53 /* libsneakyinput-ios.a in Frameworks */,
			);
			runOnlyForDeploymentPostprocessing = 0;
		};
		DCC1A25713A94EE6005BD75D /* Frameworks */ = {
			isa = PBXFrameworksBuildPhase;
			buildActionMask = 2147483647;
			files = (
				DC979E5A13B3607E00656CB9 /* libchipmunk-spacemanager-mac.a in Frameworks */,
				DC979E3E13B35F8800656CB9 /* libcocos2d-extensions-mac.a in Frameworks */,
				DC485B4613AA18A600F2BC70 /* libcocosdenshion-mac.a in Frameworks */,
				DC485B1713AA0EBB00F2BC70 /* libbox2d-mac.a in Frameworks */,
				DC485B1113AA0E5600F2BC70 /* libchipmunk-mac.a in Frameworks */,
				DCF95CD213A97EC500AE3B80 /* libcocos2d-mac.a in Frameworks */,
				DCF95CD413A97EC500AE3B80 /* libkobold2d-mac.a in Frameworks */,
			);
			runOnlyForDeploymentPostprocessing = 0;
		};
/* End PBXFrameworksBuildPhase section */

/* Begin PBXGroup section */
		5EDC10CB4C9CCE2AB6FE7178 /* сolorBombs */ = {
			isa = PBXGroup;
			children = (
				5EDC129032672C7C012C95F8 /* colorBombRed.png */,
				5EDC198147E2386EA6F1E0F8 /* colorBombBlue.png */,
				5EDC10FA44D3DF844B17226D /* colorBombGreen.png */,
				5EDC190B115AF51BE6B17214 /* colorBombOrange.png */,
				5EDC1CD56E6CC29D2AA3283A /* colorBombPurple.png */,
				5EDC1FEC153CD71DE9B976E7 /* colorBombYellow.png */,
			);
			path = "сolorBombs";
			sourceTree = "<group>";
		};
		5EDC123582A62472B83FF553 /* phrases */ = {
			isa = PBXGroup;
			children = (
				5EDC17479005D9FBC3D7B5ED /* sweet.png */,
				5EDC161D637565A6722CE152 /* tasty.png */,
				5EDC16EF3DFBC89010620AAE /* divine.png */,
				5EDC112D874C73126569A6AD /* delicious.png */,
				5EDC1F9D368BA28F19257EC8 /* sugarCrush.png */,
			);
			path = phrases;
			sourceTree = "<group>";
		};
		5EDC12F53B3F167DF98B2E3E /* Vendors */ = {
			isa = PBXGroup;
			children = (
				5EDC1DEF09028C864B5BD358 /* Cocos2dAdditions */,
			);
			path = Vendors;
			sourceTree = "<group>";
		};
		5EDC13721D4EE0E7842872F0 /* SharedDeviceHelper */ = {
			isa = PBXGroup;
			children = (
				5EDC1ED283E7A6B997005F4B /* EDeviceType.h */,
				5EDC1CF26D5BADC5C34494BD /* ELanguageType.h */,
				5EDC1E6C5BA37F427417CC9D /* SharedDeviceHelper.h */,
				5EDC11917FC433923C09A47D /* SharedDeviceHelper.m */,
			);
			path = SharedDeviceHelper;
			sourceTree = "<group>";
		};
		5EDC13B1B859A72D52BA915E /* normalCandies */ = {
			isa = PBXGroup;
			children = (
				5EDC1AD825F406CF1A01EB6D /* candyRed.png */,
				5EDC1DC111CBF468A3D79271 /* candyBlue.png */,
				5EDC10E6267475F78F072BEA /* candyGreen.png */,
				5EDC1C236D1445558150C540 /* candyOrange.png */,
				5EDC17D54333EA5029F58A3A /* candyPurple.png */,
				5EDC1C6DCB638ADE4079AEDC /* candyYellow.png */,
			);
			path = normalCandies;
			sourceTree = "<group>";
		};
		5EDC143DE388F23915E438F9 /* Scene */ = {
			isa = PBXGroup;
			children = (
				5EDC1E5720165EE2DD806AF0 /* SceneBase */,
				5EDC17D79872DD7E1F69FD69 /* ESceneType.h */,
				CF523BC35F5F9C38D4BA7802 /* SceneGame */,
				B068720AFFF43D72E39287F1 /* SceneStart */,
			);
			path = Scene;
			sourceTree = "<group>";
		};
		5EDC14649408AAF7CDA6C230 /* Models */ = {
			isa = PBXGroup;
			children = (
				5EDC1B8C2129F6CED7B13F20 /* Game */,
				5EDC17B12325AB97466D1C3F /* SharedProgressManager */,
				5EDC1490783C1941DFB3D067 /* SharedHighScoreManager */,
				CF523AAFA335B2C3BA3340A8 /* Candies */,
				CF523EE80095496B5FEC8EC7 /* GameManager */,
			);
			path = Models;
			sourceTree = "<group>";
		};
		5EDC1490783C1941DFB3D067 /* SharedHighScoreManager */ = {
			isa = PBXGroup;
			children = (
				5EDC136B326C3AA06AC49DD7 /* SharedHighScoreManager.h */,
				5EDC127C760C8ABAB1AE14BA /* SharedHighScoreManager.m */,
			);
			path = SharedHighScoreManager;
			sourceTree = "<group>";
		};
		5EDC1612CC7169F748DF3CEE /* sound */ = {
			isa = PBXGroup;
			children = (
				5EDC16A9C197978D3F3A949C /* _test.mp3 */,
			);
			path = sound;
			sourceTree = "<group>";
		};
		5EDC174BE4DCEDC081147FC9 /* System */ = {
			isa = PBXGroup;
			children = (
				5EDC13721D4EE0E7842872F0 /* SharedDeviceHelper */,
			);
			path = System;
			sourceTree = "<group>";
		};
		5EDC17B12325AB97466D1C3F /* SharedProgressManager */ = {
			isa = PBXGroup;
			children = (
				5EDC1DA55C3417601861B9E3 /* SharedProgressManager.h */,
				5EDC1042A352D4D591EC28A2 /* SharedProgressManager.m */,
			);
			path = SharedProgressManager;
			sourceTree = "<group>";
		};
		5EDC18270E0FFCA27D7113BE /* BonusDelegate */ = {
			isa = PBXGroup;
			children = (
				5EDC168BC233D3CE74B1D1DC /* BonusDelegate.h */,
				5EDC1B4EC5B2F181F6F01041 /* DelegateContainer.m */,
				5EDC10CB47CFEECA03912435 /* DelegateContainer.h */,
			);
			path = BonusDelegate;
			sourceTree = "<group>";
		};
		5EDC18869A82C816AD07B7D3 /* controls */ = {
			isa = PBXGroup;
			children = (
				5EDC12A054ACFF1C797E39F9 /* exit.png */,
				5EDC147CE82C310D14082942 /* musicOn.png */,
				5EDC103019DAF77CF4F7C28A /* soundOn.png */,
				5EDC18F812F59A825DF41262 /* musicOff.png */,
				5EDC15433D6329E54F9B2CD5 /* selector.png */,
				5EDC121A6E9753AFCC55B119 /* soundOff.png */,
			);
			path = controls;
			sourceTree = "<group>";
		};
		5EDC18C0A8AC527F4D68BFF4 /* views */ = {
			isa = PBXGroup;
			children = (
				5EDC1B04E91ACF8DB1E067B5 /* CandyView.m */,
				5EDC14C57AD0D90D7024AC62 /* CandyView.h */,
			);
			path = views;
			sourceTree = "<group>";
		};
		5EDC1B7BD50AFE19C889433F /* horizontalBonus */ = {
			isa = PBXGroup;
			children = (
				5EDC199C84AE5D5C7ADC9A39 /* redColor.png */,
				5EDC1AABFB5646AA0D1FE22B /* redLines.png */,
				5EDC1B9240D6639B5743435C /* blueColor.png */,
				5EDC1606DFA124BD2AEA836D /* blueLines.png */,
				5EDC194B33D90A26A80503E9 /* greenColor.png */,
				5EDC1C0BF30F887B31C37499 /* greenLines.png */,
				5EDC158DC8B4465DE57BC666 /* orangeColor.png */,
				5EDC1337546B01752F4D2F19 /* orangeLines.png */,
				5EDC19258604CC12085A5D6F /* purpleColor.png */,
				5EDC1BD1D2665E215657CBE0 /* purpleLines.png */,
				5EDC144FC70919582EF0149F /* yellowColor.png */,
				5EDC1AEBC9F5DB620C5031F6 /* YellowLines.png */,
			);
			path = horizontalBonus;
			sourceTree = "<group>";
		};
		5EDC1B8A4938E933BFFE4D32 /* prizes */ = {
			isa = PBXGroup;
			children = (
				5EDC12F3FF062C3C2B87DC20 /* prizeOne.png */,
				5EDC1A8591DD5501269D14E2 /* prizeTwo.png */,
				5EDC18DC877677CD47DDD56F /* prizeThree.png */,
			);
			path = prizes;
			sourceTree = "<group>";
		};
		5EDC1B8C2129F6CED7B13F20 /* Game */ = {
			isa = PBXGroup;
			children = (
				5EDC1987932F448169B9CA54 /* Game.h */,
				5EDC12AA4BD44F7C2D5F265B /* Game.m */,
			);
			path = Game;
			sourceTree = "<group>";
		};
		5EDC1B9417A1C8AB147515AC /* Controls */ = {
			isa = PBXGroup;
			children = (
				5EDC1BFEE07A42717CB475C8 /* ServiceView */,
			);
			path = Controls;
			sourceTree = "<group>";
		};
		5EDC1BFEE07A42717CB475C8 /* ServiceView */ = {
			isa = PBXGroup;
			children = (
				5EDC1A3438BE9AF9533DC40C /* ServiceView.h */,
				5EDC1A4C6774F0EB81F45855 /* ServiceView.m */,
				5EDC1F121F919B821E831AFF /* EButtonServiceType.h */,
			);
			path = ServiceView;
			sourceTree = "<group>";
		};
		5EDC1C83CD247FCBA06A91D1 /* ResourceManager */ = {
			isa = PBXGroup;
			children = (
				5EDC1CDF03CFEBDDD322141D /* ResourceManager.m */,
				5EDC1DB592997559B716FB2D /* ResourceManager.h */,
			);
			path = ResourceManager;
			sourceTree = "<group>";
		};
		5EDC1DEF09028C864B5BD358 /* Cocos2dAdditions */ = {
			isa = PBXGroup;
			children = (
				5EDC159C9EBC113B7A7C4EC5 /* CCButton.h */,
				5EDC1D53F6542180CA7E3B79 /* CCButton.m */,
				5EDC1387FCC4C76423326295 /* CCButtonDelegate.h */,
				5EDC19642CC227294AEF5A7B /* CCSprite+Resize.m */,
				5EDC1E3123A65B3FF7F769B6 /* CCSprite+Resize.h */,
			);
			path = Cocos2dAdditions;
			sourceTree = "<group>";
		};
		5EDC1DF03B02DB438A46CEA1 /* bombBonuses */ = {
			isa = PBXGroup;
			children = (
				5EDC1BF1902D25D42075677C /* bombRed.png */,
				5EDC158ACFD94E521BBA73B2 /* bombBlue.png */,
				5EDC12B51DED4B509C38A15B /* bombGreen.png */,
				5EDC15BF306760308D4FE5EC /* bombOrange.png */,
				5EDC1DE800EE15E6132A5851 /* bombPurple.png */,
				5EDC1C44E35C0167C7CED7A6 /* bombYellow.png */,
			);
			path = bombBonuses;
			sourceTree = "<group>";
		};
		5EDC1E5720165EE2DD806AF0 /* SceneBase */ = {
			isa = PBXGroup;
			children = (
				5EDC1F41B2BB4485A0B8C7AD /* SceneBase.h */,
				5EDC141EB95ABD84B78382A6 /* SceneBase.m */,
			);
			path = SceneBase;
			sourceTree = "<group>";
		};
		5EDC1EABD65FBDCADF4E4C2A /* background */ = {
			isa = PBXGroup;
			children = (
				5EDC1D7044E7162567680CA1 /* fieldImage.png */,
				5EDC1261B0C6EF509F197956 /* backgroundImage.png */,
			);
			path = background;
			sourceTree = "<group>";
		};
		5EDC1FE4E8E1B412635C9D00 /* verticalBonus */ = {
			isa = PBXGroup;
			children = (
				5EDC1C9DB897C23D7963C460 /* redColorV.png */,
				5EDC162925F171A30DA5087F /* redLinesV.png */,
				5EDC1922A2BA9752CEAE3B10 /* blueColorV.png */,
				5EDC1063BC02D6C3B16E3E7A /* blueLinesV.png */,
				5EDC15444A512E969E2B5426 /* greenColorV.png */,
				5EDC1B3C10033DA84A99F18B /* greenLinesV.png */,
				5EDC15EEE665B4C1F94DB71A /* orangeColorV.png */,
				5EDC103EB85D866592EB690C /* orangeLinesV.png */,
				5EDC1B7A63F7F7FBF08A7BDC /* purpleColorV.png */,
				5EDC153A7DC83DA15870E769 /* purpleLinesV.png */,
				5EDC13F1BC845DC067477860 /* YellowColorV.png */,
				5EDC1A75141EF18956B4C872 /* yellowLinesV.png */,
			);
			path = verticalBonus;
			sourceTree = "<group>";
		};
		B068720AFFF43D72E39287F1 /* SceneStart */ = {
			isa = PBXGroup;
			children = (
				B06873C2C44F3563469949AB /* SceneStart.h */,
				B0687FCFFBBEFCD69D640162 /* SceneStart.m */,
			);
			path = SceneStart;
			sourceTree = "<group>";
		};
		CF523AAFA335B2C3BA3340A8 /* Candies */ = {
			isa = PBXGroup;
			children = (
				CF523D2AFC0AB2516B65ED88 /* Candy.m */,
				CF5232EEBB4455E23BF2CFB3 /* Candy.h */,
				CF523F0E1B9A2E1CDE3E02C7 /* ECandyColor.h */,
				CF523E0CE36384CAFB8FEC17 /* CandyBonuses */,
			);
			path = Candies;
			sourceTree = "<group>";
		};
		CF523BC35F5F9C38D4BA7802 /* SceneGame */ = {
			isa = PBXGroup;
			children = (
				CF523BE92D74E5DC9B491258 /* SceneGame.h */,
				CF523AE3387C3F139C5D9289 /* SceneGame.m */,
				5EDC18C0A8AC527F4D68BFF4 /* views */,
			);
			path = SceneGame;
			sourceTree = "<group>";
		};
		CF523CC7881526F5ECC9C72A /* Base */ = {
			isa = PBXGroup;
			children = (
				CF52373F0567BF9170806FEA /* CandyBonus.h */,
				CF523D1293B89B0BDEFB8D9C /* CandyBonus.m */,
			);
			path = Base;
			sourceTree = "<group>";
		};
		CF523E0CE36384CAFB8FEC17 /* CandyBonuses */ = {
			isa = PBXGroup;
			children = (
				CF5233A659E654ACF4B1F573 /* ECandyBonusType.h */,
				CF523CC7881526F5ECC9C72A /* Base */,
				CF52383CF991C94441CA9CB1 /* CandyBonusNothing.m */,
				CF5239832C6F22354E7610AD /* CandyBonusNothing.h */,
				CF5230BD450666FA6825348E /* CandyBonusVerticalLine.m */,
				CF523036A17F906E5ECC63A0 /* CandyBonusVerticalLine.h */,
				CF523509688A98BD6913D362 /* CandyBonusHorizontalLine.m */,
				CF52323BB94C50058EDA5913 /* CandyBonusHorizontalLine.h */,
				CF5238E941BE9972823601D9 /* CandyBonusBomb.m */,
				CF523D09681F0B6DE918134B /* CandyBonusBomb.h */,
				CF523CD9E5E078B3DF1F0A48 /* CandyBonusColorBomb.m */,
				CF523C3107923445449E0EBE /* CandyBonusColorBomb.h */,
				5EDC18270E0FFCA27D7113BE /* BonusDelegate */,
			);
			path = CandyBonuses;
			sourceTree = "<group>";
		};
		CF523EE80095496B5FEC8EC7 /* GameManager */ = {
			isa = PBXGroup;
			children = (
				CF52310AC602610BD9A81A4F /* GameManager.m */,
				CF5235E6EF7BB22BB536524F /* GameManager.h */,
			);
			path = GameManager;
			sourceTree = "<group>";
		};
		DC1BE68414F417CC00F49D25 /* ubuntu-font-family-0.80 */ = {
			isa = PBXGroup;
			children = (
				DC1BE68614F417CC00F49D25 /* copyright.txt */,
				DC1BE68914F417CC00F49D25 /* LICENCE.txt */,
				DC1BE68C14F417CC00F49D25 /* Ubuntu-B.ttf */,
				DC1BE68D14F417CC00F49D25 /* Ubuntu-BI.ttf */,
				DC1BE68E14F417CC00F49D25 /* Ubuntu-C.ttf */,
				DC1BE68F14F417CC00F49D25 /* Ubuntu-L.ttf */,
				DC1BE69014F417CC00F49D25 /* Ubuntu-LI.ttf */,
				DC1BE69114F417CC00F49D25 /* Ubuntu-M.ttf */,
				DC1BE69214F417CC00F49D25 /* Ubuntu-MI.ttf */,
				DC1BE69314F417CC00F49D25 /* Ubuntu-R.ttf */,
				DC1BE69414F417CC00F49D25 /* Ubuntu-RI.ttf */,
				DC1BE69514F417CC00F49D25 /* UbuntuMono-B.ttf */,
				DC1BE69614F417CC00F49D25 /* UbuntuMono-BI.ttf */,
				DC1BE69714F417CC00F49D25 /* UbuntuMono-R.ttf */,
				DC1BE69814F417CC00F49D25 /* UbuntuMono-RI.ttf */,
			);
			path = "ubuntu-font-family-0.80";
			sourceTree = "<group>";
		};
		DCC1A0D613A94EC0005BD75D = {
			isa = PBXGroup;
			children = (
				DCC1A38C13A94F1A005BD75D /* Projectfiles */,
				DCC1A0F713A94ED5005BD75D /* Projectfiles-iOS */,
				DCC1A26413A94EE6005BD75D /* Projectfiles-Mac */,
				DCFA90ED13B4F6A0009DD35A /* BuildSettings */,
				DCC1A0E613A94ED5005BD75D /* Frameworks */,
				DCC1A0E413A94ED5005BD75D /* Products */,
			);
			sourceTree = "<group>";
		};
		DCC1A0E413A94ED5005BD75D /* Products */ = {
			isa = PBXGroup;
			children = (
			);
			name = Products;
			sourceTree = "<group>";
		};
		DCC1A0E613A94ED5005BD75D /* Frameworks */ = {
			isa = PBXGroup;
			children = (
			);
			name = Frameworks;
			sourceTree = "<group>";
		};
		DCC1A0F713A94ED5005BD75D /* Projectfiles-iOS */ = {
			isa = PBXGroup;
			children = (
				DC1BE68414F417CC00F49D25 /* ubuntu-font-family-0.80 */,
				DCC1A0F813A94ED5005BD75D /* Resources */,
			);
			path = "Projectfiles-iOS";
			sourceTree = "<group>";
		};
		DCC1A0F813A94ED5005BD75D /* Resources */ = {
			isa = PBXGroup;
			children = (
				DC2721A9160CAFC700D88944 /* iTunesArtwork */,
				DC2721A1160CAEB600D88944 /* Default-568h@2x.png */,
				DCC1A0F913A94ED5005BD75D /* Default.png */,
				DCC1A0FB13A94ED5005BD75D /* fps_images.png */,
				DC26D6D914B9F2C600B6002E /* fps_images-hd.png */,
				DC65617215114B4A00E59F8A /* fps_images-ipadhd.png */,
				DCC1A0FD13A94ED5005BD75D /* Icon-72.png */,
				DCC1A0FF13A94ED5005BD75D /* Icon-Small-50.png */,
				DCC1A10113A94ED5005BD75D /* Icon-Small.png */,
				DCC1A10313A94ED5005BD75D /* Icon-Small@2x.png */,
				DCC1A10513A94ED5005BD75D /* Icon.png */,
				DCC1A10713A94ED5005BD75D /* Icon@2x.png */,
				DCC1A10913A94ED5005BD75D /* Info.plist */,
			);
			path = Resources;
			sourceTree = "<group>";
		};
		DCC1A26413A94EE6005BD75D /* Projectfiles-Mac */ = {
			isa = PBXGroup;
			children = (
				DCC1A26513A94EE6005BD75D /* Resources */,
			);
			path = "Projectfiles-Mac";
			sourceTree = "<group>";
		};
		DCC1A26513A94EE6005BD75D /* Resources */ = {
			isa = PBXGroup;
			children = (
				DCC1A26D13A94EE6005BD75D /* fps_images.png */,
				DCC1A26F13A94EE6005BD75D /* icon.icns */,
				DCC1A27113A94EE6005BD75D /* Info.plist */,
				DCC1A26613A94EE6005BD75D /* English.lproj */,
			);
			name = Resources;
			sourceTree = "<group>";
		};
		DCC1A26613A94EE6005BD75D /* English.lproj */ = {
			isa = PBXGroup;
			children = (
				DCC1A26713A94EE6005BD75D /* InfoPlist.strings */,
				DCC1A26A13A94EE6005BD75D /* MainMenu.xib */,
			);
			name = English.lproj;
			sourceTree = "<group>";
		};
		DCC1A38C13A94F1A005BD75D /* Projectfiles */ = {
			isa = PBXGroup;
			children = (
				DCC1A38D13A94F1A005BD75D /* AppDelegate.h */,
				DCC1A38E13A94F1A005BD75D /* AppDelegate.m */,
				DCC1A39413A94F1A005BD75D /* Resources */,
				DCC1A3CF13A94F2C005BD75D /* Supporting Files */,
				5EDC143DE388F23915E438F9 /* Scene */,
				5EDC174BE4DCEDC081147FC9 /* System */,
				5EDC14649408AAF7CDA6C230 /* Models */,
				CF52341290129F8397A96DFB /* MyConstants.h */,
				CF523AD066A30695094B65BD /* MyConstants.m */,
				5EDC12F53B3F167DF98B2E3E /* Vendors */,
				5EDC1B9417A1C8AB147515AC /* Controls */,
				5EDC18001983888962D6A852 /* ConstantsStatic.m */,
				5EDC1C06AE70C3B6CC100C6A /* ConstantsStatic.h */,
			);
			path = Projectfiles;
			sourceTree = "<group>";
		};
		DCC1A39413A94F1A005BD75D /* Resources */ = {
			isa = PBXGroup;
			children = (
				DCC1A39513A94F1A005BD75D /* config.lua */,
				5EDC1C83CD247FCBA06A91D1 /* ResourceManager */,
				5EDC1612CC7169F748DF3CEE /* sound */,
				5EDC13B1B859A72D52BA915E /* normalCandies */,
				5EDC1B7BD50AFE19C889433F /* horizontalBonus */,
				5EDC123582A62472B83FF553 /* phrases */,
				5EDC1DF03B02DB438A46CEA1 /* bombBonuses */,
				5EDC18869A82C816AD07B7D3 /* controls */,
				5EDC10CB4C9CCE2AB6FE7178 /* сolorBombs */,
				5EDC1EABD65FBDCADF4E4C2A /* background */,
				5EDC1B8A4938E933BFFE4D32 /* prizes */,
				5EDC1B6ACE1373649032AD12 /* logo.png */,
				5EDC1FE4E8E1B412635C9D00 /* verticalBonus */,
			);
			path = Resources;
			sourceTree = "<group>";
		};
		DCC1A3CF13A94F2C005BD75D /* Supporting Files */ = {
			isa = PBXGroup;
			children = (
				DCC1A39113A94F1A005BD75D /* main.m */,
				DCC1A39213A94F1A005BD75D /* Prefix-iOS.pch */,
				DCC1A39313A94F1A005BD75D /* Prefix-Mac.pch */,
			);
			name = "Supporting Files";
			sourceTree = "<group>";
		};
		DCFA90ED13B4F6A0009DD35A /* BuildSettings */ = {
			isa = PBXGroup;
			children = (
				DCFA90EF13B4F6F7009DD35A /* BuildSettings-Debug-iOS.xcconfig */,
				DCFA90F013B4F811009DD35A /* BuildSettings-Release-iOS.xcconfig */,
				DC3BE97813B4FB71003739CC /* BuildSettings-iOS.xcconfig */,
				DC9C33E713B5024400931BF2 /* BuildSettings-Debug-Mac.xcconfig */,
				DC9C33E913B5024400931BF2 /* BuildSettings-Release-Mac.xcconfig */,
				DC9C33E813B5024400931BF2 /* BuildSettings-Mac.xcconfig */,
			);
			path = BuildSettings;
			sourceTree = "<group>";
		};
/* End PBXGroup section */

/* Begin PBXNativeTarget section */
		DCC1A0E213A94ED5005BD75D /* app1-iOS */ = {
			isa = PBXNativeTarget;
			buildConfigurationList = DCC1A25313A94ED7005BD75D /* Build configuration list for PBXNativeTarget "app1-iOS" */;
			buildPhases = (
				DCC1A0DF13A94ED5005BD75D /* Sources */,
				DCC1A0E013A94ED5005BD75D /* Frameworks */,
				DCC1A0E113A94ED5005BD75D /* Resources */,
			);
			buildRules = (
			);
			dependencies = (
			);
			name = "app1-iOS";
			productName = "Hello-World-iOS";
			productType = "com.apple.product-type.application";
		};
		DCC1A25913A94EE6005BD75D /* app1-Mac */ = {
			isa = PBXNativeTarget;
			buildConfigurationList = DCC1A38913A94EE7005BD75D /* Build configuration list for PBXNativeTarget "app1-Mac" */;
			buildPhases = (
				DCC1A25613A94EE6005BD75D /* Sources */,
				DCC1A25713A94EE6005BD75D /* Frameworks */,
				DCC1A25813A94EE6005BD75D /* Resources */,
			);
			buildRules = (
			);
			dependencies = (
			);
			name = "app1-Mac";
			productName = "Hello-World-Mac";
			productType = "com.apple.product-type.application";
		};
/* End PBXNativeTarget section */

/* Begin PBXProject section */
		DCC1A0D813A94EC0005BD75D /* Project object */ = {
			isa = PBXProject;
			attributes = {
				LastUpgradeCheck = 0420;
			};
			buildConfigurationList = DCC1A0DB13A94EC0005BD75D /* Build configuration list for PBXProject "app1" */;
			compatibilityVersion = "Xcode 3.2";
			developmentRegion = English;
			hasScannedForEncodings = 0;
			knownRegions = (
				en,
				English,
			);
			mainGroup = DCC1A0D613A94EC0005BD75D;
			productRefGroup = DCC1A0E413A94ED5005BD75D /* Products */;
			projectDirPath = "";
			projectRoot = "";
			targets = (
				DCC1A0E213A94ED5005BD75D /* app1-iOS */,
				DCC1A25913A94EE6005BD75D /* app1-Mac */,
			);
		};
/* End PBXProject section */

/* Begin PBXResourcesBuildPhase section */
		DCC1A0E113A94ED5005BD75D /* Resources */ = {
			isa = PBXResourcesBuildPhase;
			buildActionMask = 2147483647;
			files = (
				DCC1A0FA13A94ED5005BD75D /* Default.png in Resources */,
				DCC1A0FC13A94ED5005BD75D /* fps_images.png in Resources */,
				DCC1A0FE13A94ED5005BD75D /* Icon-72.png in Resources */,
				DCC1A10013A94ED5005BD75D /* Icon-Small-50.png in Resources */,
				DCC1A10213A94ED5005BD75D /* Icon-Small.png in Resources */,
				DCC1A10413A94ED5005BD75D /* Icon-Small@2x.png in Resources */,
				DCC1A10613A94ED5005BD75D /* Icon.png in Resources */,
				DCC1A10813A94ED5005BD75D /* Icon@2x.png in Resources */,
				DCC1A3AF13A94F1A005BD75D /* config.lua in Resources */,
				DC1BE6A014F417CC00F49D25 /* Ubuntu-B.ttf in Resources */,
				DC1BE6A114F417CC00F49D25 /* Ubuntu-BI.ttf in Resources */,
				DC1BE6A214F417CC00F49D25 /* Ubuntu-C.ttf in Resources */,
				DC1BE6A314F417CC00F49D25 /* Ubuntu-L.ttf in Resources */,
				DC1BE6A414F417CC00F49D25 /* Ubuntu-LI.ttf in Resources */,
				DC1BE6A514F417CC00F49D25 /* Ubuntu-M.ttf in Resources */,
				DC1BE6A614F417CC00F49D25 /* Ubuntu-MI.ttf in Resources */,
				DC1BE6A714F417CC00F49D25 /* Ubuntu-R.ttf in Resources */,
				DC1BE6A814F417CC00F49D25 /* Ubuntu-RI.ttf in Resources */,
				DC1BE6A914F417CC00F49D25 /* UbuntuMono-B.ttf in Resources */,
				DC1BE6AA14F417CC00F49D25 /* UbuntuMono-BI.ttf in Resources */,
				DC1BE6AB14F417CC00F49D25 /* UbuntuMono-R.ttf in Resources */,
				DC1BE6AC14F417CC00F49D25 /* UbuntuMono-RI.ttf in Resources */,
				DC26D6DA14B9F2C600B6002E /* fps_images-hd.png in Resources */,
				DC65617315114B4A00E59F8A /* fps_images-ipadhd.png in Resources */,
				DC2721A2160CAEB600D88944 /* Default-568h@2x.png in Resources */,
				DC2721AA160CAFC700D88944 /* iTunesArtwork in Resources */,
				5EDC1734C2E92ABCBCE03A73 /* _test.mp3 in Resources */,
				5EDC14E078CA1E36A4BFCFDE /* candyRed.png in Resources */,
				5EDC197EE6EF83CE4B68C4D5 /* candyBlue.png in Resources */,
				5EDC12A4BC26FBDB5BD009FF /* candyGreen.png in Resources */,
				5EDC18AA3A7F459924721598 /* candyOrange.png in Resources */,
				5EDC1CF03766F25D5DC18C37 /* candyPurple.png in Resources */,
				5EDC1D3FC118ED4BC5210A7E /* candyYellow.png in Resources */,
				5EDC11F1A9DE1A93183BC6AC /* redColor.png in Resources */,
				5EDC13FD5349E396D49359DD /* redLines.png in Resources */,
				5EDC15273E34145C0283C094 /* blueColor.png in Resources */,
				5EDC1A43AB99AB68CB67ACD9 /* blueLines.png in Resources */,
				5EDC13EE4F74D606AA6579F4 /* greenColor.png in Resources */,
				5EDC1BE1D4BFAC7119D650F6 /* greenLines.png in Resources */,
				5EDC1F25F49DC7CA8B38465F /* orangeColor.png in Resources */,
				5EDC1A007C899120096611EE /* orangeLines.png in Resources */,
				5EDC1A65E3C020EA5573212B /* purpleColor.png in Resources */,
				5EDC1CE0D6D45D1FA6CC5A24 /* purpleLines.png in Resources */,
				5EDC1D951976B558C87D39BA /* yellowColor.png in Resources */,
				5EDC1FBDFCB3C725809509AC /* YellowLines.png in Resources */,
				5EDC14C5E2C679AED4A40043 /* sweet.png in Resources */,
				5EDC1DF50B917FFCA3A327F7 /* tasty.png in Resources */,
				5EDC1F30FB63AA5C68E42CDA /* divine.png in Resources */,
				5EDC11A0561AF6D6A739CA8E /* delicious.png in Resources */,
				5EDC1609015344D3120D1C9E /* sugarCrush.png in Resources */,
				5EDC175675DAC856AEE70A10 /* bombRed.png in Resources */,
				5EDC16185E22F152A6E26911 /* bombBlue.png in Resources */,
				5EDC1776F9096EFA4B119E03 /* bombGreen.png in Resources */,
				5EDC1B5901044C9843301F60 /* bombOrange.png in Resources */,
				5EDC1262A0A3A1EEC42B3727 /* bombPurple.png in Resources */,
				5EDC172F920F9B2BB0514CA3 /* bombYellow.png in Resources */,
				5EDC1E2BFCB13E16D985A8A7 /* exit.png in Resources */,
				5EDC18358E092BF6837DD333 /* musicOn.png in Resources */,
				5EDC19EC36F964D34084AF91 /* soundOn.png in Resources */,
				5EDC13A4B65EDFE8C551D4EA /* musicOff.png in Resources */,
				5EDC128440DCB11F42CCDB95 /* selector.png in Resources */,
				5EDC1BBF182FFF981F4CFCBA /* soundOff.png in Resources */,
				5EDC1CA506EEA2C0583C037D /* colorBombRed.png in Resources */,
				5EDC1D2FEE5C6F9C1E2D1A9C /* colorBombBlue.png in Resources */,
				5EDC1B6F033BF1B9E7F80181 /* colorBombGreen.png in Resources */,
				5EDC18ADD812FC98F0A3E930 /* colorBombOrange.png in Resources */,
				5EDC163CB7920F99CF48B7CA /* colorBombPurple.png in Resources */,
				5EDC1BB0900369F54B944D00 /* colorBombYellow.png in Resources */,
				5EDC12E61B130D5BA88F02A8 /* fieldImage.png in Resources */,
				5EDC13C8C0EDD91B15EAA170 /* backgroundImage.png in Resources */,
				5EDC1A14BE67DA8D293B99A1 /* prizeOne.png in Resources */,
				5EDC188A349F2D140651E3B8 /* prizeTwo.png in Resources */,
				5EDC1F866BE1E3FCD57A145C /* prizeThree.png in Resources */,
				5EDC1582242C8E5D6ECF744A /* logo.png in Resources */,
				5EDC19686ABD856A77E112B7 /* redColorV.png in Resources */,
				5EDC15A54076CBFC1D059C7A /* redLinesV.png in Resources */,
				5EDC1A13695A0E45C330AE1F /* blueColorV.png in Resources */,
				5EDC1DC19E0924A29C151BF9 /* blueLinesV.png in Resources */,
				5EDC1AD2F084DB3D430F8574 /* greenColorV.png in Resources */,
				5EDC137E90A3D34EF3CFD251 /* greenLinesV.png in Resources */,
				5EDC1BFE41C4020914F1C612 /* orangeColorV.png in Resources */,
				5EDC1E26BF2EE30629698327 /* orangeLinesV.png in Resources */,
				5EDC1BDFF1F8803ED03BF64A /* purpleColorV.png in Resources */,
				5EDC10DDDF58ECD6FE8AE8E0 /* purpleLinesV.png in Resources */,
				5EDC1582C9A562DDE8D6CC00 /* YellowColorV.png in Resources */,
				5EDC175B3A24A456E0D1D69A /* yellowLinesV.png in Resources */,
			);
			runOnlyForDeploymentPostprocessing = 0;
		};
		DCC1A25813A94EE6005BD75D /* Resources */ = {
			isa = PBXResourcesBuildPhase;
			buildActionMask = 2147483647;
			files = (
				DCC1A26913A94EE6005BD75D /* InfoPlist.strings in Resources */,
				DCC1A26C13A94EE6005BD75D /* MainMenu.xib in Resources */,
				DCC1A26E13A94EE6005BD75D /* fps_images.png in Resources */,
				DCC1A27013A94EE6005BD75D /* icon.icns in Resources */,
				DCC1A3B013A94F1A005BD75D /* config.lua in Resources */,
				DC26D6DB14B9F2C600B6002E /* fps_images-hd.png in Resources */,
			);
			runOnlyForDeploymentPostprocessing = 0;
		};
/* End PBXResourcesBuildPhase section */

/* Begin PBXSourcesBuildPhase section */
		DCC1A0DF13A94ED5005BD75D /* Sources */ = {
			isa = PBXSourcesBuildPhase;
			buildActionMask = 2147483647;
			files = (
				DCC1A3A913A94F1A005BD75D /* AppDelegate.m in Sources */,
				DCC1A3AD13A94F1A005BD75D /* main.m in Sources */,
				5EDC116F8B1AFD760582B6BD /* SceneBase.m in Sources */,
				5EDC141AED85AE12B1FB5020 /* SharedDeviceHelper.m in Sources */,
				5EDC14C0839415079AEF73FA /* Game.m in Sources */,
				5EDC116299CA05FBD24AC548 /* SharedProgressManager.m in Sources */,
				5EDC1877C00AE8847C618079 /* SharedHighScoreManager.m in Sources */,
				CF523FDD769C7353E713584E /* MyConstants.m in Sources */,
				CF523571F1A949753BAF07BC /* Candy.m in Sources */,
				CF523142374BA40D17A3A632 /* CandyBonusNothing.m in Sources */,
				CF523E4FFF3CB3FFDC6F15B0 /* CandyBonusVerticalLine.m in Sources */,
				CF523D7F9DE3FEAE77432496 /* CandyBonusHorizontalLine.m in Sources */,
				CF523AAD41BF1AE7CAB498C7 /* CandyBonusBomb.m in Sources */,
				CF523D3115E62603CC6F8192 /* CandyBonusColorBomb.m in Sources */,
				CF52339AD7BD34415AC0DA10 /* GameManager.m in Sources */,
				CF52358C408C4F46B6235472 /* CandyBonus.m in Sources */,
				CF523D54A0C6296A73C73F6D /* SceneGame.m in Sources */,
				5EDC1D0A548703D3EBC62949 /* CCButton.m in Sources */,
				5EDC1B8BF8846568662FFA0A /* ResourceManager.m in Sources */,
				5EDC1D9E6DC73EBB7A2A648F /* ServiceView.m in Sources */,
				5EDC1410B6098BF11ADC5030 /* ConstantsStatic.m in Sources */,
				5EDC112FC1AE3DABD926482B /* DelegateContainer.m in Sources */,
				5EDC153C670C198E3B14D3A8 /* CandyView.m in Sources */,
				5EDC1E8DAB97A4DE96068BF4 /* CCSprite+Resize.m in Sources */,
				B06876A97D2E75FD0EA9C738 /* SceneStart.m in Sources */,
			);
			runOnlyForDeploymentPostprocessing = 0;
		};
		DCC1A25613A94EE6005BD75D /* Sources */ = {
			isa = PBXSourcesBuildPhase;
			buildActionMask = 2147483647;
			files = (
				DCC1A3AA13A94F1A005BD75D /* AppDelegate.m in Sources */,
				DCC1A3AE13A94F1A005BD75D /* main.m in Sources */,
			);
			runOnlyForDeploymentPostprocessing = 0;
		};
/* End PBXSourcesBuildPhase section */

/* Begin PBXVariantGroup section */
		DCC1A26713A94EE6005BD75D /* InfoPlist.strings */ = {
			isa = PBXVariantGroup;
			children = (
				DCC1A26813A94EE6005BD75D /* English */,
			);
			name = InfoPlist.strings;
			sourceTree = "<group>";
		};
		DCC1A26A13A94EE6005BD75D /* MainMenu.xib */ = {
			isa = PBXVariantGroup;
			children = (
				DCC1A26B13A94EE6005BD75D /* English */,
			);
			name = MainMenu.xib;
			sourceTree = "<group>";
		};
/* End PBXVariantGroup section */

/* Begin XCBuildConfiguration section */
		DCC1A0DD13A94EC0005BD75D /* Debug */ = {
			isa = XCBuildConfiguration;
			buildSettings = {
			};
			name = Debug;
		};
		DCC1A0DE13A94EC0005BD75D /* Release */ = {
			isa = XCBuildConfiguration;
			buildSettings = {
			};
			name = Release;
		};
		DCC1A25413A94ED7005BD75D /* Debug */ = {
			isa = XCBuildConfiguration;
			baseConfigurationReference = DCFA90EF13B4F6F7009DD35A /* BuildSettings-Debug-iOS.xcconfig */;
			buildSettings = {
			};
			name = Debug;
		};
		DCC1A25513A94ED7005BD75D /* Release */ = {
			isa = XCBuildConfiguration;
			baseConfigurationReference = DCFA90F013B4F811009DD35A /* BuildSettings-Release-iOS.xcconfig */;
			buildSettings = {
			};
			name = Release;
		};
		DCC1A38A13A94EE7005BD75D /* Debug */ = {
			isa = XCBuildConfiguration;
			baseConfigurationReference = DC9C33E713B5024400931BF2 /* BuildSettings-Debug-Mac.xcconfig */;
			buildSettings = {
				SDKROOT = macosx;
			};
			name = Debug;
		};
		DCC1A38B13A94EE7005BD75D /* Release */ = {
			isa = XCBuildConfiguration;
			baseConfigurationReference = DC9C33E913B5024400931BF2 /* BuildSettings-Release-Mac.xcconfig */;
			buildSettings = {
				SDKROOT = macosx;
			};
			name = Release;
		};
/* End XCBuildConfiguration section */

/* Begin XCConfigurationList section */
		DCC1A0DB13A94EC0005BD75D /* Build configuration list for PBXProject "app1" */ = {
			isa = XCConfigurationList;
			buildConfigurations = (
				DCC1A0DD13A94EC0005BD75D /* Debug */,
				DCC1A0DE13A94EC0005BD75D /* Release */,
			);
			defaultConfigurationIsVisible = 0;
			defaultConfigurationName = Release;
		};
		DCC1A25313A94ED7005BD75D /* Build configuration list for PBXNativeTarget "app1-iOS" */ = {
			isa = XCConfigurationList;
			buildConfigurations = (
				DCC1A25413A94ED7005BD75D /* Debug */,
				DCC1A25513A94ED7005BD75D /* Release */,
			);
			defaultConfigurationIsVisible = 0;
			defaultConfigurationName = Release;
		};
		DCC1A38913A94EE7005BD75D /* Build configuration list for PBXNativeTarget "app1-Mac" */ = {
			isa = XCConfigurationList;
			buildConfigurations = (
				DCC1A38A13A94EE7005BD75D /* Debug */,
				DCC1A38B13A94EE7005BD75D /* Release */,
			);
			defaultConfigurationIsVisible = 0;
			defaultConfigurationName = Release;
		};
/* End XCConfigurationList section */
	};
	rootObject = DCC1A0D813A94EC0005BD75D /* Project object */;
}
